// !$*UTF8*$!
{
	archiveVersion = 1;
	classes = {
	};
	objectVersion = 46;
	objects = {

/* Begin PBXBuildFile section */
		52D32CFEEF63AA37CB17F890 /* Pods_NoteTask.framework in Frameworks */ = {isa = PBXBuildFile; fileRef = 8A940EE0C536659F6F0CDDF7 /* Pods_NoteTask.framework */; };
		B57FDC321E66FD09005FCBD1 /* note.htm in Resources */ = {isa = PBXBuildFile; fileRef = B57FDC311E66FD09005FCBD1 /* note.htm */; };
		B57FFE031E65C55F00EA280B /* DBData.m in Sources */ = {isa = PBXBuildFile; fileRef = B57FFDD31E65C55F00EA280B /* DBData.m */; };
		B57FFE051E65C55F00EA280B /* NSObject+Util.m in Sources */ = {isa = PBXBuildFile; fileRef = B57FFDD81E65C55F00EA280B /* NSObject+Util.m */; };
		B57FFE061E65C55F00EA280B /* NSString+Util.m in Sources */ = {isa = PBXBuildFile; fileRef = B57FFDDA1E65C55F00EA280B /* NSString+Util.m */; };
		B57FFE071E65C55F00EA280B /* NSThread+Util.m in Sources */ = {isa = PBXBuildFile; fileRef = B57FFDDC1E65C55F00EA280B /* NSThread+Util.m */; };
		B57FFE081E65C55F00EA280B /* FrameLayout.m in Sources */ = {isa = PBXBuildFile; fileRef = B57FFDDF1E65C55F00EA280B /* FrameLayout.m */; };
		B57FFE091E65C55F00EA280B /* NSLogn.m in Sources */ = {isa = PBXBuildFile; fileRef = B57FFDE21E65C55F00EA280B /* NSLogn.m */; };
		B57FFE0A1E65C55F00EA280B /* UIpConfig.m in Sources */ = {isa = PBXBuildFile; fileRef = B57FFDE51E65C55F00EA280B /* UIpConfig.m */; };
		B57FFE0B1E65C55F00EA280B /* UIpConfigDB.json in Resources */ = {isa = PBXBuildFile; fileRef = B57FFDE61E65C55F00EA280B /* UIpConfigDB.json */; };
		B57FFE0C1E65C55F00EA280B /* ButtonData.m in Sources */ = {isa = PBXBuildFile; fileRef = B57FFDE91E65C55F00EA280B /* ButtonData.m */; };
		B57FFE0D1E65C55F00EA280B /* PushButton.m in Sources */ = {isa = PBXBuildFile; fileRef = B57FFDEB1E65C55F00EA280B /* PushButton.m */; };
		B57FFE0E1E65C55F00EA280B /* TextButtonLine.m in Sources */ = {isa = PBXBuildFile; fileRef = B57FFDED1E65C55F00EA280B /* TextButtonLine.m */; };
		B57FFE181E65C6F200EA280B /* AppConfig.m in Sources */ = {isa = PBXBuildFile; fileRef = B57FFE161E65C6F200EA280B /* AppConfig.m */; };
		B57FFE191E65C6F200EA280B /* db.json in Resources */ = {isa = PBXBuildFile; fileRef = B57FFE171E65C6F200EA280B /* db.json */; };
		B57FFE241E65C73100EA280B /* ColorSelector.m in Sources */ = {isa = PBXBuildFile; fileRef = B57FFE1B1E65C73100EA280B /* ColorSelector.m */; };
		B57FFE251E65C73100EA280B /* CustomViewController.m in Sources */ = {isa = PBXBuildFile; fileRef = B57FFE1D1E65C73100EA280B /* CustomViewController.m */; };
		B57FFE261E65C73100EA280B /* MenuButton.m in Sources */ = {isa = PBXBuildFile; fileRef = B57FFE1F1E65C73100EA280B /* MenuButton.m */; };
		B57FFE271E65C73100EA280B /* RootViewController.m in Sources */ = {isa = PBXBuildFile; fileRef = B57FFE211E65C73100EA280B /* RootViewController.m */; };
		B57FFE281E65C73100EA280B /* SummaryInRoot.m in Sources */ = {isa = PBXBuildFile; fileRef = B57FFE231E65C73100EA280B /* SummaryInRoot.m */; };
		B57FFE3A1E65C79800EA280B /* NoteCell.m in Sources */ = {isa = PBXBuildFile; fileRef = B57FFE2A1E65C79800EA280B /* NoteCell.m */; };
		B57FFE3B1E65C79800EA280B /* NoteDetailCell.m in Sources */ = {isa = PBXBuildFile; fileRef = B57FFE2C1E65C79800EA280B /* NoteDetailCell.m */; };
		B57FFE3C1E65C79800EA280B /* NoteDetailViewController.m in Sources */ = {isa = PBXBuildFile; fileRef = B57FFE2E1E65C79800EA280B /* NoteDetailViewController.m */; };
		B57FFE3D1E65C79800EA280B /* NoteModel.m in Sources */ = {isa = PBXBuildFile; fileRef = B57FFE301E65C79800EA280B /* NoteModel.m */; };
		B57FFE3E1E65C79800EA280B /* NotePCustmiseViewController.m in Sources */ = {isa = PBXBuildFile; fileRef = B57FFE321E65C79800EA280B /* NotePCustmiseViewController.m */; };
		B57FFE3F1E65C79800EA280B /* NotePropertyView.m in Sources */ = {isa = PBXBuildFile; fileRef = B57FFE341E65C79800EA280B /* NotePropertyView.m */; };
		B57FFE401E65C79800EA280B /* NoteShareViewController.m in Sources */ = {isa = PBXBuildFile; fileRef = B57FFE361E65C79800EA280B /* NoteShareViewController.m */; };
		B57FFE411E65C79800EA280B /* NoteTemplate.htm in Resources */ = {isa = PBXBuildFile; fileRef = B57FFE371E65C79800EA280B /* NoteTemplate.htm */; };
		B57FFE421E65C79800EA280B /* NoteViewController.m in Sources */ = {isa = PBXBuildFile; fileRef = B57FFE391E65C79800EA280B /* NoteViewController.m */; };
		B57FFE481E65C7B700EA280B /* NoteArchiveViewController.m in Sources */ = {isa = PBXBuildFile; fileRef = B57FFE441E65C7B700EA280B /* NoteArchiveViewController.m */; };
		B57FFE491E65C7B700EA280B /* NoteParagraph.m in Sources */ = {isa = PBXBuildFile; fileRef = B57FFE461E65C7B700EA280B /* NoteParagraph.m */; };
		B57FFE4A1E65C7B700EA280B /* NotePreset.json in Resources */ = {isa = PBXBuildFile; fileRef = B57FFE471E65C7B700EA280B /* NotePreset.json */; };
		B57FFE6B1E65C83A00EA280B /* TaskCalendar.m in Sources */ = {isa = PBXBuildFile; fileRef = B57FFE4E1E65C83A00EA280B /* TaskCalendar.m */; };
		B57FFE6C1E65C83A00EA280B /* TaskCell.m in Sources */ = {isa = PBXBuildFile; fileRef = B57FFE501E65C83A00EA280B /* TaskCell.m */; };
		B57FFE6D1E65C83A00EA280B /* TaskDetailViewController.m in Sources */ = {isa = PBXBuildFile; fileRef = B57FFE521E65C83A00EA280B /* TaskDetailViewController.m */; };
		B57FFE6E1E65C83A00EA280B /* TaskEditDurationViewController.m in Sources */ = {isa = PBXBuildFile; fileRef = B57FFE541E65C83A00EA280B /* TaskEditDurationViewController.m */; };
		B57FFE6F1E65C83A00EA280B /* TaskEditSubTaskViewController.m in Sources */ = {isa = PBXBuildFile; fileRef = B57FFE561E65C83A00EA280B /* TaskEditSubTaskViewController.m */; };
		B57FFE701E65C83A00EA280B /* TaskEditTitleViewController.m in Sources */ = {isa = PBXBuildFile; fileRef = B57FFE581E65C83A00EA280B /* TaskEditTitleViewController.m */; };
		B57FFE711E65C83A00EA280B /* TaskEditViewController.m in Sources */ = {isa = PBXBuildFile; fileRef = B57FFE5A1E65C83A00EA280B /* TaskEditViewController.m */; };
		B57FFE721E65C83A00EA280B /* TaskInfoManager.m in Sources */ = {isa = PBXBuildFile; fileRef = B57FFE5C1E65C83A00EA280B /* TaskInfoManager.m */; };
		B57FFE741E65C83A00EA280B /* TaskModel.m in Sources */ = {isa = PBXBuildFile; fileRef = B57FFE601E65C83A00EA280B /* TaskModel.m */; };
		B57FFE751E65C83A00EA280B /* TaskRecord.m in Sources */ = {isa = PBXBuildFile; fileRef = B57FFE621E65C83A00EA280B /* TaskRecord.m */; };
		B57FFE761E65C83A00EA280B /* TaskRecordViewController.m in Sources */ = {isa = PBXBuildFile; fileRef = B57FFE641E65C83A00EA280B /* TaskRecordViewController.m */; };
		B57FFE771E65C83A00EA280B /* TaskTickingViewController.m in Sources */ = {isa = PBXBuildFile; fileRef = B57FFE661E65C83A00EA280B /* TaskTickingViewController.m */; };
		B57FFE791E65C83A00EA280B /* TaskViewController.m in Sources */ = {isa = PBXBuildFile; fileRef = B57FFE6A1E65C83A00EA280B /* TaskViewController.m */; };
		B57FFE821E65C8C400EA280B /* SettingAppDetailViewController.m in Sources */ = {isa = PBXBuildFile; fileRef = B57FFE7B1E65C8C400EA280B /* SettingAppDetailViewController.m */; };
		B57FFE831E65C8C500EA280B /* SettingNoteStyleViewController.m in Sources */ = {isa = PBXBuildFile; fileRef = B57FFE7D1E65C8C400EA280B /* SettingNoteStyleViewController.m */; };
		B57FFE841E65C8C500EA280B /* SettingTaskModeViewController.m in Sources */ = {isa = PBXBuildFile; fileRef = B57FFE7F1E65C8C400EA280B /* SettingTaskModeViewController.m */; };
		B57FFE851E65C8C500EA280B /* SettingViewController.m in Sources */ = {isa = PBXBuildFile; fileRef = B57FFE811E65C8C400EA280B /* SettingViewController.m */; };
		B57FFE871E65C91500EA280B /* Images.xcassets in Resources */ = {isa = PBXBuildFile; fileRef = B57FFE861E65C91500EA280B /* Images.xcassets */; };
		B57FFE8C1E65C96200EA280B /* color.json in Resources */ = {isa = PBXBuildFile; fileRef = B57FFE8A1E65C96200EA280B /* color.json */; };
		B57FFE8D1E65C96200EA280B /* note.json in Resources */ = {isa = PBXBuildFile; fileRef = B57FFE8B1E65C96200EA280B /* note.json */; };
		B57FFE8F1E65C99C00EA280B /* NoteBackground1.png in Resources */ = {isa = PBXBuildFile; fileRef = B57FFE8E1E65C99C00EA280B /* NoteBackground1.png */; };
		B57FFE931E65C9D400EA280B /* LoadingPicture.png in Resources */ = {isa = PBXBuildFile; fileRef = B57FFE901E65C9D400EA280B /* LoadingPicture.png */; };
		B57FFE941E65C9D400EA280B /* PictureCacheError.png in Resources */ = {isa = PBXBuildFile; fileRef = B57FFE911E65C9D400EA280B /* PictureCacheError.png */; };
		B57FFE951E65C9D400EA280B /* PictureDownloadError.png in Resources */ = {isa = PBXBuildFile; fileRef = B57FFE921E65C9D400EA280B /* PictureDownloadError.png */; };
		B57FFE9F1E65CA8F00EA280B /* CLDropDownMenu.m in Sources */ = {isa = PBXBuildFile; fileRef = B57FFE9C1E65CA8F00EA280B /* CLDropDownMenu.m */; };
		B57FFEA01E65CA8F00EA280B /* JSDropDownMenu.m in Sources */ = {isa = PBXBuildFile; fileRef = B57FFE9E1E65CA8F00EA280B /* JSDropDownMenu.m */; };
		B57FFEDA1E65CAF300EA280B /* GCDGroup.m in Sources */ = {isa = PBXBuildFile; fileRef = B57FFEB41E65CAF300EA280B /* GCDGroup.m */; };
		B57FFEDB1E65CAF300EA280B /* GCDQueue.m in Sources */ = {isa = PBXBuildFile; fileRef = B57FFEB61E65CAF300EA280B /* GCDQueue.m */; };
		B57FFEDC1E65CAF300EA280B /* GCDSemaphore.m in Sources */ = {isa = PBXBuildFile; fileRef = B57FFEB81E65CAF300EA280B /* GCDSemaphore.m */; };
		B57FFEDD1E65CAF300EA280B /* GCDTimer.m in Sources */ = {isa = PBXBuildFile; fileRef = B57FFEBA1E65CAF300EA280B /* GCDTimer.m */; };
		B57FFEDF1E65CAF300EA280B /* UIFont+Fonts.m in Sources */ = {isa = PBXBuildFile; fileRef = B57FFEC01E65CAF300EA280B /* UIFont+Fonts.m */; };
		B57FFEE01E65CAF300EA280B /* UIView+AccessViewTag.m in Sources */ = {isa = PBXBuildFile; fileRef = B57FFEC21E65CAF300EA280B /* UIView+AccessViewTag.m */; };
		B57FFEE11E65CAF300EA280B /* UIView+AnimationPracticalMethod.m in Sources */ = {isa = PBXBuildFile; fileRef = B57FFEC41E65CAF300EA280B /* UIView+AnimationPracticalMethod.m */; };
		B57FFEE21E65CAF300EA280B /* UIView+AnimationProperty.m in Sources */ = {isa = PBXBuildFile; fileRef = B57FFEC61E65CAF300EA280B /* UIView+AnimationProperty.m */; };
		B57FFEE31E65CAF300EA280B /* UIView+AnimationsListViewController.m in Sources */ = {isa = PBXBuildFile; fileRef = B57FFEC81E65CAF300EA280B /* UIView+AnimationsListViewController.m */; };
		B57FFEE41E65CAF300EA280B /* UIView+ConvenientMethod.m in Sources */ = {isa = PBXBuildFile; fileRef = B57FFECA1E65CAF300EA280B /* UIView+ConvenientMethod.m */; };
		B57FFEE51E65CAF300EA280B /* UIView+GlowView.m in Sources */ = {isa = PBXBuildFile; fileRef = B57FFECC1E65CAF300EA280B /* UIView+GlowView.m */; };
		B57FFEE61E65CAF300EA280B /* UIView+MotionEffect.m in Sources */ = {isa = PBXBuildFile; fileRef = B57FFECE1E65CAF300EA280B /* UIView+MotionEffect.m */; };
		B57FFEE71E65CAF300EA280B /* UIView+RotateAnimationProtocol.m in Sources */ = {isa = PBXBuildFile; fileRef = B57FFED01E65CAF300EA280B /* UIView+RotateAnimationProtocol.m */; };
		B57FFEE81E65CAF300EA280B /* UIView+SetRect.m in Sources */ = {isa = PBXBuildFile; fileRef = B57FFED21E65CAF300EA280B /* UIView+SetRect.m */; };
		B57FFEE91E65CAF300EA280B /* UIView+Shake.m in Sources */ = {isa = PBXBuildFile; fileRef = B57FFED41E65CAF300EA280B /* UIView+Shake.m */; };
		B57FFEEA1E65CAF300EA280B /* UIView+UserInteraction.m in Sources */ = {isa = PBXBuildFile; fileRef = B57FFED61E65CAF300EA280B /* UIView+UserInteraction.m */; };
		B57FFEEB1E65CAF300EA280B /* RangeValueView.m in Sources */ = {isa = PBXBuildFile; fileRef = B57FFED91E65CAF300EA280B /* RangeValueView.m */; };
		B57FFEEF1E65CB3500EA280B /* LineBackgroundView.m in Sources */ = {isa = PBXBuildFile; fileRef = B57FFEEE1E65CB3500EA280B /* LineBackgroundView.m */; };
		B57FFEF41E65CB7A00EA280B /* YYFPSLabel.m in Sources */ = {isa = PBXBuildFile; fileRef = B57FFEF11E65CB7A00EA280B /* YYFPSLabel.m */; };
		B57FFEF51E65CB7A00EA280B /* YYWeakProxy.m in Sources */ = {isa = PBXBuildFile; fileRef = B57FFEF31E65CB7A00EA280B /* YYWeakProxy.m */; };
		B57FFEF91E65E1E600EA280B /* LaunchScreen.Storyboard in Resources */ = {isa = PBXBuildFile; fileRef = B57FFEF81E65E1E600EA280B /* LaunchScreen.Storyboard */; };
		B5D0014E1E65B8F900D435D8 /* main.m in Sources */ = {isa = PBXBuildFile; fileRef = B5D0014D1E65B8F900D435D8 /* main.m */; };
		B5D001511E65B8F900D435D8 /* AppDelegate.m in Sources */ = {isa = PBXBuildFile; fileRef = B5D001501E65B8F900D435D8 /* AppDelegate.m */; };
/* End PBXBuildFile section */

/* Begin PBXFileReference section */
		5754D83ADDC3F9BC926BBCE6 /* Pods-NoteTask.debug.xcconfig */ = {isa = PBXFileReference; includeInIndex = 1; lastKnownFileType = text.xcconfig; name = "Pods-NoteTask.debug.xcconfig"; path = "Pods/Target Support Files/Pods-NoteTask/Pods-NoteTask.debug.xcconfig"; sourceTree = "<group>"; };
		8A940EE0C536659F6F0CDDF7 /* Pods_NoteTask.framework */ = {isa = PBXFileReference; explicitFileType = wrapper.framework; includeInIndex = 0; path = Pods_NoteTask.framework; sourceTree = BUILT_PRODUCTS_DIR; };
		8DC9CBE05DC8EA27528AF710 /* Pods-NoteTask.release.xcconfig */ = {isa = PBXFileReference; includeInIndex = 1; lastKnownFileType = text.xcconfig; name = "Pods-NoteTask.release.xcconfig"; path = "Pods/Target Support Files/Pods-NoteTask/Pods-NoteTask.release.xcconfig"; sourceTree = "<group>"; };
		B57FDC311E66FD09005FCBD1 /* note.htm */ = {isa = PBXFileReference; fileEncoding = 4; lastKnownFileType = text.html; name = note.htm; path = Source/note.htm; sourceTree = "<group>"; };
		B57FFDD21E65C55F00EA280B /* DBData.h */ = {isa = PBXFileReference; fileEncoding = 4; lastKnownFileType = sourcecode.c.h; path = DBData.h; sourceTree = "<group>"; };
		B57FFDD31E65C55F00EA280B /* DBData.m */ = {isa = PBXFileReference; fileEncoding = 4; lastKnownFileType = sourcecode.c.objc; path = DBData.m; sourceTree = "<group>"; };
		B57FFDD71E65C55F00EA280B /* NSObject+Util.h */ = {isa = PBXFileReference; fileEncoding = 4; lastKnownFileType = sourcecode.c.h; path = "NSObject+Util.h"; sourceTree = "<group>"; };
		B57FFDD81E65C55F00EA280B /* NSObject+Util.m */ = {isa = PBXFileReference; fileEncoding = 4; lastKnownFileType = sourcecode.c.objc; path = "NSObject+Util.m"; sourceTree = "<group>"; };
		B57FFDD91E65C55F00EA280B /* NSString+Util.h */ = {isa = PBXFileReference; fileEncoding = 4; lastKnownFileType = sourcecode.c.h; path = "NSString+Util.h"; sourceTree = "<group>"; };
		B57FFDDA1E65C55F00EA280B /* NSString+Util.m */ = {isa = PBXFileReference; fileEncoding = 4; lastKnownFileType = sourcecode.c.objc; path = "NSString+Util.m"; sourceTree = "<group>"; };
		B57FFDDB1E65C55F00EA280B /* NSThread+Util.h */ = {isa = PBXFileReference; fileEncoding = 4; lastKnownFileType = sourcecode.c.h; path = "NSThread+Util.h"; sourceTree = "<group>"; };
		B57FFDDC1E65C55F00EA280B /* NSThread+Util.m */ = {isa = PBXFileReference; fileEncoding = 4; lastKnownFileType = sourcecode.c.objc; path = "NSThread+Util.m"; sourceTree = "<group>"; };
		B57FFDDE1E65C55F00EA280B /* FrameLayout.h */ = {isa = PBXFileReference; fileEncoding = 4; lastKnownFileType = sourcecode.c.h; path = FrameLayout.h; sourceTree = "<group>"; };
		B57FFDDF1E65C55F00EA280B /* FrameLayout.m */ = {isa = PBXFileReference; fileEncoding = 4; lastKnownFileType = sourcecode.c.objc; path = FrameLayout.m; sourceTree = "<group>"; };
		B57FFDE11E65C55F00EA280B /* NSLogn.h */ = {isa = PBXFileReference; fileEncoding = 4; lastKnownFileType = sourcecode.c.h; path = NSLogn.h; sourceTree = "<group>"; };
		B57FFDE21E65C55F00EA280B /* NSLogn.m */ = {isa = PBXFileReference; fileEncoding = 4; lastKnownFileType = sourcecode.c.objc; path = NSLogn.m; sourceTree = "<group>"; };
		B57FFDE41E65C55F00EA280B /* UIpConfig.h */ = {isa = PBXFileReference; fileEncoding = 4; lastKnownFileType = sourcecode.c.h; path = UIpConfig.h; sourceTree = "<group>"; };
		B57FFDE51E65C55F00EA280B /* UIpConfig.m */ = {isa = PBXFileReference; fileEncoding = 4; lastKnownFileType = sourcecode.c.objc; path = UIpConfig.m; sourceTree = "<group>"; };
		B57FFDE61E65C55F00EA280B /* UIpConfigDB.json */ = {isa = PBXFileReference; fileEncoding = 4; lastKnownFileType = text.json; path = UIpConfigDB.json; sourceTree = "<group>"; };
		B57FFDE81E65C55F00EA280B /* ButtonData.h */ = {isa = PBXFileReference; fileEncoding = 4; lastKnownFileType = sourcecode.c.h; path = ButtonData.h; sourceTree = "<group>"; };
		B57FFDE91E65C55F00EA280B /* ButtonData.m */ = {isa = PBXFileReference; fileEncoding = 4; lastKnownFileType = sourcecode.c.objc; path = ButtonData.m; sourceTree = "<group>"; };
		B57FFDEA1E65C55F00EA280B /* PushButton.h */ = {isa = PBXFileReference; fileEncoding = 4; lastKnownFileType = sourcecode.c.h; path = PushButton.h; sourceTree = "<group>"; };
		B57FFDEB1E65C55F00EA280B /* PushButton.m */ = {isa = PBXFileReference; fileEncoding = 4; lastKnownFileType = sourcecode.c.objc; path = PushButton.m; sourceTree = "<group>"; };
		B57FFDEC1E65C55F00EA280B /* TextButtonLine.h */ = {isa = PBXFileReference; fileEncoding = 4; lastKnownFileType = sourcecode.c.h; path = TextButtonLine.h; sourceTree = "<group>"; };
		B57FFDED1E65C55F00EA280B /* TextButtonLine.m */ = {isa = PBXFileReference; fileEncoding = 4; lastKnownFileType = sourcecode.c.objc; path = TextButtonLine.m; sourceTree = "<group>"; };
		B57FFE151E65C6F200EA280B /* AppConfig.h */ = {isa = PBXFileReference; fileEncoding = 4; lastKnownFileType = sourcecode.c.h; name = AppConfig.h; path = Source/AppConfig.h; sourceTree = "<group>"; };
		B57FFE161E65C6F200EA280B /* AppConfig.m */ = {isa = PBXFileReference; fileEncoding = 4; lastKnownFileType = sourcecode.c.objc; name = AppConfig.m; path = Source/AppConfig.m; sourceTree = "<group>"; };
		B57FFE171E65C6F200EA280B /* db.json */ = {isa = PBXFileReference; fileEncoding = 4; lastKnownFileType = text.json; name = db.json; path = Source/db.json; sourceTree = "<group>"; };
		B57FFE1A1E65C73100EA280B /* ColorSelector.h */ = {isa = PBXFileReference; fileEncoding = 4; lastKnownFileType = sourcecode.c.h; name = ColorSelector.h; path = Source/ColorSelector.h; sourceTree = "<group>"; };
		B57FFE1B1E65C73100EA280B /* ColorSelector.m */ = {isa = PBXFileReference; fileEncoding = 4; lastKnownFileType = sourcecode.c.objc; name = ColorSelector.m; path = Source/ColorSelector.m; sourceTree = "<group>"; };
		B57FFE1C1E65C73100EA280B /* CustomViewController.h */ = {isa = PBXFileReference; fileEncoding = 4; lastKnownFileType = sourcecode.c.h; name = CustomViewController.h; path = Source/CustomViewController.h; sourceTree = "<group>"; };
		B57FFE1D1E65C73100EA280B /* CustomViewController.m */ = {isa = PBXFileReference; fileEncoding = 4; lastKnownFileType = sourcecode.c.objc; name = CustomViewController.m; path = Source/CustomViewController.m; sourceTree = "<group>"; };
		B57FFE1E1E65C73100EA280B /* MenuButton.h */ = {isa = PBXFileReference; fileEncoding = 4; lastKnownFileType = sourcecode.c.h; name = MenuButton.h; path = Source/MenuButton.h; sourceTree = "<group>"; };
		B57FFE1F1E65C73100EA280B /* MenuButton.m */ = {isa = PBXFileReference; fileEncoding = 4; lastKnownFileType = sourcecode.c.objc; name = MenuButton.m; path = Source/MenuButton.m; sourceTree = "<group>"; };
		B57FFE201E65C73100EA280B /* RootViewController.h */ = {isa = PBXFileReference; fileEncoding = 4; lastKnownFileType = sourcecode.c.h; name = RootViewController.h; path = Source/RootViewController.h; sourceTree = "<group>"; };
		B57FFE211E65C73100EA280B /* RootViewController.m */ = {isa = PBXFileReference; fileEncoding = 4; lastKnownFileType = sourcecode.c.objc; name = RootViewController.m; path = Source/RootViewController.m; sourceTree = "<group>"; };
		B57FFE221E65C73100EA280B /* SummaryInRoot.h */ = {isa = PBXFileReference; fileEncoding = 4; lastKnownFileType = sourcecode.c.h; name = SummaryInRoot.h; path = Source/SummaryInRoot.h; sourceTree = "<group>"; };
		B57FFE231E65C73100EA280B /* SummaryInRoot.m */ = {isa = PBXFileReference; fileEncoding = 4; lastKnownFileType = sourcecode.c.objc; name = SummaryInRoot.m; path = Source/SummaryInRoot.m; sourceTree = "<group>"; };
		B57FFE291E65C79800EA280B /* NoteCell.h */ = {isa = PBXFileReference; fileEncoding = 4; lastKnownFileType = sourcecode.c.h; name = NoteCell.h; path = Source/NoteCell.h; sourceTree = "<group>"; };
		B57FFE2A1E65C79800EA280B /* NoteCell.m */ = {isa = PBXFileReference; fileEncoding = 4; lastKnownFileType = sourcecode.c.objc; name = NoteCell.m; path = Source/NoteCell.m; sourceTree = "<group>"; };
		B57FFE2B1E65C79800EA280B /* NoteDetailCell.h */ = {isa = PBXFileReference; fileEncoding = 4; lastKnownFileType = sourcecode.c.h; name = NoteDetailCell.h; path = Source/NoteDetailCell.h; sourceTree = "<group>"; };
		B57FFE2C1E65C79800EA280B /* NoteDetailCell.m */ = {isa = PBXFileReference; fileEncoding = 4; lastKnownFileType = sourcecode.c.objc; name = NoteDetailCell.m; path = Source/NoteDetailCell.m; sourceTree = "<group>"; };
		B57FFE2D1E65C79800EA280B /* NoteDetailViewController.h */ = {isa = PBXFileReference; fileEncoding = 4; lastKnownFileType = sourcecode.c.h; name = NoteDetailViewController.h; path = Source/NoteDetailViewController.h; sourceTree = "<group>"; };
		B57FFE2E1E65C79800EA280B /* NoteDetailViewController.m */ = {isa = PBXFileReference; fileEncoding = 4; lastKnownFileType = sourcecode.c.objc; name = NoteDetailViewController.m; path = Source/NoteDetailViewController.m; sourceTree = "<group>"; };
		B57FFE2F1E65C79800EA280B /* NoteModel.h */ = {isa = PBXFileReference; fileEncoding = 4; lastKnownFileType = sourcecode.c.h; name = NoteModel.h; path = Source/NoteModel.h; sourceTree = "<group>"; };
		B57FFE301E65C79800EA280B /* NoteModel.m */ = {isa = PBXFileReference; fileEncoding = 4; lastKnownFileType = sourcecode.c.objc; name = NoteModel.m; path = Source/NoteModel.m; sourceTree = "<group>"; };
		B57FFE311E65C79800EA280B /* NotePCustmiseViewController.h */ = {isa = PBXFileReference; fileEncoding = 4; lastKnownFileType = sourcecode.c.h; name = NotePCustmiseViewController.h; path = Source/NotePCustmiseViewController.h; sourceTree = "<group>"; };
		B57FFE321E65C79800EA280B /* NotePCustmiseViewController.m */ = {isa = PBXFileReference; fileEncoding = 4; lastKnownFileType = sourcecode.c.objc; name = NotePCustmiseViewController.m; path = Source/NotePCustmiseViewController.m; sourceTree = "<group>"; };
		B57FFE331E65C79800EA280B /* NotePropertyView.h */ = {isa = PBXFileReference; fileEncoding = 4; lastKnownFileType = sourcecode.c.h; name = NotePropertyView.h; path = Source/NotePropertyView.h; sourceTree = "<group>"; };
		B57FFE341E65C79800EA280B /* NotePropertyView.m */ = {isa = PBXFileReference; fileEncoding = 4; lastKnownFileType = sourcecode.c.objc; name = NotePropertyView.m; path = Source/NotePropertyView.m; sourceTree = "<group>"; };
		B57FFE351E65C79800EA280B /* NoteShareViewController.h */ = {isa = PBXFileReference; fileEncoding = 4; lastKnownFileType = sourcecode.c.h; name = NoteShareViewController.h; path = Source/NoteShareViewController.h; sourceTree = "<group>"; };
		B57FFE361E65C79800EA280B /* NoteShareViewController.m */ = {isa = PBXFileReference; fileEncoding = 4; lastKnownFileType = sourcecode.c.objc; name = NoteShareViewController.m; path = Source/NoteShareViewController.m; sourceTree = "<group>"; };
		B57FFE371E65C79800EA280B /* NoteTemplate.htm */ = {isa = PBXFileReference; fileEncoding = 4; lastKnownFileType = text.html; name = NoteTemplate.htm; path = Source/NoteTemplate.htm; sourceTree = "<group>"; };
		B57FFE381E65C79800EA280B /* NoteViewController.h */ = {isa = PBXFileReference; fileEncoding = 4; lastKnownFileType = sourcecode.c.h; name = NoteViewController.h; path = Source/NoteViewController.h; sourceTree = "<group>"; };
		B57FFE391E65C79800EA280B /* NoteViewController.m */ = {isa = PBXFileReference; fileEncoding = 4; lastKnownFileType = sourcecode.c.objc; name = NoteViewController.m; path = Source/NoteViewController.m; sourceTree = "<group>"; };
		B57FFE431E65C7B700EA280B /* NoteArchiveViewController.h */ = {isa = PBXFileReference; fileEncoding = 4; lastKnownFileType = sourcecode.c.h; name = NoteArchiveViewController.h; path = Source/Note/NoteArchiveViewController.h; sourceTree = "<group>"; };
		B57FFE441E65C7B700EA280B /* NoteArchiveViewController.m */ = {isa = PBXFileReference; fileEncoding = 4; lastKnownFileType = sourcecode.c.objc; name = NoteArchiveViewController.m; path = Source/Note/NoteArchiveViewController.m; sourceTree = "<group>"; };
		B57FFE451E65C7B700EA280B /* NoteParagraph.h */ = {isa = PBXFileReference; fileEncoding = 4; lastKnownFileType = sourcecode.c.h; name = NoteParagraph.h; path = Source/Note/NoteParagraph.h; sourceTree = "<group>"; };
		B57FFE461E65C7B700EA280B /* NoteParagraph.m */ = {isa = PBXFileReference; fileEncoding = 4; lastKnownFileType = sourcecode.c.objc; name = NoteParagraph.m; path = Source/Note/NoteParagraph.m; sourceTree = "<group>"; };
		B57FFE471E65C7B700EA280B /* NotePreset.json */ = {isa = PBXFileReference; fileEncoding = 4; lastKnownFileType = text.json; name = NotePreset.json; path = Source/Note/NotePreset.json; sourceTree = "<group>"; };
		B57FFE4D1E65C83A00EA280B /* TaskCalendar.h */ = {isa = PBXFileReference; fileEncoding = 4; lastKnownFileType = sourcecode.c.h; name = TaskCalendar.h; path = Source/Task/TaskCalendar.h; sourceTree = "<group>"; };
		B57FFE4E1E65C83A00EA280B /* TaskCalendar.m */ = {isa = PBXFileReference; fileEncoding = 4; lastKnownFileType = sourcecode.c.objc; name = TaskCalendar.m; path = Source/Task/TaskCalendar.m; sourceTree = "<group>"; };
		B57FFE4F1E65C83A00EA280B /* TaskCell.h */ = {isa = PBXFileReference; fileEncoding = 4; lastKnownFileType = sourcecode.c.h; name = TaskCell.h; path = Source/Task/TaskCell.h; sourceTree = "<group>"; };
		B57FFE501E65C83A00EA280B /* TaskCell.m */ = {isa = PBXFileReference; fileEncoding = 4; lastKnownFileType = sourcecode.c.objc; name = TaskCell.m; path = Source/Task/TaskCell.m; sourceTree = "<group>"; };
		B57FFE511E65C83A00EA280B /* TaskDetailViewController.h */ = {isa = PBXFileReference; fileEncoding = 4; lastKnownFileType = sourcecode.c.h; name = TaskDetailViewController.h; path = Source/Task/TaskDetailViewController.h; sourceTree = "<group>"; };
		B57FFE521E65C83A00EA280B /* TaskDetailViewController.m */ = {isa = PBXFileReference; fileEncoding = 4; lastKnownFileType = sourcecode.c.objc; name = TaskDetailViewController.m; path = Source/Task/TaskDetailViewController.m; sourceTree = "<group>"; };
		B57FFE531E65C83A00EA280B /* TaskEditDurationViewController.h */ = {isa = PBXFileReference; fileEncoding = 4; lastKnownFileType = sourcecode.c.h; name = TaskEditDurationViewController.h; path = Source/Task/TaskEditDurationViewController.h; sourceTree = "<group>"; };
		B57FFE541E65C83A00EA280B /* TaskEditDurationViewController.m */ = {isa = PBXFileReference; fileEncoding = 4; lastKnownFileType = sourcecode.c.objc; name = TaskEditDurationViewController.m; path = Source/Task/TaskEditDurationViewController.m; sourceTree = "<group>"; };
		B57FFE551E65C83A00EA280B /* TaskEditSubTaskViewController.h */ = {isa = PBXFileReference; fileEncoding = 4; lastKnownFileType = sourcecode.c.h; name = TaskEditSubTaskViewController.h; path = Source/Task/TaskEditSubTaskViewController.h; sourceTree = "<group>"; };
		B57FFE561E65C83A00EA280B /* TaskEditSubTaskViewController.m */ = {isa = PBXFileReference; fileEncoding = 4; lastKnownFileType = sourcecode.c.objc; name = TaskEditSubTaskViewController.m; path = Source/Task/TaskEditSubTaskViewController.m; sourceTree = "<group>"; };
		B57FFE571E65C83A00EA280B /* TaskEditTitleViewController.h */ = {isa = PBXFileReference; fileEncoding = 4; lastKnownFileType = sourcecode.c.h; name = TaskEditTitleViewController.h; path = Source/Task/TaskEditTitleViewController.h; sourceTree = "<group>"; };
		B57FFE581E65C83A00EA280B /* TaskEditTitleViewController.m */ = {isa = PBXFileReference; fileEncoding = 4; lastKnownFileType = sourcecode.c.objc; name = TaskEditTitleViewController.m; path = Source/Task/TaskEditTitleViewController.m; sourceTree = "<group>"; };
		B57FFE591E65C83A00EA280B /* TaskEditViewController.h */ = {isa = PBXFileReference; fileEncoding = 4; lastKnownFileType = sourcecode.c.h; name = TaskEditViewController.h; path = Source/Task/TaskEditViewController.h; sourceTree = "<group>"; };
		B57FFE5A1E65C83A00EA280B /* TaskEditViewController.m */ = {isa = PBXFileReference; fileEncoding = 4; lastKnownFileType = sourcecode.c.objc; name = TaskEditViewController.m; path = Source/Task/TaskEditViewController.m; sourceTree = "<group>"; };
		B57FFE5B1E65C83A00EA280B /* TaskInfoManager.h */ = {isa = PBXFileReference; fileEncoding = 4; lastKnownFileType = sourcecode.c.h; name = TaskInfoManager.h; path = Source/Task/TaskInfoManager.h; sourceTree = "<group>"; };
		B57FFE5C1E65C83A00EA280B /* TaskInfoManager.m */ = {isa = PBXFileReference; fileEncoding = 4; lastKnownFileType = sourcecode.c.objc; name = TaskInfoManager.m; path = Source/Task/TaskInfoManager.m; sourceTree = "<group>"; };
		B57FFE5F1E65C83A00EA280B /* TaskModel.h */ = {isa = PBXFileReference; fileEncoding = 4; lastKnownFileType = sourcecode.c.h; name = TaskModel.h; path = Source/Task/TaskModel.h; sourceTree = "<group>"; };
		B57FFE601E65C83A00EA280B /* TaskModel.m */ = {isa = PBXFileReference; fileEncoding = 4; lastKnownFileType = sourcecode.c.objc; name = TaskModel.m; path = Source/Task/TaskModel.m; sourceTree = "<group>"; };
		B57FFE611E65C83A00EA280B /* TaskRecord.h */ = {isa = PBXFileReference; fileEncoding = 4; lastKnownFileType = sourcecode.c.h; name = TaskRecord.h; path = Source/Task/TaskRecord.h; sourceTree = "<group>"; };
		B57FFE621E65C83A00EA280B /* TaskRecord.m */ = {isa = PBXFileReference; fileEncoding = 4; lastKnownFileType = sourcecode.c.objc; name = TaskRecord.m; path = Source/Task/TaskRecord.m; sourceTree = "<group>"; };
		B57FFE631E65C83A00EA280B /* TaskRecordViewController.h */ = {isa = PBXFileReference; fileEncoding = 4; lastKnownFileType = sourcecode.c.h; name = TaskRecordViewController.h; path = Source/Task/TaskRecordViewController.h; sourceTree = "<group>"; };
		B57FFE641E65C83A00EA280B /* TaskRecordViewController.m */ = {isa = PBXFileReference; fileEncoding = 4; lastKnownFileType = sourcecode.c.objc; name = TaskRecordViewController.m; path = Source/Task/TaskRecordViewController.m; sourceTree = "<group>"; };
		B57FFE651E65C83A00EA280B /* TaskTickingViewController.h */ = {isa = PBXFileReference; fileEncoding = 4; lastKnownFileType = sourcecode.c.h; name = TaskTickingViewController.h; path = Source/Task/TaskTickingViewController.h; sourceTree = "<group>"; };
		B57FFE661E65C83A00EA280B /* TaskTickingViewController.m */ = {isa = PBXFileReference; fileEncoding = 4; lastKnownFileType = sourcecode.c.objc; name = TaskTickingViewController.m; path = Source/Task/TaskTickingViewController.m; sourceTree = "<group>"; };
		B57FFE691E65C83A00EA280B /* TaskViewController.h */ = {isa = PBXFileReference; fileEncoding = 4; lastKnownFileType = sourcecode.c.h; name = TaskViewController.h; path = Source/Task/TaskViewController.h; sourceTree = "<group>"; };
		B57FFE6A1E65C83A00EA280B /* TaskViewController.m */ = {isa = PBXFileReference; fileEncoding = 4; lastKnownFileType = sourcecode.c.objc; name = TaskViewController.m; path = Source/Task/TaskViewController.m; sourceTree = "<group>"; };
		B57FFE7A1E65C8C400EA280B /* SettingAppDetailViewController.h */ = {isa = PBXFileReference; fileEncoding = 4; lastKnownFileType = sourcecode.c.h; name = SettingAppDetailViewController.h; path = Source/VSetting/SettingAppDetailViewController.h; sourceTree = "<group>"; };
		B57FFE7B1E65C8C400EA280B /* SettingAppDetailViewController.m */ = {isa = PBXFileReference; fileEncoding = 4; lastKnownFileType = sourcecode.c.objc; name = SettingAppDetailViewController.m; path = Source/VSetting/SettingAppDetailViewController.m; sourceTree = "<group>"; };
		B57FFE7C1E65C8C400EA280B /* SettingNoteStyleViewController.h */ = {isa = PBXFileReference; fileEncoding = 4; lastKnownFileType = sourcecode.c.h; name = SettingNoteStyleViewController.h; path = Source/VSetting/SettingNoteStyleViewController.h; sourceTree = "<group>"; };
		B57FFE7D1E65C8C400EA280B /* SettingNoteStyleViewController.m */ = {isa = PBXFileReference; fileEncoding = 4; lastKnownFileType = sourcecode.c.objc; name = SettingNoteStyleViewController.m; path = Source/VSetting/SettingNoteStyleViewController.m; sourceTree = "<group>"; };
		B57FFE7E1E65C8C400EA280B /* SettingTaskModeViewController.h */ = {isa = PBXFileReference; fileEncoding = 4; lastKnownFileType = sourcecode.c.h; name = SettingTaskModeViewController.h; path = Source/VSetting/SettingTaskModeViewController.h; sourceTree = "<group>"; };
		B57FFE7F1E65C8C400EA280B /* SettingTaskModeViewController.m */ = {isa = PBXFileReference; fileEncoding = 4; lastKnownFileType = sourcecode.c.objc; name = SettingTaskModeViewController.m; path = Source/VSetting/SettingTaskModeViewController.m; sourceTree = "<group>"; };
		B57FFE801E65C8C400EA280B /* SettingViewController.h */ = {isa = PBXFileReference; fileEncoding = 4; lastKnownFileType = sourcecode.c.h; name = SettingViewController.h; path = Source/VSetting/SettingViewController.h; sourceTree = "<group>"; };
		B57FFE811E65C8C400EA280B /* SettingViewController.m */ = {isa = PBXFileReference; fileEncoding = 4; lastKnownFileType = sourcecode.c.objc; name = SettingViewController.m; path = Source/VSetting/SettingViewController.m; sourceTree = "<group>"; };
		B57FFE861E65C91500EA280B /* Images.xcassets */ = {isa = PBXFileReference; lastKnownFileType = folder.assetcatalog; path = Images.xcassets; sourceTree = "<group>"; };
		B57FFE8A1E65C96200EA280B /* color.json */ = {isa = PBXFileReference; fileEncoding = 4; lastKnownFileType = text.json; name = color.json; path = Resources/json/color.json; sourceTree = "<group>"; };
		B57FFE8B1E65C96200EA280B /* note.json */ = {isa = PBXFileReference; fileEncoding = 4; lastKnownFileType = text.json; name = note.json; path = Resources/json/note.json; sourceTree = "<group>"; };
		B57FFE8E1E65C99C00EA280B /* NoteBackground1.png */ = {isa = PBXFileReference; lastKnownFileType = image.png; name = NoteBackground1.png; path = Source/NoteBackground1.png; sourceTree = "<group>"; };
		B57FFE901E65C9D400EA280B /* LoadingPicture.png */ = {isa = PBXFileReference; lastKnownFileType = image.png; name = LoadingPicture.png; path = Resources/Image/Download/LoadingPicture.png; sourceTree = "<group>"; };
		B57FFE911E65C9D400EA280B /* PictureCacheError.png */ = {isa = PBXFileReference; lastKnownFileType = image.png; name = PictureCacheError.png; path = Resources/Image/Download/PictureCacheError.png; sourceTree = "<group>"; };
		B57FFE921E65C9D400EA280B /* PictureDownloadError.png */ = {isa = PBXFileReference; lastKnownFileType = image.png; name = PictureDownloadError.png; path = Resources/Image/Download/PictureDownloadError.png; sourceTree = "<group>"; };
		B57FFE961E65CA1000EA280B /* PrefixHeader.pch */ = {isa = PBXFileReference; fileEncoding = 4; lastKnownFileType = sourcecode.c.h; path = PrefixHeader.pch; sourceTree = "<group>"; };
		B57FFE9B1E65CA8F00EA280B /* CLDropDownMenu.h */ = {isa = PBXFileReference; fileEncoding = 4; lastKnownFileType = sourcecode.c.h; name = CLDropDownMenu.h; path = Vandor/DropDownMenu/CLDropDownMenu.h; sourceTree = "<group>"; };
		B57FFE9C1E65CA8F00EA280B /* CLDropDownMenu.m */ = {isa = PBXFileReference; fileEncoding = 4; lastKnownFileType = sourcecode.c.objc; name = CLDropDownMenu.m; path = Vandor/DropDownMenu/CLDropDownMenu.m; sourceTree = "<group>"; };
		B57FFE9D1E65CA8F00EA280B /* JSDropDownMenu.h */ = {isa = PBXFileReference; fileEncoding = 4; lastKnownFileType = sourcecode.c.h; name = JSDropDownMenu.h; path = Vandor/DropDownMenu/JSDropDownMenu.h; sourceTree = "<group>"; };
		B57FFE9E1E65CA8F00EA280B /* JSDropDownMenu.m */ = {isa = PBXFileReference; fileEncoding = 4; lastKnownFileType = sourcecode.c.objc; name = JSDropDownMenu.m; path = Vandor/DropDownMenu/JSDropDownMenu.m; sourceTree = "<group>"; };
		B57FFEB21E65CAF300EA280B /* GCD.h */ = {isa = PBXFileReference; fileEncoding = 4; lastKnownFileType = sourcecode.c.h; path = GCD.h; sourceTree = "<group>"; };
		B57FFEB31E65CAF300EA280B /* GCDGroup.h */ = {isa = PBXFileReference; fileEncoding = 4; lastKnownFileType = sourcecode.c.h; path = GCDGroup.h; sourceTree = "<group>"; };
		B57FFEB41E65CAF300EA280B /* GCDGroup.m */ = {isa = PBXFileReference; fileEncoding = 4; lastKnownFileType = sourcecode.c.objc; path = GCDGroup.m; sourceTree = "<group>"; };
		B57FFEB51E65CAF300EA280B /* GCDQueue.h */ = {isa = PBXFileReference; fileEncoding = 4; lastKnownFileType = sourcecode.c.h; path = GCDQueue.h; sourceTree = "<group>"; };
		B57FFEB61E65CAF300EA280B /* GCDQueue.m */ = {isa = PBXFileReference; fileEncoding = 4; lastKnownFileType = sourcecode.c.objc; path = GCDQueue.m; sourceTree = "<group>"; };
		B57FFEB71E65CAF300EA280B /* GCDSemaphore.h */ = {isa = PBXFileReference; fileEncoding = 4; lastKnownFileType = sourcecode.c.h; path = GCDSemaphore.h; sourceTree = "<group>"; };
		B57FFEB81E65CAF300EA280B /* GCDSemaphore.m */ = {isa = PBXFileReference; fileEncoding = 4; lastKnownFileType = sourcecode.c.objc; path = GCDSemaphore.m; sourceTree = "<group>"; };
		B57FFEB91E65CAF300EA280B /* GCDTimer.h */ = {isa = PBXFileReference; fileEncoding = 4; lastKnownFileType = sourcecode.c.h; path = GCDTimer.h; sourceTree = "<group>"; };
		B57FFEBA1E65CAF300EA280B /* GCDTimer.m */ = {isa = PBXFileReference; fileEncoding = 4; lastKnownFileType = sourcecode.c.objc; path = GCDTimer.m; sourceTree = "<group>"; };
		B57FFEBF1E65CAF300EA280B /* UIFont+Fonts.h */ = {isa = PBXFileReference; fileEncoding = 4; lastKnownFileType = sourcecode.c.h; path = "UIFont+Fonts.h"; sourceTree = "<group>"; };
		B57FFEC01E65CAF300EA280B /* UIFont+Fonts.m */ = {isa = PBXFileReference; fileEncoding = 4; lastKnownFileType = sourcecode.c.objc; path = "UIFont+Fonts.m"; sourceTree = "<group>"; };
		B57FFEC11E65CAF300EA280B /* UIView+AccessViewTag.h */ = {isa = PBXFileReference; fileEncoding = 4; lastKnownFileType = sourcecode.c.h; path = "UIView+AccessViewTag.h"; sourceTree = "<group>"; };
		B57FFEC21E65CAF300EA280B /* UIView+AccessViewTag.m */ = {isa = PBXFileReference; fileEncoding = 4; lastKnownFileType = sourcecode.c.objc; path = "UIView+AccessViewTag.m"; sourceTree = "<group>"; };
		B57FFEC31E65CAF300EA280B /* UIView+AnimationPracticalMethod.h */ = {isa = PBXFileReference; fileEncoding = 4; lastKnownFileType = sourcecode.c.h; path = "UIView+AnimationPracticalMethod.h"; sourceTree = "<group>"; };
		B57FFEC41E65CAF300EA280B /* UIView+AnimationPracticalMethod.m */ = {isa = PBXFileReference; fileEncoding = 4; lastKnownFileType = sourcecode.c.objc; path = "UIView+AnimationPracticalMethod.m"; sourceTree = "<group>"; };
		B57FFEC51E65CAF300EA280B /* UIView+AnimationProperty.h */ = {isa = PBXFileReference; fileEncoding = 4; lastKnownFileType = sourcecode.c.h; path = "UIView+AnimationProperty.h"; sourceTree = "<group>"; };
		B57FFEC61E65CAF300EA280B /* UIView+AnimationProperty.m */ = {isa = PBXFileReference; fileEncoding = 4; lastKnownFileType = sourcecode.c.objc; path = "UIView+AnimationProperty.m"; sourceTree = "<group>"; };
		B57FFEC71E65CAF300EA280B /* UIView+AnimationsListViewController.h */ = {isa = PBXFileReference; fileEncoding = 4; lastKnownFileType = sourcecode.c.h; path = "UIView+AnimationsListViewController.h"; sourceTree = "<group>"; };
		B57FFEC81E65CAF300EA280B /* UIView+AnimationsListViewController.m */ = {isa = PBXFileReference; fileEncoding = 4; lastKnownFileType = sourcecode.c.objc; path = "UIView+AnimationsListViewController.m"; sourceTree = "<group>"; };
		B57FFEC91E65CAF300EA280B /* UIView+ConvenientMethod.h */ = {isa = PBXFileReference; fileEncoding = 4; lastKnownFileType = sourcecode.c.h; path = "UIView+ConvenientMethod.h"; sourceTree = "<group>"; };
		B57FFECA1E65CAF300EA280B /* UIView+ConvenientMethod.m */ = {isa = PBXFileReference; fileEncoding = 4; lastKnownFileType = sourcecode.c.objc; path = "UIView+ConvenientMethod.m"; sourceTree = "<group>"; };
		B57FFECB1E65CAF300EA280B /* UIView+GlowView.h */ = {isa = PBXFileReference; fileEncoding = 4; lastKnownFileType = sourcecode.c.h; path = "UIView+GlowView.h"; sourceTree = "<group>"; };
		B57FFECC1E65CAF300EA280B /* UIView+GlowView.m */ = {isa = PBXFileReference; fileEncoding = 4; lastKnownFileType = sourcecode.c.objc; path = "UIView+GlowView.m"; sourceTree = "<group>"; };
		B57FFECD1E65CAF300EA280B /* UIView+MotionEffect.h */ = {isa = PBXFileReference; fileEncoding = 4; lastKnownFileType = sourcecode.c.h; path = "UIView+MotionEffect.h"; sourceTree = "<group>"; };
		B57FFECE1E65CAF300EA280B /* UIView+MotionEffect.m */ = {isa = PBXFileReference; fileEncoding = 4; lastKnownFileType = sourcecode.c.objc; path = "UIView+MotionEffect.m"; sourceTree = "<group>"; };
		B57FFECF1E65CAF300EA280B /* UIView+RotateAnimationProtocol.h */ = {isa = PBXFileReference; fileEncoding = 4; lastKnownFileType = sourcecode.c.h; path = "UIView+RotateAnimationProtocol.h"; sourceTree = "<group>"; };
		B57FFED01E65CAF300EA280B /* UIView+RotateAnimationProtocol.m */ = {isa = PBXFileReference; fileEncoding = 4; lastKnownFileType = sourcecode.c.objc; path = "UIView+RotateAnimationProtocol.m"; sourceTree = "<group>"; };
		B57FFED11E65CAF300EA280B /* UIView+SetRect.h */ = {isa = PBXFileReference; fileEncoding = 4; lastKnownFileType = sourcecode.c.h; path = "UIView+SetRect.h"; sourceTree = "<group>"; };
		B57FFED21E65CAF300EA280B /* UIView+SetRect.m */ = {isa = PBXFileReference; fileEncoding = 4; lastKnownFileType = sourcecode.c.objc; path = "UIView+SetRect.m"; sourceTree = "<group>"; };
		B57FFED31E65CAF300EA280B /* UIView+Shake.h */ = {isa = PBXFileReference; fileEncoding = 4; lastKnownFileType = sourcecode.c.h; path = "UIView+Shake.h"; sourceTree = "<group>"; };
		B57FFED41E65CAF300EA280B /* UIView+Shake.m */ = {isa = PBXFileReference; fileEncoding = 4; lastKnownFileType = sourcecode.c.objc; path = "UIView+Shake.m"; sourceTree = "<group>"; };
		B57FFED51E65CAF300EA280B /* UIView+UserInteraction.h */ = {isa = PBXFileReference; fileEncoding = 4; lastKnownFileType = sourcecode.c.h; path = "UIView+UserInteraction.h"; sourceTree = "<group>"; };
		B57FFED61E65CAF300EA280B /* UIView+UserInteraction.m */ = {isa = PBXFileReference; fileEncoding = 4; lastKnownFileType = sourcecode.c.objc; path = "UIView+UserInteraction.m"; sourceTree = "<group>"; };
		B57FFED81E65CAF300EA280B /* RangeValueView.h */ = {isa = PBXFileReference; fileEncoding = 4; lastKnownFileType = sourcecode.c.h; path = RangeValueView.h; sourceTree = "<group>"; };
		B57FFED91E65CAF300EA280B /* RangeValueView.m */ = {isa = PBXFileReference; fileEncoding = 4; lastKnownFileType = sourcecode.c.objc; path = RangeValueView.m; sourceTree = "<group>"; };
		B57FFEEC1E65CB3500EA280B /* AccessViewTagProtocol.h */ = {isa = PBXFileReference; fileEncoding = 4; lastKnownFileType = sourcecode.c.h; path = AccessViewTagProtocol.h; sourceTree = "<group>"; };
		B57FFEED1E65CB3500EA280B /* LineBackgroundView.h */ = {isa = PBXFileReference; fileEncoding = 4; lastKnownFileType = sourcecode.c.h; path = LineBackgroundView.h; sourceTree = "<group>"; };
		B57FFEEE1E65CB3500EA280B /* LineBackgroundView.m */ = {isa = PBXFileReference; fileEncoding = 4; lastKnownFileType = sourcecode.c.objc; path = LineBackgroundView.m; sourceTree = "<group>"; };
		B57FFEF01E65CB7A00EA280B /* YYFPSLabel.h */ = {isa = PBXFileReference; fileEncoding = 4; lastKnownFileType = sourcecode.c.h; name = YYFPSLabel.h; path = Vandor/YYKit/YYFPSLabel.h; sourceTree = "<group>"; };
		B57FFEF11E65CB7A00EA280B /* YYFPSLabel.m */ = {isa = PBXFileReference; fileEncoding = 4; lastKnownFileType = sourcecode.c.objc; name = YYFPSLabel.m; path = Vandor/YYKit/YYFPSLabel.m; sourceTree = "<group>"; };
		B57FFEF21E65CB7A00EA280B /* YYWeakProxy.h */ = {isa = PBXFileReference; fileEncoding = 4; lastKnownFileType = sourcecode.c.h; name = YYWeakProxy.h; path = Vandor/YYKit/YYWeakProxy.h; sourceTree = "<group>"; };
		B57FFEF31E65CB7A00EA280B /* YYWeakProxy.m */ = {isa = PBXFileReference; fileEncoding = 4; lastKnownFileType = sourcecode.c.objc; name = YYWeakProxy.m; path = Vandor/YYKit/YYWeakProxy.m; sourceTree = "<group>"; };
		B57FFEF81E65E1E600EA280B /* LaunchScreen.Storyboard */ = {isa = PBXFileReference; fileEncoding = 4; lastKnownFileType = file.storyboard; name = LaunchScreen.Storyboard; path = Resources/LaunchScreen.Storyboard; sourceTree = "<group>"; };
		B5D001491E65B8F900D435D8 /* NoteTask.app */ = {isa = PBXFileReference; explicitFileType = wrapper.application; includeInIndex = 0; path = NoteTask.app; sourceTree = BUILT_PRODUCTS_DIR; };
		B5D0014D1E65B8F900D435D8 /* main.m */ = {isa = PBXFileReference; lastKnownFileType = sourcecode.c.objc; path = main.m; sourceTree = "<group>"; };
		B5D0014F1E65B8F900D435D8 /* AppDelegate.h */ = {isa = PBXFileReference; lastKnownFileType = sourcecode.c.h; path = AppDelegate.h; sourceTree = "<group>"; };
		B5D001501E65B8F900D435D8 /* AppDelegate.m */ = {isa = PBXFileReference; lastKnownFileType = sourcecode.c.objc; path = AppDelegate.m; sourceTree = "<group>"; };
		B5D0015D1E65B8F900D435D8 /* Info.plist */ = {isa = PBXFileReference; lastKnownFileType = text.plist.xml; path = Info.plist; sourceTree = "<group>"; };
		B5E18C331E88AF0500627F69 /* libsqlite3.tbd */ = {isa = PBXFileReference; lastKnownFileType = "sourcecode.text-based-dylib-definition"; name = libsqlite3.tbd; path = usr/lib/libsqlite3.tbd; sourceTree = SDKROOT; };
		B5E18C351E88AF1B00627F69 /* CoreGraphics.framework */ = {isa = PBXFileReference; lastKnownFileType = wrapper.framework; name = CoreGraphics.framework; path = System/Library/Frameworks/CoreGraphics.framework; sourceTree = SDKROOT; };
/* End PBXFileReference section */

/* Begin PBXFrameworksBuildPhase section */
		B5D001461E65B8F900D435D8 /* Frameworks */ = {
			isa = PBXFrameworksBuildPhase;
			buildActionMask = 2147483647;
			files = (
				52D32CFEEF63AA37CB17F890 /* Pods_NoteTask.framework in Frameworks */,
			);
			runOnlyForDeploymentPostprocessing = 0;
		};
/* End PBXFrameworksBuildPhase section */

/* Begin PBXGroup section */
		227B615034C5C6383C033F53 /* Frameworks */ = {
			isa = PBXGroup;
			children = (
				B5E18C351E88AF1B00627F69 /* CoreGraphics.framework */,
				B5E18C331E88AF0500627F69 /* libsqlite3.tbd */,
				8A940EE0C536659F6F0CDDF7 /* Pods_NoteTask.framework */,
			);
			name = Frameworks;
			sourceTree = "<group>";
		};
		B57FFDA11E65C55E00EA280B /* Reuse1 */ = {
			isa = PBXGroup;
			children = (
				B57FFDA21E65C55E00EA280B /* Copy */,
				B57FFDD11E65C55F00EA280B /* DBData */,
				B57FFDD41E65C55F00EA280B /* Extension */,
				B57FFDDD1E65C55F00EA280B /* FrameLayout */,
				B57FFDE01E65C55F00EA280B /* NSLogn */,
				B57FFDE31E65C55F00EA280B /* UIpConfig */,
				B57FFDE71E65C55F00EA280B /* View */,
			);
			name = Reuse1;
			path = NoteTask/Reuse1;
			sourceTree = "<group>";
		};
		B57FFDA21E65C55E00EA280B /* Copy */ = {
			isa = PBXGroup;
			children = (
			);
			path = Copy;
			sourceTree = "<group>";
		};
		B57FFDD11E65C55F00EA280B /* DBData */ = {
			isa = PBXGroup;
			children = (
				B57FFDD21E65C55F00EA280B /* DBData.h */,
				B57FFDD31E65C55F00EA280B /* DBData.m */,
			);
			path = DBData;
			sourceTree = "<group>";
		};
		B57FFDD41E65C55F00EA280B /* Extension */ = {
			isa = PBXGroup;
			children = (
				B57FFDD71E65C55F00EA280B /* NSObject+Util.h */,
				B57FFDD81E65C55F00EA280B /* NSObject+Util.m */,
				B57FFDD91E65C55F00EA280B /* NSString+Util.h */,
				B57FFDDA1E65C55F00EA280B /* NSString+Util.m */,
				B57FFDDB1E65C55F00EA280B /* NSThread+Util.h */,
				B57FFDDC1E65C55F00EA280B /* NSThread+Util.m */,
			);
			path = Extension;
			sourceTree = "<group>";
		};
		B57FFDDD1E65C55F00EA280B /* FrameLayout */ = {
			isa = PBXGroup;
			children = (
				B57FFDDE1E65C55F00EA280B /* FrameLayout.h */,
				B57FFDDF1E65C55F00EA280B /* FrameLayout.m */,
			);
			path = FrameLayout;
			sourceTree = "<group>";
		};
		B57FFDE01E65C55F00EA280B /* NSLogn */ = {
			isa = PBXGroup;
			children = (
				B57FFDE11E65C55F00EA280B /* NSLogn.h */,
				B57FFDE21E65C55F00EA280B /* NSLogn.m */,
			);
			path = NSLogn;
			sourceTree = "<group>";
		};
		B57FFDE31E65C55F00EA280B /* UIpConfig */ = {
			isa = PBXGroup;
			children = (
				B57FFDE41E65C55F00EA280B /* UIpConfig.h */,
				B57FFDE51E65C55F00EA280B /* UIpConfig.m */,
				B57FFDE61E65C55F00EA280B /* UIpConfigDB.json */,
			);
			path = UIpConfig;
			sourceTree = "<group>";
		};
		B57FFDE71E65C55F00EA280B /* View */ = {
			isa = PBXGroup;
			children = (
				B57FFDE81E65C55F00EA280B /* ButtonData.h */,
				B57FFDE91E65C55F00EA280B /* ButtonData.m */,
				B57FFDEA1E65C55F00EA280B /* PushButton.h */,
				B57FFDEB1E65C55F00EA280B /* PushButton.m */,
				B57FFDEC1E65C55F00EA280B /* TextButtonLine.h */,
				B57FFDED1E65C55F00EA280B /* TextButtonLine.m */,
			);
			path = View;
			sourceTree = "<group>";
		};
		B57FFE0F1E65C5F000EA280B /* Attent */ = {
			isa = PBXGroup;
			children = (
				B57FFE101E65C66200EA280B /* AppConfig */,
				B57FFE111E65C69800EA280B /* Root */,
				B57FFE121E65C6AD00EA280B /* Note */,
				B57FFE131E65C6B600EA280B /* Task */,
				B57FFE141E65C6C000EA280B /* VSetting */,
			);
			name = Attent;
			sourceTree = "<group>";
		};
		B57FFE101E65C66200EA280B /* AppConfig */ = {
			isa = PBXGroup;
			children = (
				B57FFE151E65C6F200EA280B /* AppConfig.h */,
				B57FFE161E65C6F200EA280B /* AppConfig.m */,
				B57FFE171E65C6F200EA280B /* db.json */,
			);
			name = AppConfig;
			sourceTree = "<group>";
		};
		B57FFE111E65C69800EA280B /* Root */ = {
			isa = PBXGroup;
			children = (
				B57FFE201E65C73100EA280B /* RootViewController.h */,
				B57FFE211E65C73100EA280B /* RootViewController.m */,
				B57FFE221E65C73100EA280B /* SummaryInRoot.h */,
				B57FFE231E65C73100EA280B /* SummaryInRoot.m */,
				B57FFE1E1E65C73100EA280B /* MenuButton.h */,
				B57FFE1F1E65C73100EA280B /* MenuButton.m */,
				B57FFE1C1E65C73100EA280B /* CustomViewController.h */,
				B57FFE1D1E65C73100EA280B /* CustomViewController.m */,
				B57FFE1A1E65C73100EA280B /* ColorSelector.h */,
				B57FFE1B1E65C73100EA280B /* ColorSelector.m */,
			);
			name = Root;
			sourceTree = "<group>";
		};
		B57FFE121E65C6AD00EA280B /* Note */ = {
			isa = PBXGroup;
			children = (
				B57FFE381E65C79800EA280B /* NoteViewController.h */,
				B57FFE391E65C79800EA280B /* NoteViewController.m */,
				B57FFE431E65C7B700EA280B /* NoteArchiveViewController.h */,
				B57FFE441E65C7B700EA280B /* NoteArchiveViewController.m */,
				B57FFE2D1E65C79800EA280B /* NoteDetailViewController.h */,
				B57FFE2E1E65C79800EA280B /* NoteDetailViewController.m */,
				B57FFE351E65C79800EA280B /* NoteShareViewController.h */,
				B57FFE361E65C79800EA280B /* NoteShareViewController.m */,
				B57FFE311E65C79800EA280B /* NotePCustmiseViewController.h */,
				B57FFE321E65C79800EA280B /* NotePCustmiseViewController.m */,
				B57FFE331E65C79800EA280B /* NotePropertyView.h */,
				B57FFE341E65C79800EA280B /* NotePropertyView.m */,
				B57FFE2F1E65C79800EA280B /* NoteModel.h */,
				B57FFE301E65C79800EA280B /* NoteModel.m */,
				B57FFE451E65C7B700EA280B /* NoteParagraph.h */,
				B57FFE461E65C7B700EA280B /* NoteParagraph.m */,
				B57FFE291E65C79800EA280B /* NoteCell.h */,
				B57FFE2A1E65C79800EA280B /* NoteCell.m */,
				B57FFE2B1E65C79800EA280B /* NoteDetailCell.h */,
				B57FFE2C1E65C79800EA280B /* NoteDetailCell.m */,
				B57FDC311E66FD09005FCBD1 /* note.htm */,
				B57FFE371E65C79800EA280B /* NoteTemplate.htm */,
				B57FFE471E65C7B700EA280B /* NotePreset.json */,
			);
			name = Note;
			sourceTree = "<group>";
		};
		B57FFE131E65C6B600EA280B /* Task */ = {
			isa = PBXGroup;
			children = (
				B57FFE691E65C83A00EA280B /* TaskViewController.h */,
				B57FFE6A1E65C83A00EA280B /* TaskViewController.m */,
				B57FFE511E65C83A00EA280B /* TaskDetailViewController.h */,
				B57FFE521E65C83A00EA280B /* TaskDetailViewController.m */,
				B57FFE591E65C83A00EA280B /* TaskEditViewController.h */,
				B57FFE5A1E65C83A00EA280B /* TaskEditViewController.m */,
				B57FFE651E65C83A00EA280B /* TaskTickingViewController.h */,
				B57FFE661E65C83A00EA280B /* TaskTickingViewController.m */,
				B57FFE571E65C83A00EA280B /* TaskEditTitleViewController.h */,
				B57FFE581E65C83A00EA280B /* TaskEditTitleViewController.m */,
				B57FFE531E65C83A00EA280B /* TaskEditDurationViewController.h */,
				B57FFE541E65C83A00EA280B /* TaskEditDurationViewController.m */,
				B57FFE551E65C83A00EA280B /* TaskEditSubTaskViewController.h */,
				B57FFE561E65C83A00EA280B /* TaskEditSubTaskViewController.m */,
				B57FFE631E65C83A00EA280B /* TaskRecordViewController.h */,
				B57FFE641E65C83A00EA280B /* TaskRecordViewController.m */,
				B57FFE5F1E65C83A00EA280B /* TaskModel.h */,
				B57FFE601E65C83A00EA280B /* TaskModel.m */,
				B57FFE611E65C83A00EA280B /* TaskRecord.h */,
				B57FFE621E65C83A00EA280B /* TaskRecord.m */,
				B57FFE5B1E65C83A00EA280B /* TaskInfoManager.h */,
				B57FFE5C1E65C83A00EA280B /* TaskInfoManager.m */,
				B57FFE4F1E65C83A00EA280B /* TaskCell.h */,
				B57FFE501E65C83A00EA280B /* TaskCell.m */,
				B57FFE4D1E65C83A00EA280B /* TaskCalendar.h */,
				B57FFE4E1E65C83A00EA280B /* TaskCalendar.m */,
			);
			name = Task;
			sourceTree = "<group>";
		};
		B57FFE141E65C6C000EA280B /* VSetting */ = {
			isa = PBXGroup;
			children = (
				B57FFE801E65C8C400EA280B /* SettingViewController.h */,
				B57FFE811E65C8C400EA280B /* SettingViewController.m */,
				B57FFE7C1E65C8C400EA280B /* SettingNoteStyleViewController.h */,
				B57FFE7D1E65C8C400EA280B /* SettingNoteStyleViewController.m */,
				B57FFE7E1E65C8C400EA280B /* SettingTaskModeViewController.h */,
				B57FFE7F1E65C8C400EA280B /* SettingTaskModeViewController.m */,
				B57FFE7A1E65C8C400EA280B /* SettingAppDetailViewController.h */,
				B57FFE7B1E65C8C400EA280B /* SettingAppDetailViewController.m */,
			);
			name = VSetting;
			sourceTree = "<group>";
		};
		B57FFE881E65C91C00EA280B /* Resources */ = {
			isa = PBXGroup;
			children = (
				B57FFE891E65C93D00EA280B /* json */,
				B57FFEF81E65E1E600EA280B /* LaunchScreen.Storyboard */,
				B57FFE8E1E65C99C00EA280B /* NoteBackground1.png */,
				B57FFE901E65C9D400EA280B /* LoadingPicture.png */,
				B57FFE911E65C9D400EA280B /* PictureCacheError.png */,
				B57FFE921E65C9D400EA280B /* PictureDownloadError.png */,
			);
			name = Resources;
			sourceTree = "<group>";
		};
		B57FFE891E65C93D00EA280B /* json */ = {
			isa = PBXGroup;
			children = (
				B57FFE8A1E65C96200EA280B /* color.json */,
				B57FFE8B1E65C96200EA280B /* note.json */,
			);
			name = json;
			sourceTree = "<group>";
		};
		B57FFE971E65CA2900EA280B /* Vandor */ = {
			isa = PBXGroup;
			children = (
				B57FFE9A1E65CA6000EA280B /* DropDownMenu */,
				B57FFE991E65CA5D00EA280B /* YouXianMing-Animations */,
				B57FFE981E65CA5900EA280B /* YYKit */,
			);
			name = Vandor;
			sourceTree = "<group>";
		};
		B57FFE981E65CA5900EA280B /* YYKit */ = {
			isa = PBXGroup;
			children = (
				B57FFEF01E65CB7A00EA280B /* YYFPSLabel.h */,
				B57FFEF11E65CB7A00EA280B /* YYFPSLabel.m */,
				B57FFEF21E65CB7A00EA280B /* YYWeakProxy.h */,
				B57FFEF31E65CB7A00EA280B /* YYWeakProxy.m */,
			);
			name = YYKit;
			sourceTree = "<group>";
		};
		B57FFE991E65CA5D00EA280B /* YouXianMing-Animations */ = {
			isa = PBXGroup;
			children = (
				B57FFEB11E65CAF300EA280B /* GCD */,
				B57FFEBB1E65CAF300EA280B /* UI-Component */,
				B57FFED71E65CAF300EA280B /* View */,
			);
			name = "YouXianMing-Animations";
			sourceTree = "<group>";
		};
		B57FFE9A1E65CA6000EA280B /* DropDownMenu */ = {
			isa = PBXGroup;
			children = (
				B57FFE9B1E65CA8F00EA280B /* CLDropDownMenu.h */,
				B57FFE9C1E65CA8F00EA280B /* CLDropDownMenu.m */,
				B57FFE9D1E65CA8F00EA280B /* JSDropDownMenu.h */,
				B57FFE9E1E65CA8F00EA280B /* JSDropDownMenu.m */,
			);
			name = DropDownMenu;
			sourceTree = "<group>";
		};
		B57FFEB11E65CAF300EA280B /* GCD */ = {
			isa = PBXGroup;
			children = (
				B57FFEB21E65CAF300EA280B /* GCD.h */,
				B57FFEB31E65CAF300EA280B /* GCDGroup.h */,
				B57FFEB41E65CAF300EA280B /* GCDGroup.m */,
				B57FFEB51E65CAF300EA280B /* GCDQueue.h */,
				B57FFEB61E65CAF300EA280B /* GCDQueue.m */,
				B57FFEB71E65CAF300EA280B /* GCDSemaphore.h */,
				B57FFEB81E65CAF300EA280B /* GCDSemaphore.m */,
				B57FFEB91E65CAF300EA280B /* GCDTimer.h */,
				B57FFEBA1E65CAF300EA280B /* GCDTimer.m */,
			);
			name = GCD;
			path = "Vandor/YouXianMing-Animations/GCD";
			sourceTree = "<group>";
		};
		B57FFEBB1E65CAF300EA280B /* UI-Component */ = {
			isa = PBXGroup;
			children = (
				B57FFEBF1E65CAF300EA280B /* UIFont+Fonts.h */,
				B57FFEC01E65CAF300EA280B /* UIFont+Fonts.m */,
				B57FFEEC1E65CB3500EA280B /* AccessViewTagProtocol.h */,
				B57FFEC11E65CAF300EA280B /* UIView+AccessViewTag.h */,
				B57FFEC21E65CAF300EA280B /* UIView+AccessViewTag.m */,
				B57FFEC31E65CAF300EA280B /* UIView+AnimationPracticalMethod.h */,
				B57FFEC41E65CAF300EA280B /* UIView+AnimationPracticalMethod.m */,
				B57FFEC51E65CAF300EA280B /* UIView+AnimationProperty.h */,
				B57FFEC61E65CAF300EA280B /* UIView+AnimationProperty.m */,
				B57FFEC71E65CAF300EA280B /* UIView+AnimationsListViewController.h */,
				B57FFEC81E65CAF300EA280B /* UIView+AnimationsListViewController.m */,
				B57FFEC91E65CAF300EA280B /* UIView+ConvenientMethod.h */,
				B57FFECA1E65CAF300EA280B /* UIView+ConvenientMethod.m */,
				B57FFECB1E65CAF300EA280B /* UIView+GlowView.h */,
				B57FFECC1E65CAF300EA280B /* UIView+GlowView.m */,
				B57FFECD1E65CAF300EA280B /* UIView+MotionEffect.h */,
				B57FFECE1E65CAF300EA280B /* UIView+MotionEffect.m */,
				B57FFECF1E65CAF300EA280B /* UIView+RotateAnimationProtocol.h */,
				B57FFED01E65CAF300EA280B /* UIView+RotateAnimationProtocol.m */,
				B57FFED11E65CAF300EA280B /* UIView+SetRect.h */,
				B57FFED21E65CAF300EA280B /* UIView+SetRect.m */,
				B57FFED31E65CAF300EA280B /* UIView+Shake.h */,
				B57FFED41E65CAF300EA280B /* UIView+Shake.m */,
				B57FFED51E65CAF300EA280B /* UIView+UserInteraction.h */,
				B57FFED61E65CAF300EA280B /* UIView+UserInteraction.m */,
				B57FFEED1E65CB3500EA280B /* LineBackgroundView.h */,
				B57FFEEE1E65CB3500EA280B /* LineBackgroundView.m */,
			);
			name = "UI-Component";
			path = "Vandor/YouXianMing-Animations/UI-Component";
			sourceTree = "<group>";
		};
		B57FFED71E65CAF300EA280B /* View */ = {
			isa = PBXGroup;
			children = (
				B57FFED81E65CAF300EA280B /* RangeValueView.h */,
				B57FFED91E65CAF300EA280B /* RangeValueView.m */,
			);
			name = View;
			path = "Vandor/YouXianMing-Animations/View";
			sourceTree = "<group>";
		};
		B5D001401E65B8F900D435D8 = {
			isa = PBXGroup;
			children = (
				B57FFDA11E65C55E00EA280B /* Reuse1 */,
				B5D0014B1E65B8F900D435D8 /* NoteTask */,
				B5D0014A1E65B8F900D435D8 /* Products */,
				D87A4FEECCB6C1DDC550CBA5 /* Pods */,
				227B615034C5C6383C033F53 /* Frameworks */,
			);
			sourceTree = "<group>";
		};
		B5D0014A1E65B8F900D435D8 /* Products */ = {
			isa = PBXGroup;
			children = (
				B5D001491E65B8F900D435D8 /* NoteTask.app */,
			);
			name = Products;
			sourceTree = "<group>";
		};
		B5D0014B1E65B8F900D435D8 /* NoteTask */ = {
			isa = PBXGroup;
			children = (
				B57FFE0F1E65C5F000EA280B /* Attent */,
				B5D0014C1E65B8F900D435D8 /* Supporting Files */,
				B57FFE971E65CA2900EA280B /* Vandor */,
			);
			path = NoteTask;
			sourceTree = "<group>";
		};
		B5D0014C1E65B8F900D435D8 /* Supporting Files */ = {
			isa = PBXGroup;
			children = (
				B5D0014F1E65B8F900D435D8 /* AppDelegate.h */,
				B5D001501E65B8F900D435D8 /* AppDelegate.m */,
				B57FFE861E65C91500EA280B /* Images.xcassets */,
				B57FFE881E65C91C00EA280B /* Resources */,
				B5D0015D1E65B8F900D435D8 /* Info.plist */,
				B57FFE961E65CA1000EA280B /* PrefixHeader.pch */,
				B5D0014D1E65B8F900D435D8 /* main.m */,
			);
			name = "Supporting Files";
			sourceTree = "<group>";
		};
		D87A4FEECCB6C1DDC550CBA5 /* Pods */ = {
			isa = PBXGroup;
			children = (
				5754D83ADDC3F9BC926BBCE6 /* Pods-NoteTask.debug.xcconfig */,
				8DC9CBE05DC8EA27528AF710 /* Pods-NoteTask.release.xcconfig */,
			);
			name = Pods;
			sourceTree = "<group>";
		};
/* End PBXGroup section */

/* Begin PBXNativeTarget section */
		B5D001481E65B8F900D435D8 /* NoteTask */ = {
			isa = PBXNativeTarget;
			buildConfigurationList = B5D001601E65B8F900D435D8 /* Build configuration list for PBXNativeTarget "NoteTask" */;
			buildPhases = (
				A712E1A4220F43260825B930 /* [CP] Check Pods Manifest.lock */,
				B5D001451E65B8F900D435D8 /* Sources */,
				B5D001461E65B8F900D435D8 /* Frameworks */,
				B5D001471E65B8F900D435D8 /* Resources */,
				93545686914D1D5F06131112 /* [CP] Embed Pods Frameworks */,
				0FB2F26369390D30381B916D /* [CP] Copy Pods Resources */,
			);
			buildRules = (
			);
			dependencies = (
			);
			name = NoteTask;
			productName = NoteTask;
			productReference = B5D001491E65B8F900D435D8 /* NoteTask.app */;
			productType = "com.apple.product-type.application";
		};
/* End PBXNativeTarget section */

/* Begin PBXProject section */
		B5D001411E65B8F900D435D8 /* Project object */ = {
			isa = PBXProject;
			attributes = {
				LastUpgradeCheck = 0720;
				ORGANIZATIONNAME = Ben;
				TargetAttributes = {
					B5D001481E65B8F900D435D8 = {
						CreatedOnToolsVersion = 7.2.1;
						DevelopmentTeam = 8R4QSLT73X;
					};
				};
			};
			buildConfigurationList = B5D001441E65B8F900D435D8 /* Build configuration list for PBXProject "NoteTask" */;
			compatibilityVersion = "Xcode 3.2";
			developmentRegion = English;
			hasScannedForEncodings = 0;
			knownRegions = (
				en,
				Base,
			);
			mainGroup = B5D001401E65B8F900D435D8;
			productRefGroup = B5D0014A1E65B8F900D435D8 /* Products */;
			projectDirPath = "";
			projectRoot = "";
			targets = (
				B5D001481E65B8F900D435D8 /* NoteTask */,
			);
		};
/* End PBXProject section */

/* Begin PBXResourcesBuildPhase section */
		B5D001471E65B8F900D435D8 /* Resources */ = {
			isa = PBXResourcesBuildPhase;
			buildActionMask = 2147483647;
			files = (
				B57FFE871E65C91500EA280B /* Images.xcassets in Resources */,
				B57FFE8F1E65C99C00EA280B /* NoteBackground1.png in Resources */,
				B57FFE931E65C9D400EA280B /* LoadingPicture.png in Resources */,
				B57FFE411E65C79800EA280B /* NoteTemplate.htm in Resources */,
				B57FFE8D1E65C96200EA280B /* note.json in Resources */,
				B57FDC321E66FD09005FCBD1 /* note.htm in Resources */,
				B57FFE951E65C9D400EA280B /* PictureDownloadError.png in Resources */,
				B57FFE4A1E65C7B700EA280B /* NotePreset.json in Resources */,
				B57FFEF91E65E1E600EA280B /* LaunchScreen.Storyboard in Resources */,
				B57FFE8C1E65C96200EA280B /* color.json in Resources */,
				B57FFE0B1E65C55F00EA280B /* UIpConfigDB.json in Resources */,
				B57FFE941E65C9D400EA280B /* PictureCacheError.png in Resources */,
				B57FFE191E65C6F200EA280B /* db.json in Resources */,
			);
			runOnlyForDeploymentPostprocessing = 0;
		};
/* End PBXResourcesBuildPhase section */

/* Begin PBXShellScriptBuildPhase section */
		0FB2F26369390D30381B916D /* [CP] Copy Pods Resources */ = {
			isa = PBXShellScriptBuildPhase;
			buildActionMask = 2147483647;
			files = (
			);
			inputPaths = (
			);
			name = "[CP] Copy Pods Resources";
			outputPaths = (
			);
			runOnlyForDeploymentPostprocessing = 0;
			shellPath = /bin/sh;
			shellScript = "\"${SRCROOT}/Pods/Target Support Files/Pods-NoteTask/Pods-NoteTask-resources.sh\"\n";
			showEnvVarsInLog = 0;
		};
		93545686914D1D5F06131112 /* [CP] Embed Pods Frameworks */ = {
			isa = PBXShellScriptBuildPhase;
			buildActionMask = 2147483647;
			files = (
			);
			inputPaths = (
			);
			name = "[CP] Embed Pods Frameworks";
			outputPaths = (
			);
			runOnlyForDeploymentPostprocessing = 0;
			shellPath = /bin/sh;
			shellScript = "\"${SRCROOT}/Pods/Target Support Files/Pods-NoteTask/Pods-NoteTask-frameworks.sh\"\n";
			showEnvVarsInLog = 0;
		};
		A712E1A4220F43260825B930 /* [CP] Check Pods Manifest.lock */ = {
			isa = PBXShellScriptBuildPhase;
			buildActionMask = 2147483647;
			files = (
			);
			inputPaths = (
			);
			name = "[CP] Check Pods Manifest.lock";
			outputPaths = (
			);
			runOnlyForDeploymentPostprocessing = 0;
			shellPath = /bin/sh;
			shellScript = "diff \"${PODS_PODFILE_DIR_PATH}/Podfile.lock\" \"${PODS_ROOT}/Manifest.lock\" > /dev/null\nif [ $? != 0 ] ; then\n    # print error to STDERR\n    echo \"error: The sandbox is not in sync with the Podfile.lock. Run 'pod install' or update your CocoaPods installation.\" >&2\n    exit 1\nfi\n";
			showEnvVarsInLog = 0;
		};
/* End PBXShellScriptBuildPhase section */

/* Begin PBXSourcesBuildPhase section */
		B5D001451E65B8F900D435D8 /* Sources */ = {
			isa = PBXSourcesBuildPhase;
			buildActionMask = 2147483647;
			files = (
				B57FFEEF1E65CB3500EA280B /* LineBackgroundView.m in Sources */,
				B57FFE491E65C7B700EA280B /* NoteParagraph.m in Sources */,
				B57FFE3F1E65C79800EA280B /* NotePropertyView.m in Sources */,
				B57FFE3D1E65C79800EA280B /* NoteModel.m in Sources */,
				B57FFEE21E65CAF300EA280B /* UIView+AnimationProperty.m in Sources */,
				B57FFE741E65C83A00EA280B /* TaskModel.m in Sources */,
				B57FFE3E1E65C79800EA280B /* NotePCustmiseViewController.m in Sources */,
				B57FFE3A1E65C79800EA280B /* NoteCell.m in Sources */,
				B57FFEE91E65CAF300EA280B /* UIView+Shake.m in Sources */,
				B57FFE281E65C73100EA280B /* SummaryInRoot.m in Sources */,
				B57FFE0E1E65C55F00EA280B /* TextButtonLine.m in Sources */,
				B57FFE6C1E65C83A00EA280B /* TaskCell.m in Sources */,
				B57FFEE81E65CAF300EA280B /* UIView+SetRect.m in Sources */,
				B57FFEE31E65CAF300EA280B /* UIView+AnimationsListViewController.m in Sources */,
				B57FFE711E65C83A00EA280B /* TaskEditViewController.m in Sources */,
				B57FFE061E65C55F00EA280B /* NSString+Util.m in Sources */,
				B57FFEDD1E65CAF300EA280B /* GCDTimer.m in Sources */,
				B57FFE771E65C83A00EA280B /* TaskTickingViewController.m in Sources */,
				B57FFEE71E65CAF300EA280B /* UIView+RotateAnimationProtocol.m in Sources */,
				B57FFE401E65C79800EA280B /* NoteShareViewController.m in Sources */,
				B57FFE3B1E65C79800EA280B /* NoteDetailCell.m in Sources */,
				B57FFE851E65C8C500EA280B /* SettingViewController.m in Sources */,
				B57FFE481E65C7B700EA280B /* NoteArchiveViewController.m in Sources */,
				B57FFE261E65C73100EA280B /* MenuButton.m in Sources */,
				B57FFE721E65C83A00EA280B /* TaskInfoManager.m in Sources */,
				B57FFEEA1E65CAF300EA280B /* UIView+UserInteraction.m in Sources */,
				B57FFE0A1E65C55F00EA280B /* UIpConfig.m in Sources */,
				B57FFE9F1E65CA8F00EA280B /* CLDropDownMenu.m in Sources */,
				B57FFEE51E65CAF300EA280B /* UIView+GlowView.m in Sources */,
				B57FFEE41E65CAF300EA280B /* UIView+ConvenientMethod.m in Sources */,
				B57FFE071E65C55F00EA280B /* NSThread+Util.m in Sources */,
				B57FFE081E65C55F00EA280B /* FrameLayout.m in Sources */,
				B57FFE6B1E65C83A00EA280B /* TaskCalendar.m in Sources */,
				B57FFEDC1E65CAF300EA280B /* GCDSemaphore.m in Sources */,
				B57FFE761E65C83A00EA280B /* TaskRecordViewController.m in Sources */,
				B57FFEDF1E65CAF300EA280B /* UIFont+Fonts.m in Sources */,
				B57FFE181E65C6F200EA280B /* AppConfig.m in Sources */,
				B57FFE6E1E65C83A00EA280B /* TaskEditDurationViewController.m in Sources */,
				B57FFE821E65C8C400EA280B /* SettingAppDetailViewController.m in Sources */,
				B57FFE091E65C55F00EA280B /* NSLogn.m in Sources */,
				B57FFE841E65C8C500EA280B /* SettingTaskModeViewController.m in Sources */,
				B57FFE251E65C73100EA280B /* CustomViewController.m in Sources */,
				B57FFEDB1E65CAF300EA280B /* GCDQueue.m in Sources */,
				B57FFEF41E65CB7A00EA280B /* YYFPSLabel.m in Sources */,
				B57FFE0D1E65C55F00EA280B /* PushButton.m in Sources */,
				B57FFEE01E65CAF300EA280B /* UIView+AccessViewTag.m in Sources */,
				B57FFE051E65C55F00EA280B /* NSObject+Util.m in Sources */,
				B5D001511E65B8F900D435D8 /* AppDelegate.m in Sources */,
				B5D0014E1E65B8F900D435D8 /* main.m in Sources */,
				B57FFE751E65C83A00EA280B /* TaskRecord.m in Sources */,
				B57FFEEB1E65CAF300EA280B /* RangeValueView.m in Sources */,
				B57FFE241E65C73100EA280B /* ColorSelector.m in Sources */,
				B57FFE701E65C83A00EA280B /* TaskEditTitleViewController.m in Sources */,
				B57FFE831E65C8C500EA280B /* SettingNoteStyleViewController.m in Sources */,
				B57FFE791E65C83A00EA280B /* TaskViewController.m in Sources */,
				B57FFEF51E65CB7A00EA280B /* YYWeakProxy.m in Sources */,
				B57FFEE61E65CAF300EA280B /* UIView+MotionEffect.m in Sources */,
				B57FFE271E65C73100EA280B /* RootViewController.m in Sources */,
				B57FFE6F1E65C83A00EA280B /* TaskEditSubTaskViewController.m in Sources */,
				B57FFE421E65C79800EA280B /* NoteViewController.m in Sources */,
				B57FFE0C1E65C55F00EA280B /* ButtonData.m in Sources */,
				B57FFEDA1E65CAF300EA280B /* GCDGroup.m in Sources */,
				B57FFE3C1E65C79800EA280B /* NoteDetailViewController.m in Sources */,
				B57FFE031E65C55F00EA280B /* DBData.m in Sources */,
				B57FFE6D1E65C83A00EA280B /* TaskDetailViewController.m in Sources */,
				B57FFEA01E65CA8F00EA280B /* JSDropDownMenu.m in Sources */,
				B57FFEE11E65CAF300EA280B /* UIView+AnimationPracticalMethod.m in Sources */,
			);
			runOnlyForDeploymentPostprocessing = 0;
		};
/* End PBXSourcesBuildPhase section */

/* Begin XCBuildConfiguration section */
		B5D0015E1E65B8F900D435D8 /* Debug */ = {
			isa = XCBuildConfiguration;
			buildSettings = {
				ALWAYS_SEARCH_USER_PATHS = NO;
				CLANG_CXX_LANGUAGE_STANDARD = "gnu++0x";
				CLANG_CXX_LIBRARY = "libc++";
				CLANG_ENABLE_MODULES = YES;
				CLANG_ENABLE_OBJC_ARC = YES;
				CLANG_WARN_BOOL_CONVERSION = YES;
				CLANG_WARN_CONSTANT_CONVERSION = YES;
				CLANG_WARN_DIRECT_OBJC_ISA_USAGE = YES_ERROR;
				CLANG_WARN_EMPTY_BODY = YES;
				CLANG_WARN_ENUM_CONVERSION = YES;
				CLANG_WARN_INT_CONVERSION = YES;
				CLANG_WARN_OBJC_ROOT_CLASS = YES_ERROR;
				CLANG_WARN_UNREACHABLE_CODE = YES;
				CLANG_WARN__DUPLICATE_METHOD_MATCH = YES;
				"CODE_SIGN_IDENTITY[sdk=iphoneos*]" = "iPhone Developer";
				COPY_PHASE_STRIP = NO;
				DEBUG_INFORMATION_FORMAT = dwarf;
				ENABLE_STRICT_OBJC_MSGSEND = YES;
				ENABLE_TESTABILITY = YES;
				GCC_C_LANGUAGE_STANDARD = gnu99;
				GCC_DYNAMIC_NO_PIC = NO;
				GCC_NO_COMMON_BLOCKS = YES;
				GCC_OPTIMIZATION_LEVEL = 0;
				GCC_PREPROCESSOR_DEFINITIONS = (
					"DEBUG=1",
					"$(inherited)",
				);
				GCC_WARN_64_TO_32_BIT_CONVERSION = YES;
				GCC_WARN_ABOUT_RETURN_TYPE = YES_ERROR;
				GCC_WARN_UNDECLARED_SELECTOR = YES;
				GCC_WARN_UNINITIALIZED_AUTOS = YES_AGGRESSIVE;
				GCC_WARN_UNUSED_FUNCTION = YES;
				GCC_WARN_UNUSED_VARIABLE = YES;
				IPHONEOS_DEPLOYMENT_TARGET = 9.2;
				MTL_ENABLE_DEBUG_INFO = YES;
				ONLY_ACTIVE_ARCH = YES;
				SDKROOT = iphoneos;
			};
			name = Debug;
		};
		B5D0015F1E65B8F900D435D8 /* Release */ = {
			isa = XCBuildConfiguration;
			buildSettings = {
				ALWAYS_SEARCH_USER_PATHS = NO;
				CLANG_CXX_LANGUAGE_STANDARD = "gnu++0x";
				CLANG_CXX_LIBRARY = "libc++";
				CLANG_ENABLE_MODULES = YES;
				CLANG_ENABLE_OBJC_ARC = YES;
				CLANG_WARN_BOOL_CONVERSION = YES;
				CLANG_WARN_CONSTANT_CONVERSION = YES;
				CLANG_WARN_DIRECT_OBJC_ISA_USAGE = YES_ERROR;
				CLANG_WARN_EMPTY_BODY = YES;
				CLANG_WARN_ENUM_CONVERSION = YES;
				CLANG_WARN_INT_CONVERSION = YES;
				CLANG_WARN_OBJC_ROOT_CLASS = YES_ERROR;
				CLANG_WARN_UNREACHABLE_CODE = YES;
				CLANG_WARN__DUPLICATE_METHOD_MATCH = YES;
				"CODE_SIGN_IDENTITY[sdk=iphoneos*]" = "iPhone Developer";
				COPY_PHASE_STRIP = NO;
				DEBUG_INFORMATION_FORMAT = "dwarf-with-dsym";
				ENABLE_NS_ASSERTIONS = NO;
				ENABLE_STRICT_OBJC_MSGSEND = YES;
				GCC_C_LANGUAGE_STANDARD = gnu99;
				GCC_NO_COMMON_BLOCKS = YES;
				GCC_WARN_64_TO_32_BIT_CONVERSION = YES;
				GCC_WARN_ABOUT_RETURN_TYPE = YES_ERROR;
				GCC_WARN_UNDECLARED_SELECTOR = YES;
				GCC_WARN_UNINITIALIZED_AUTOS = YES_AGGRESSIVE;
				GCC_WARN_UNUSED_FUNCTION = YES;
				GCC_WARN_UNUSED_VARIABLE = YES;
				IPHONEOS_DEPLOYMENT_TARGET = 9.2;
				MTL_ENABLE_DEBUG_INFO = NO;
				SDKROOT = iphoneos;
				VALIDATE_PRODUCT = YES;
			};
			name = Release;
		};
		B5D001611E65B8F900D435D8 /* Debug */ = {
			isa = XCBuildConfiguration;
			baseConfigurationReference = 5754D83ADDC3F9BC926BBCE6 /* Pods-NoteTask.debug.xcconfig */;
			buildSettings = {
				ASSETCATALOG_COMPILER_APPICON_NAME = AppIcon;
				CODE_SIGN_IDENTITY = "iPhone Developer";
				"CODE_SIGN_IDENTITY[sdk=iphoneos*]" = "iPhone Developer";
				FRAMEWORK_SEARCH_PATHS = (
					"$(inherited)",
					"$(PROJECT_DIR)/NoteTask/UMSocial/UMSocialSDK",
					"$(PROJECT_DIR)/NoteTask/UMSocial/UMSocialUI",
				);
				GCC_PREFIX_HEADER = NoteTask/PrefixHeader.pch;
				INFOPLIST_FILE = NoteTask/Info.plist;
				IPHONEOS_DEPLOYMENT_TARGET = 9.0;
				LD_RUNPATH_SEARCH_PATHS = "$(inherited) @executable_path/Frameworks";
				LIBRARY_SEARCH_PATHS = (
					"$(inherited)",
					"$(PROJECT_DIR)/NoteTask/UMSocial/SocialLibraries/QQ",
					"$(PROJECT_DIR)/NoteTask/UMSocial/SocialLibraries/Sina",
					"$(PROJECT_DIR)/NoteTask/UMSocial/SocialLibraries/WeChat",
					"$(PROJECT_DIR)/NoteTask/UMSocial/UMSocialSDKPlugin",
				);
				OTHER_LDFLAGS = (
					"$(inherited)",
					"-framework",
					"\"AFNetworking\"",
					"-framework",
					"\"CocoaAsyncSocket\"",
					"-framework",
					"\"FMDB\"",
					"-framework",
					"\"GCDWebServer\"",
					"-framework",
					"\"JTCalendar\"",
					"-framework",
					"\"MBProgressHUD\"",
					"-framework",
					"\"MJExtension\"",
					"-framework",
					"\"YYCache\"",
					"-framework",
					"\"YYImage\"",
					"-framework",
					"\"YYModel\"",
					"-framework",
					"\"YYText\"",
					"-framework",
					"\"YYWebImage\"",
					"-framework",
					"\"pop\"",
					"-ObjC",
				);
				PRODUCT_BUNDLE_IDENTIFIER = com.appben.NoteTask;
				PRODUCT_NAME = "$(TARGET_NAME)";
				PROVISIONING_PROFILE = "";
			};
			name = Debug;
		};
		B5D001621E65B8F900D435D8 /* Release */ = {
			isa = XCBuildConfiguration;
			baseConfigurationReference = 8DC9CBE05DC8EA27528AF710 /* Pods-NoteTask.release.xcconfig */;
			buildSettings = {
				ASSETCATALOG_COMPILER_APPICON_NAME = AppIcon;
				CODE_SIGN_IDENTITY = "iPhone Developer";
				"CODE_SIGN_IDENTITY[sdk=iphoneos*]" = "iPhone Developer";
				ENABLE_TESTABILITY = YES;
				FRAMEWORK_SEARCH_PATHS = (
					"$(inherited)",
					"$(PROJECT_DIR)/NoteTask/UMSocial/UMSocialSDK",
					"$(PROJECT_DIR)/NoteTask/UMSocial/UMSocialUI",
				);
				GCC_PREFIX_HEADER = NoteTask/PrefixHeader.pch;
				INFOPLIST_FILE = NoteTask/Info.plist;
				IPHONEOS_DEPLOYMENT_TARGET = 9.0;
				LD_RUNPATH_SEARCH_PATHS = "$(inherited) @executable_path/Frameworks";
				LIBRARY_SEARCH_PATHS = (
					"$(inherited)",
					"$(PROJECT_DIR)/NoteTask/UMSocial/SocialLibraries/QQ",
					"$(PROJECT_DIR)/NoteTask/UMSocial/SocialLibraries/Sina",
					"$(PROJECT_DIR)/NoteTask/UMSocial/SocialLibraries/WeChat",
					"$(PROJECT_DIR)/NoteTask/UMSocial/UMSocialSDKPlugin",
				);
				OTHER_LDFLAGS = (
					"$(inherited)",
					"-framework",
					"\"AFNetworking\"",
					"-framework",
					"\"CocoaAsyncSocket\"",
					"-framework",
					"\"FMDB\"",
					"-framework",
					"\"GCDWebServer\"",
					"-framework",
					"\"JTCalendar\"",
					"-framework",
					"\"MBProgressHUD\"",
					"-framework",
					"\"MJExtension\"",
					"-framework",
					"\"YYCache\"",
					"-framework",
					"\"YYImage\"",
					"-framework",
					"\"YYModel\"",
					"-framework",
					"\"YYText\"",
					"-framework",
					"\"YYWebImage\"",
					"-framework",
					"\"pop\"",
					"-ObjC",
				);
				PRODUCT_BUNDLE_IDENTIFIER = com.appben.NoteTask;
				PRODUCT_NAME = "$(TARGET_NAME)";
				PROVISIONING_PROFILE = "";
			};
			name = Release;
		};
/* End XCBuildConfiguration section */

/* Begin XCConfigurationList section */
		B5D001441E65B8F900D435D8 /* Build configuration list for PBXProject "NoteTask" */ = {
			isa = XCConfigurationList;
			buildConfigurations = (
				B5D0015E1E65B8F900D435D8 /* Debug */,
				B5D0015F1E65B8F900D435D8 /* Release */,
			);
			defaultConfigurationIsVisible = 0;
			defaultConfigurationName = Release;
		};
		B5D001601E65B8F900D435D8 /* Build configuration list for PBXNativeTarget "NoteTask" */ = {
			isa = XCConfigurationList;
			buildConfigurations = (
				B5D001611E65B8F900D435D8 /* Debug */,
				B5D001621E65B8F900D435D8 /* Release */,
			);
			defaultConfigurationIsVisible = 0;
			defaultConfigurationName = Release;
		};
/* End XCConfigurationList section */
	};
	rootObject = B5D001411E65B8F900D435D8 /* Project object */;
}
