// !$*UTF8*$!
{
	archiveVersion = 1;
	classes = {
	};
	objectVersion = 46;
	objects = {

/* Begin PBXBuildFile section */
		06BCD40F01D9418D196B09D5 /* Pods_NoteTask.framework in Frameworks */ = {isa = PBXBuildFile; fileRef = 234CE8449ADEFB83A938A23D /* Pods_NoteTask.framework */; };
		B5056A8C1DC82A8F00979758 /* TaskRecord.m in Sources */ = {isa = PBXBuildFile; fileRef = B5056A8B1DC82A8F00979758 /* TaskRecord.m */; };
		B5056A8F1DC82AA500979758 /* TaskInfoManager.m in Sources */ = {isa = PBXBuildFile; fileRef = B5056A8E1DC82AA500979758 /* TaskInfoManager.m */; };
		B5056A921DC82ABC00979758 /* TaskRecordViewController.m in Sources */ = {isa = PBXBuildFile; fileRef = B5056A911DC82ABC00979758 /* TaskRecordViewController.m */; };
		B5056A951DC8523700979758 /* NoteShareViewController.m in Sources */ = {isa = PBXBuildFile; fileRef = B5056A941DC8523700979758 /* NoteShareViewController.m */; };
		B5056A971DC85A9000979758 /* NoteTemplate.htm in Resources */ = {isa = PBXBuildFile; fileRef = B5056A961DC85A9000979758 /* NoteTemplate.htm */; };
		B52093201DC19E0E000349A5 /* NoteDetailCell.m in Sources */ = {isa = PBXBuildFile; fileRef = B520931F1DC19E0E000349A5 /* NoteDetailCell.m */; };
		B53959261D27F55200FB5408 /* NoteViewController.m in Sources */ = {isa = PBXBuildFile; fileRef = B53959251D27F55200FB5408 /* NoteViewController.m */; };
		B539592C1D28112F00FB5408 /* NoteModel.m in Sources */ = {isa = PBXBuildFile; fileRef = B539592B1D28112F00FB5408 /* NoteModel.m */; };
		B53959301D29524700FB5408 /* NoteBackground1.png in Resources */ = {isa = PBXBuildFile; fileRef = B539592F1D29524700FB5408 /* NoteBackground1.png */; };
		B5448F001D658F3100F186BE /* UIFont+Fonts.m in Sources */ = {isa = PBXBuildFile; fileRef = B5448EE61D658F3100F186BE /* UIFont+Fonts.m */; };
		B5448F011D658F3100F186BE /* UIView+AccessViewTag.m in Sources */ = {isa = PBXBuildFile; fileRef = B5448EE81D658F3100F186BE /* UIView+AccessViewTag.m */; };
		B5448F021D658F3100F186BE /* UIView+AnimationPracticalMethod.m in Sources */ = {isa = PBXBuildFile; fileRef = B5448EEA1D658F3100F186BE /* UIView+AnimationPracticalMethod.m */; };
		B5448F031D658F3100F186BE /* UIView+AnimationProperty.m in Sources */ = {isa = PBXBuildFile; fileRef = B5448EEC1D658F3100F186BE /* UIView+AnimationProperty.m */; };
		B5448F041D658F3100F186BE /* UIView+AnimationsListViewController.m in Sources */ = {isa = PBXBuildFile; fileRef = B5448EEE1D658F3100F186BE /* UIView+AnimationsListViewController.m */; };
		B5448F051D658F3100F186BE /* UIView+ConvenientMethod.m in Sources */ = {isa = PBXBuildFile; fileRef = B5448EF01D658F3100F186BE /* UIView+ConvenientMethod.m */; };
		B5448F061D658F3100F186BE /* UIView+GlowView.m in Sources */ = {isa = PBXBuildFile; fileRef = B5448EF21D658F3100F186BE /* UIView+GlowView.m */; };
		B5448F071D658F3100F186BE /* UIView+MotionEffect.m in Sources */ = {isa = PBXBuildFile; fileRef = B5448EF41D658F3100F186BE /* UIView+MotionEffect.m */; };
		B5448F081D658F3100F186BE /* UIView+RotateAnimationProtocol.m in Sources */ = {isa = PBXBuildFile; fileRef = B5448EF61D658F3100F186BE /* UIView+RotateAnimationProtocol.m */; };
		B5448F091D658F3100F186BE /* UIView+SetRect.m in Sources */ = {isa = PBXBuildFile; fileRef = B5448EF81D658F3100F186BE /* UIView+SetRect.m */; };
		B5448F0A1D658F3100F186BE /* UIView+Shake.m in Sources */ = {isa = PBXBuildFile; fileRef = B5448EFA1D658F3100F186BE /* UIView+Shake.m */; };
		B5448F0B1D658F3100F186BE /* UIView+UserInteraction.m in Sources */ = {isa = PBXBuildFile; fileRef = B5448EFC1D658F3100F186BE /* UIView+UserInteraction.m */; };
		B5448F0C1D658F3100F186BE /* RangeValueView.m in Sources */ = {isa = PBXBuildFile; fileRef = B5448EFF1D658F3100F186BE /* RangeValueView.m */; };
		B55A83451D3DC80E00814DE3 /* NoteDetailViewController.m in Sources */ = {isa = PBXBuildFile; fileRef = B55A83441D3DC80E00814DE3 /* NoteDetailViewController.m */; };
		B55DA66E1D67798900A2EC8B /* CustomViewController.m in Sources */ = {isa = PBXBuildFile; fileRef = B55DA66D1D67798900A2EC8B /* CustomViewController.m */; };
		B56230601DDAA747000BBB46 /* YYFPSLabel.m in Sources */ = {isa = PBXBuildFile; fileRef = B562305F1DDAA747000BBB46 /* YYFPSLabel.m */; };
		B56230631DDAA8B2000BBB46 /* YYWeakProxy.m in Sources */ = {isa = PBXBuildFile; fileRef = B56230621DDAA8B2000BBB46 /* YYWeakProxy.m */; };
		B56428C51DAB403300FBB1FE /* TaskViewController.m in Sources */ = {isa = PBXBuildFile; fileRef = B56428C41DAB403300FBB1FE /* TaskViewController.m */; };
		B56428C81DAB404800FBB1FE /* TaskDetailViewController.m in Sources */ = {isa = PBXBuildFile; fileRef = B56428C71DAB404800FBB1FE /* TaskDetailViewController.m */; };
		B56428CB1DAB405C00FBB1FE /* TaskModel.m in Sources */ = {isa = PBXBuildFile; fileRef = B56428CA1DAB405C00FBB1FE /* TaskModel.m */; };
		B564D0EA1C912FFA00E903B6 /* note.json in Resources */ = {isa = PBXBuildFile; fileRef = B564D0E91C912FFA00E903B6 /* note.json */; };
		B564D0F11C91686700E903B6 /* NSObject+Util.m in Sources */ = {isa = PBXBuildFile; fileRef = B564D0F01C91686700E903B6 /* NSObject+Util.m */; };
		B56632D91DAF3179006EE40A /* note.htm in Resources */ = {isa = PBXBuildFile; fileRef = B56632D81DAF3179006EE40A /* note.htm */; };
		B56632DC1DB08652006EE40A /* ButtonData.m in Sources */ = {isa = PBXBuildFile; fileRef = B56632DB1DB08652006EE40A /* ButtonData.m */; };
		B56632DF1DB0865E006EE40A /* PushButton.m in Sources */ = {isa = PBXBuildFile; fileRef = B56632DE1DB0865E006EE40A /* PushButton.m */; };
		B56B626B1D2124A4005A2242 /* RootViewController.m in Sources */ = {isa = PBXBuildFile; fileRef = B56B62681D2124A4005A2242 /* RootViewController.m */; };
		B56B626C1D2124A4005A2242 /* SummaryInRoot.m in Sources */ = {isa = PBXBuildFile; fileRef = B56B626A1D2124A4005A2242 /* SummaryInRoot.m */; };
		B56B626E1D212521005A2242 /* LaunchScreen.Storyboard in Resources */ = {isa = PBXBuildFile; fileRef = B56B626D1D212521005A2242 /* LaunchScreen.Storyboard */; };
		B56E369C1DBE656800165050 /* TaskEditTitleViewController.m in Sources */ = {isa = PBXBuildFile; fileRef = B56E369B1DBE656800165050 /* TaskEditTitleViewController.m */; };
		B56E369F1DBE658700165050 /* TaskEditDurationViewController.m in Sources */ = {isa = PBXBuildFile; fileRef = B56E369E1DBE658700165050 /* TaskEditDurationViewController.m */; };
		B56E36A21DBE659800165050 /* TaskEditSubTaskViewController.m in Sources */ = {isa = PBXBuildFile; fileRef = B56E36A11DBE659800165050 /* TaskEditSubTaskViewController.m */; };
		B58D5D711DF9030800133C60 /* NotePreset.json in Resources */ = {isa = PBXBuildFile; fileRef = B58D5D701DF9030800133C60 /* NotePreset.json */; };
		B58DE97A1D6AB302002B7697 /* ColorSelector.m in Sources */ = {isa = PBXBuildFile; fileRef = B58DE9791D6AB302002B7697 /* ColorSelector.m */; };
		B59AB7221D34A5B40067C4B2 /* DBData.m in Sources */ = {isa = PBXBuildFile; fileRef = B59AB7211D34A5B40067C4B2 /* DBData.m */; };
		B59AB7251D3547E50067C4B2 /* UIpConfigDB.json in Resources */ = {isa = PBXBuildFile; fileRef = B59AB7241D3547E50067C4B2 /* UIpConfigDB.json */; };
		B59D4FE61DE9EDC600CA3C5A /* TaskEditViewController.m in Sources */ = {isa = PBXBuildFile; fileRef = B59D4FE51DE9EDC600CA3C5A /* TaskEditViewController.m */; };
		B5A26BD31D22140E00B1F629 /* MenuButton.m in Sources */ = {isa = PBXBuildFile; fileRef = B5A26BD21D22140E00B1F629 /* MenuButton.m */; };
		B5A26BD51D22153F00B1F629 /* Images.xcassets in Resources */ = {isa = PBXBuildFile; fileRef = B5A26BD41D22153F00B1F629 /* Images.xcassets */; };
		B5A6E86A1DD0AB0B0062FF80 /* TaskCalendar.m in Sources */ = {isa = PBXBuildFile; fileRef = B5A6E8691DD0AB0B0062FF80 /* TaskCalendar.m */; };
		B5AB6DDF1D658E3100938B7C /* CLDropDownMenu.m in Sources */ = {isa = PBXBuildFile; fileRef = B5AB6DDC1D658E3100938B7C /* CLDropDownMenu.m */; };
		B5AB6DE01D658E3100938B7C /* JSDropDownMenu.m in Sources */ = {isa = PBXBuildFile; fileRef = B5AB6DDE1D658E3100938B7C /* JSDropDownMenu.m */; };
		B5AD77C91DD41C91000CC52D /* NSThread+Util.m in Sources */ = {isa = PBXBuildFile; fileRef = B5AD77C71DD41C91000CC52D /* NSThread+Util.m */; };
		B5AD77CD1DD420D8000CC52D /* FrameLayout.m in Sources */ = {isa = PBXBuildFile; fileRef = B5AD77CC1DD420D8000CC52D /* FrameLayout.m */; };
		B5B392AE1D407678001D30BF /* NotePCustmiseViewController.m in Sources */ = {isa = PBXBuildFile; fileRef = B5B392AD1D407678001D30BF /* NotePCustmiseViewController.m */; };
		B5B392B11D407968001D30BF /* NotePropertyView.m in Sources */ = {isa = PBXBuildFile; fileRef = B5B392B01D407968001D30BF /* NotePropertyView.m */; };
		B5B797C61E213D0400AC7303 /* PictureCacheError.png in Resources */ = {isa = PBXBuildFile; fileRef = B5B797C51E213D0400AC7303 /* PictureCacheError.png */; };
		B5B797C81E213D0D00AC7303 /* PictureDownloadError.png in Resources */ = {isa = PBXBuildFile; fileRef = B5B797C71E213D0D00AC7303 /* PictureDownloadError.png */; };
		B5B9053F1D4FB0AC00DF1E24 /* AppConfig.m in Sources */ = {isa = PBXBuildFile; fileRef = B5B9053E1D4FB0AC00DF1E24 /* AppConfig.m */; };
		B5B905411D4FC3E900DF1E24 /* db.json in Resources */ = {isa = PBXBuildFile; fileRef = B5B905401D4FC3E900DF1E24 /* db.json */; };
		B5BF33E21DFBF3FD00624154 /* NoteArchiveViewController.m in Sources */ = {isa = PBXBuildFile; fileRef = B5BF33E11DFBF3FD00624154 /* NoteArchiveViewController.m */; };
		B5BF33E51DFBF52B00624154 /* NoteParagraph.m in Sources */ = {isa = PBXBuildFile; fileRef = B5BF33E41DFBF52B00624154 /* NoteParagraph.m */; };
		B5BF33E81DFC328C00624154 /* SettingNoteStyleViewController.m in Sources */ = {isa = PBXBuildFile; fileRef = B5BF33E71DFC328C00624154 /* SettingNoteStyleViewController.m */; };
		B5BF33EB1DFC329F00624154 /* SettingTaskModeViewController.m in Sources */ = {isa = PBXBuildFile; fileRef = B5BF33EA1DFC329F00624154 /* SettingTaskModeViewController.m */; };
		B5BF33EE1DFC32B300624154 /* SettingAppDetailViewController.m in Sources */ = {isa = PBXBuildFile; fileRef = B5BF33ED1DFC32B300624154 /* SettingAppDetailViewController.m */; };
		B5BF33F11DFC33F000624154 /* NSString+Util.m in Sources */ = {isa = PBXBuildFile; fileRef = B5BF33F01DFC33F000624154 /* NSString+Util.m */; };
		B5CAC3071DE2B59D0051039B /* TaskTickingViewController.m in Sources */ = {isa = PBXBuildFile; fileRef = B5CAC3061DE2B59D0051039B /* TaskTickingViewController.m */; };
		B5CAC3121DE2EE980051039B /* GCDGroup.m in Sources */ = {isa = PBXBuildFile; fileRef = B5CAC30B1DE2EE980051039B /* GCDGroup.m */; };
		B5CAC3131DE2EE980051039B /* GCDQueue.m in Sources */ = {isa = PBXBuildFile; fileRef = B5CAC30D1DE2EE980051039B /* GCDQueue.m */; };
		B5CAC3141DE2EE980051039B /* GCDSemaphore.m in Sources */ = {isa = PBXBuildFile; fileRef = B5CAC30F1DE2EE980051039B /* GCDSemaphore.m */; };
		B5CAC3151DE2EE980051039B /* GCDTimer.m in Sources */ = {isa = PBXBuildFile; fileRef = B5CAC3111DE2EE980051039B /* GCDTimer.m */; };
		B5CAC3181DE333FE0051039B /* SettingViewController.m in Sources */ = {isa = PBXBuildFile; fileRef = B5CAC3171DE333FE0051039B /* SettingViewController.m */; };
		B5CC2B451D366B410013D236 /* color.json in Resources */ = {isa = PBXBuildFile; fileRef = B5CC2B441D366B410013D236 /* color.json */; };
		B5D4923D1DB5C8DC00794A97 /* TaskCell.m in Sources */ = {isa = PBXBuildFile; fileRef = B5D4923C1DB5C8DC00794A97 /* TaskCell.m */; };
		B5DC698C1E038A5300FFAC68 /* LineBackgroundView.m in Sources */ = {isa = PBXBuildFile; fileRef = B5DC698B1E038A5300FFAC68 /* LineBackgroundView.m */; };
		B5DC864F1D4A57F600DCE8C8 /* TextButtonLine.m in Sources */ = {isa = PBXBuildFile; fileRef = B5DC864E1D4A57F600DCE8C8 /* TextButtonLine.m */; };
		B5DFD8CB1E0B733100C6C720 /* LoadingPicture.png in Resources */ = {isa = PBXBuildFile; fileRef = B5DFD8CA1E0B733100C6C720 /* LoadingPicture.png */; };
		B5E9D0A51D32815500395CF0 /* NoteCell.m in Sources */ = {isa = PBXBuildFile; fileRef = B5E9D0A41D32815500395CF0 /* NoteCell.m */; };
		B5E9D0B21D33F28000395CF0 /* UIpConfig.m in Sources */ = {isa = PBXBuildFile; fileRef = B5E9D0B11D33F28000395CF0 /* UIpConfig.m */; };
		B5E9D0B61D33F2FF00395CF0 /* NSLogn.m in Sources */ = {isa = PBXBuildFile; fileRef = B5E9D0B51D33F2FF00395CF0 /* NSLogn.m */; };
		B5F24BC81C4A94370027DAB2 /* main.m in Sources */ = {isa = PBXBuildFile; fileRef = B5F24BC71C4A94370027DAB2 /* main.m */; };
		B5F24BCB1C4A94370027DAB2 /* AppDelegate.m in Sources */ = {isa = PBXBuildFile; fileRef = B5F24BCA1C4A94370027DAB2 /* AppDelegate.m */; };
		B5F24BE81C4A94370027DAB2 /* NoteTask.m in Sources */ = {isa = PBXBuildFile; fileRef = B5F24BE71C4A94370027DAB2 /* NoteTask.m */; };
/* End PBXBuildFile section */

/* Begin PBXContainerItemProxy section */
		B5F24BE21C4A94370027DAB2 /* PBXContainerItemProxy */ = {
			isa = PBXContainerItemProxy;
			containerPortal = B5F24BBA1C4A94370027DAB2 /* Project object */;
			proxyType = 1;
			remoteGlobalIDString = B5F24BC11C4A94370027DAB2;
			remoteInfo = TaskNote;
		};
/* End PBXContainerItemProxy section */

/* Begin PBXFileReference section */
		234CE8449ADEFB83A938A23D /* Pods_NoteTask.framework */ = {isa = PBXFileReference; explicitFileType = wrapper.framework; includeInIndex = 0; path = Pods_NoteTask.framework; sourceTree = BUILT_PRODUCTS_DIR; };
		B5056A8A1DC82A8F00979758 /* TaskRecord.h */ = {isa = PBXFileReference; fileEncoding = 4; lastKnownFileType = sourcecode.c.h; path = TaskRecord.h; sourceTree = "<group>"; };
		B5056A8B1DC82A8F00979758 /* TaskRecord.m */ = {isa = PBXFileReference; fileEncoding = 4; lastKnownFileType = sourcecode.c.objc; path = TaskRecord.m; sourceTree = "<group>"; };
		B5056A8D1DC82AA500979758 /* TaskInfoManager.h */ = {isa = PBXFileReference; fileEncoding = 4; lastKnownFileType = sourcecode.c.h; path = TaskInfoManager.h; sourceTree = "<group>"; };
		B5056A8E1DC82AA500979758 /* TaskInfoManager.m */ = {isa = PBXFileReference; fileEncoding = 4; lastKnownFileType = sourcecode.c.objc; path = TaskInfoManager.m; sourceTree = "<group>"; };
		B5056A901DC82ABC00979758 /* TaskRecordViewController.h */ = {isa = PBXFileReference; fileEncoding = 4; lastKnownFileType = sourcecode.c.h; path = TaskRecordViewController.h; sourceTree = "<group>"; };
		B5056A911DC82ABC00979758 /* TaskRecordViewController.m */ = {isa = PBXFileReference; fileEncoding = 4; lastKnownFileType = sourcecode.c.objc; path = TaskRecordViewController.m; sourceTree = "<group>"; };
		B5056A931DC8523700979758 /* NoteShareViewController.h */ = {isa = PBXFileReference; fileEncoding = 4; lastKnownFileType = sourcecode.c.h; name = NoteShareViewController.h; path = Source/NoteShareViewController.h; sourceTree = "<group>"; };
		B5056A941DC8523700979758 /* NoteShareViewController.m */ = {isa = PBXFileReference; fileEncoding = 4; lastKnownFileType = sourcecode.c.objc; name = NoteShareViewController.m; path = Source/NoteShareViewController.m; sourceTree = "<group>"; };
		B5056A961DC85A9000979758 /* NoteTemplate.htm */ = {isa = PBXFileReference; fileEncoding = 4; lastKnownFileType = text.html; name = NoteTemplate.htm; path = Source/NoteTemplate.htm; sourceTree = "<group>"; };
		B520931E1DC19E0E000349A5 /* NoteDetailCell.h */ = {isa = PBXFileReference; fileEncoding = 4; lastKnownFileType = sourcecode.c.h; name = NoteDetailCell.h; path = Source/NoteDetailCell.h; sourceTree = "<group>"; };
		B520931F1DC19E0E000349A5 /* NoteDetailCell.m */ = {isa = PBXFileReference; fileEncoding = 4; lastKnownFileType = sourcecode.c.objc; name = NoteDetailCell.m; path = Source/NoteDetailCell.m; sourceTree = "<group>"; };
		B53959241D27F55200FB5408 /* NoteViewController.h */ = {isa = PBXFileReference; fileEncoding = 4; lastKnownFileType = sourcecode.c.h; name = NoteViewController.h; path = Source/NoteViewController.h; sourceTree = "<group>"; };
		B53959251D27F55200FB5408 /* NoteViewController.m */ = {isa = PBXFileReference; fileEncoding = 4; lastKnownFileType = sourcecode.c.objc; name = NoteViewController.m; path = Source/NoteViewController.m; sourceTree = "<group>"; };
		B539592A1D28112F00FB5408 /* NoteModel.h */ = {isa = PBXFileReference; fileEncoding = 4; lastKnownFileType = sourcecode.c.h; name = NoteModel.h; path = Source/NoteModel.h; sourceTree = "<group>"; };
		B539592B1D28112F00FB5408 /* NoteModel.m */ = {isa = PBXFileReference; fileEncoding = 4; lastKnownFileType = sourcecode.c.objc; name = NoteModel.m; path = Source/NoteModel.m; sourceTree = "<group>"; };
		B539592F1D29524700FB5408 /* NoteBackground1.png */ = {isa = PBXFileReference; lastKnownFileType = image.png; name = NoteBackground1.png; path = ../Source/NoteBackground1.png; sourceTree = "<group>"; };
		B5448EE51D658F3100F186BE /* UIFont+Fonts.h */ = {isa = PBXFileReference; fileEncoding = 4; lastKnownFileType = sourcecode.c.h; path = "UIFont+Fonts.h"; sourceTree = "<group>"; };
		B5448EE61D658F3100F186BE /* UIFont+Fonts.m */ = {isa = PBXFileReference; fileEncoding = 4; lastKnownFileType = sourcecode.c.objc; path = "UIFont+Fonts.m"; sourceTree = "<group>"; };
		B5448EE71D658F3100F186BE /* UIView+AccessViewTag.h */ = {isa = PBXFileReference; fileEncoding = 4; lastKnownFileType = sourcecode.c.h; path = "UIView+AccessViewTag.h"; sourceTree = "<group>"; };
		B5448EE81D658F3100F186BE /* UIView+AccessViewTag.m */ = {isa = PBXFileReference; fileEncoding = 4; lastKnownFileType = sourcecode.c.objc; path = "UIView+AccessViewTag.m"; sourceTree = "<group>"; };
		B5448EE91D658F3100F186BE /* UIView+AnimationPracticalMethod.h */ = {isa = PBXFileReference; fileEncoding = 4; lastKnownFileType = sourcecode.c.h; path = "UIView+AnimationPracticalMethod.h"; sourceTree = "<group>"; };
		B5448EEA1D658F3100F186BE /* UIView+AnimationPracticalMethod.m */ = {isa = PBXFileReference; fileEncoding = 4; lastKnownFileType = sourcecode.c.objc; path = "UIView+AnimationPracticalMethod.m"; sourceTree = "<group>"; };
		B5448EEB1D658F3100F186BE /* UIView+AnimationProperty.h */ = {isa = PBXFileReference; fileEncoding = 4; lastKnownFileType = sourcecode.c.h; path = "UIView+AnimationProperty.h"; sourceTree = "<group>"; };
		B5448EEC1D658F3100F186BE /* UIView+AnimationProperty.m */ = {isa = PBXFileReference; fileEncoding = 4; lastKnownFileType = sourcecode.c.objc; path = "UIView+AnimationProperty.m"; sourceTree = "<group>"; };
		B5448EED1D658F3100F186BE /* UIView+AnimationsListViewController.h */ = {isa = PBXFileReference; fileEncoding = 4; lastKnownFileType = sourcecode.c.h; path = "UIView+AnimationsListViewController.h"; sourceTree = "<group>"; };
		B5448EEE1D658F3100F186BE /* UIView+AnimationsListViewController.m */ = {isa = PBXFileReference; fileEncoding = 4; lastKnownFileType = sourcecode.c.objc; path = "UIView+AnimationsListViewController.m"; sourceTree = "<group>"; };
		B5448EEF1D658F3100F186BE /* UIView+ConvenientMethod.h */ = {isa = PBXFileReference; fileEncoding = 4; lastKnownFileType = sourcecode.c.h; path = "UIView+ConvenientMethod.h"; sourceTree = "<group>"; };
		B5448EF01D658F3100F186BE /* UIView+ConvenientMethod.m */ = {isa = PBXFileReference; fileEncoding = 4; lastKnownFileType = sourcecode.c.objc; path = "UIView+ConvenientMethod.m"; sourceTree = "<group>"; };
		B5448EF11D658F3100F186BE /* UIView+GlowView.h */ = {isa = PBXFileReference; fileEncoding = 4; lastKnownFileType = sourcecode.c.h; path = "UIView+GlowView.h"; sourceTree = "<group>"; };
		B5448EF21D658F3100F186BE /* UIView+GlowView.m */ = {isa = PBXFileReference; fileEncoding = 4; lastKnownFileType = sourcecode.c.objc; path = "UIView+GlowView.m"; sourceTree = "<group>"; };
		B5448EF31D658F3100F186BE /* UIView+MotionEffect.h */ = {isa = PBXFileReference; fileEncoding = 4; lastKnownFileType = sourcecode.c.h; path = "UIView+MotionEffect.h"; sourceTree = "<group>"; };
		B5448EF41D658F3100F186BE /* UIView+MotionEffect.m */ = {isa = PBXFileReference; fileEncoding = 4; lastKnownFileType = sourcecode.c.objc; path = "UIView+MotionEffect.m"; sourceTree = "<group>"; };
		B5448EF51D658F3100F186BE /* UIView+RotateAnimationProtocol.h */ = {isa = PBXFileReference; fileEncoding = 4; lastKnownFileType = sourcecode.c.h; path = "UIView+RotateAnimationProtocol.h"; sourceTree = "<group>"; };
		B5448EF61D658F3100F186BE /* UIView+RotateAnimationProtocol.m */ = {isa = PBXFileReference; fileEncoding = 4; lastKnownFileType = sourcecode.c.objc; path = "UIView+RotateAnimationProtocol.m"; sourceTree = "<group>"; };
		B5448EF71D658F3100F186BE /* UIView+SetRect.h */ = {isa = PBXFileReference; fileEncoding = 4; lastKnownFileType = sourcecode.c.h; path = "UIView+SetRect.h"; sourceTree = "<group>"; };
		B5448EF81D658F3100F186BE /* UIView+SetRect.m */ = {isa = PBXFileReference; fileEncoding = 4; lastKnownFileType = sourcecode.c.objc; path = "UIView+SetRect.m"; sourceTree = "<group>"; };
		B5448EF91D658F3100F186BE /* UIView+Shake.h */ = {isa = PBXFileReference; fileEncoding = 4; lastKnownFileType = sourcecode.c.h; path = "UIView+Shake.h"; sourceTree = "<group>"; };
		B5448EFA1D658F3100F186BE /* UIView+Shake.m */ = {isa = PBXFileReference; fileEncoding = 4; lastKnownFileType = sourcecode.c.objc; path = "UIView+Shake.m"; sourceTree = "<group>"; };
		B5448EFB1D658F3100F186BE /* UIView+UserInteraction.h */ = {isa = PBXFileReference; fileEncoding = 4; lastKnownFileType = sourcecode.c.h; path = "UIView+UserInteraction.h"; sourceTree = "<group>"; };
		B5448EFC1D658F3100F186BE /* UIView+UserInteraction.m */ = {isa = PBXFileReference; fileEncoding = 4; lastKnownFileType = sourcecode.c.objc; path = "UIView+UserInteraction.m"; sourceTree = "<group>"; };
		B5448EFE1D658F3100F186BE /* RangeValueView.h */ = {isa = PBXFileReference; fileEncoding = 4; lastKnownFileType = sourcecode.c.h; path = RangeValueView.h; sourceTree = "<group>"; };
		B5448EFF1D658F3100F186BE /* RangeValueView.m */ = {isa = PBXFileReference; fileEncoding = 4; lastKnownFileType = sourcecode.c.objc; path = RangeValueView.m; sourceTree = "<group>"; };
		B5448F0D1D65904C00F186BE /* AccessViewTagProtocol.h */ = {isa = PBXFileReference; fileEncoding = 4; lastKnownFileType = sourcecode.c.h; path = AccessViewTagProtocol.h; sourceTree = "<group>"; };
		B55A83431D3DC80E00814DE3 /* NoteDetailViewController.h */ = {isa = PBXFileReference; fileEncoding = 4; lastKnownFileType = sourcecode.c.h; name = NoteDetailViewController.h; path = Source/NoteDetailViewController.h; sourceTree = "<group>"; };
		B55A83441D3DC80E00814DE3 /* NoteDetailViewController.m */ = {isa = PBXFileReference; fileEncoding = 4; lastKnownFileType = sourcecode.c.objc; name = NoteDetailViewController.m; path = Source/NoteDetailViewController.m; sourceTree = "<group>"; };
		B55DA66C1D67798900A2EC8B /* CustomViewController.h */ = {isa = PBXFileReference; fileEncoding = 4; lastKnownFileType = sourcecode.c.h; name = CustomViewController.h; path = Source/CustomViewController.h; sourceTree = "<group>"; };
		B55DA66D1D67798900A2EC8B /* CustomViewController.m */ = {isa = PBXFileReference; fileEncoding = 4; lastKnownFileType = sourcecode.c.objc; name = CustomViewController.m; path = Source/CustomViewController.m; sourceTree = "<group>"; };
		B562305E1DDAA747000BBB46 /* YYFPSLabel.h */ = {isa = PBXFileReference; fileEncoding = 4; lastKnownFileType = sourcecode.c.h; path = YYFPSLabel.h; sourceTree = "<group>"; };
		B562305F1DDAA747000BBB46 /* YYFPSLabel.m */ = {isa = PBXFileReference; fileEncoding = 4; lastKnownFileType = sourcecode.c.objc; path = YYFPSLabel.m; sourceTree = "<group>"; };
		B56230611DDAA8B2000BBB46 /* YYWeakProxy.h */ = {isa = PBXFileReference; fileEncoding = 4; lastKnownFileType = sourcecode.c.h; path = YYWeakProxy.h; sourceTree = "<group>"; };
		B56230621DDAA8B2000BBB46 /* YYWeakProxy.m */ = {isa = PBXFileReference; fileEncoding = 4; lastKnownFileType = sourcecode.c.objc; path = YYWeakProxy.m; sourceTree = "<group>"; };
		B56428C31DAB403300FBB1FE /* TaskViewController.h */ = {isa = PBXFileReference; fileEncoding = 4; lastKnownFileType = sourcecode.c.h; path = TaskViewController.h; sourceTree = "<group>"; };
		B56428C41DAB403300FBB1FE /* TaskViewController.m */ = {isa = PBXFileReference; fileEncoding = 4; lastKnownFileType = sourcecode.c.objc; path = TaskViewController.m; sourceTree = "<group>"; };
		B56428C61DAB404800FBB1FE /* TaskDetailViewController.h */ = {isa = PBXFileReference; fileEncoding = 4; lastKnownFileType = sourcecode.c.h; path = TaskDetailViewController.h; sourceTree = "<group>"; };
		B56428C71DAB404800FBB1FE /* TaskDetailViewController.m */ = {isa = PBXFileReference; fileEncoding = 4; lastKnownFileType = sourcecode.c.objc; path = TaskDetailViewController.m; sourceTree = "<group>"; };
		B56428C91DAB405C00FBB1FE /* TaskModel.h */ = {isa = PBXFileReference; fileEncoding = 4; lastKnownFileType = sourcecode.c.h; path = TaskModel.h; sourceTree = "<group>"; };
		B56428CA1DAB405C00FBB1FE /* TaskModel.m */ = {isa = PBXFileReference; fileEncoding = 4; lastKnownFileType = sourcecode.c.objc; path = TaskModel.m; sourceTree = "<group>"; };
		B564D0E91C912FFA00E903B6 /* note.json */ = {isa = PBXFileReference; fileEncoding = 4; lastKnownFileType = text.json; path = note.json; sourceTree = "<group>"; };
		B564D0EF1C91686700E903B6 /* NSObject+Util.h */ = {isa = PBXFileReference; fileEncoding = 4; lastKnownFileType = sourcecode.c.h; path = "NSObject+Util.h"; sourceTree = "<group>"; };
		B564D0F01C91686700E903B6 /* NSObject+Util.m */ = {isa = PBXFileReference; fileEncoding = 4; lastKnownFileType = sourcecode.c.objc; path = "NSObject+Util.m"; sourceTree = "<group>"; };
		B56632D81DAF3179006EE40A /* note.htm */ = {isa = PBXFileReference; fileEncoding = 4; lastKnownFileType = text.html; name = note.htm; path = Source/note.htm; sourceTree = "<group>"; };
		B56632DA1DB08652006EE40A /* ButtonData.h */ = {isa = PBXFileReference; fileEncoding = 4; lastKnownFileType = sourcecode.c.h; path = ButtonData.h; sourceTree = "<group>"; };
		B56632DB1DB08652006EE40A /* ButtonData.m */ = {isa = PBXFileReference; fileEncoding = 4; lastKnownFileType = sourcecode.c.objc; path = ButtonData.m; sourceTree = "<group>"; };
		B56632DD1DB0865E006EE40A /* PushButton.h */ = {isa = PBXFileReference; fileEncoding = 4; lastKnownFileType = sourcecode.c.h; path = PushButton.h; sourceTree = "<group>"; };
		B56632DE1DB0865E006EE40A /* PushButton.m */ = {isa = PBXFileReference; fileEncoding = 4; lastKnownFileType = sourcecode.c.objc; path = PushButton.m; sourceTree = "<group>"; };
		B56B62671D2124A4005A2242 /* RootViewController.h */ = {isa = PBXFileReference; fileEncoding = 4; lastKnownFileType = sourcecode.c.h; name = RootViewController.h; path = Source/RootViewController.h; sourceTree = "<group>"; };
		B56B62681D2124A4005A2242 /* RootViewController.m */ = {isa = PBXFileReference; fileEncoding = 4; lastKnownFileType = sourcecode.c.objc; name = RootViewController.m; path = Source/RootViewController.m; sourceTree = "<group>"; };
		B56B62691D2124A4005A2242 /* SummaryInRoot.h */ = {isa = PBXFileReference; fileEncoding = 4; lastKnownFileType = sourcecode.c.h; name = SummaryInRoot.h; path = Source/SummaryInRoot.h; sourceTree = "<group>"; };
		B56B626A1D2124A4005A2242 /* SummaryInRoot.m */ = {isa = PBXFileReference; fileEncoding = 4; lastKnownFileType = sourcecode.c.objc; name = SummaryInRoot.m; path = Source/SummaryInRoot.m; sourceTree = "<group>"; };
		B56B626D1D212521005A2242 /* LaunchScreen.Storyboard */ = {isa = PBXFileReference; fileEncoding = 4; lastKnownFileType = file.storyboard; path = LaunchScreen.Storyboard; sourceTree = "<group>"; };
		B56E369A1DBE656800165050 /* TaskEditTitleViewController.h */ = {isa = PBXFileReference; fileEncoding = 4; lastKnownFileType = sourcecode.c.h; path = TaskEditTitleViewController.h; sourceTree = "<group>"; };
		B56E369B1DBE656800165050 /* TaskEditTitleViewController.m */ = {isa = PBXFileReference; fileEncoding = 4; lastKnownFileType = sourcecode.c.objc; path = TaskEditTitleViewController.m; sourceTree = "<group>"; };
		B56E369D1DBE658700165050 /* TaskEditDurationViewController.h */ = {isa = PBXFileReference; fileEncoding = 4; lastKnownFileType = sourcecode.c.h; path = TaskEditDurationViewController.h; sourceTree = "<group>"; };
		B56E369E1DBE658700165050 /* TaskEditDurationViewController.m */ = {isa = PBXFileReference; fileEncoding = 4; lastKnownFileType = sourcecode.c.objc; path = TaskEditDurationViewController.m; sourceTree = "<group>"; };
		B56E36A01DBE659800165050 /* TaskEditSubTaskViewController.h */ = {isa = PBXFileReference; fileEncoding = 4; lastKnownFileType = sourcecode.c.h; path = TaskEditSubTaskViewController.h; sourceTree = "<group>"; };
		B56E36A11DBE659800165050 /* TaskEditSubTaskViewController.m */ = {isa = PBXFileReference; fileEncoding = 4; lastKnownFileType = sourcecode.c.objc; path = TaskEditSubTaskViewController.m; sourceTree = "<group>"; };
		B58D5D701DF9030800133C60 /* NotePreset.json */ = {isa = PBXFileReference; fileEncoding = 4; lastKnownFileType = text.json; name = NotePreset.json; path = Source/Note/NotePreset.json; sourceTree = "<group>"; };
		B58DE9781D6AB302002B7697 /* ColorSelector.h */ = {isa = PBXFileReference; fileEncoding = 4; lastKnownFileType = sourcecode.c.h; name = ColorSelector.h; path = Source/ColorSelector.h; sourceTree = "<group>"; };
		B58DE9791D6AB302002B7697 /* ColorSelector.m */ = {isa = PBXFileReference; fileEncoding = 4; lastKnownFileType = sourcecode.c.objc; name = ColorSelector.m; path = Source/ColorSelector.m; sourceTree = "<group>"; };
		B59AB7201D34A5B40067C4B2 /* DBData.h */ = {isa = PBXFileReference; fileEncoding = 4; lastKnownFileType = sourcecode.c.h; path = DBData.h; sourceTree = "<group>"; };
		B59AB7211D34A5B40067C4B2 /* DBData.m */ = {isa = PBXFileReference; fileEncoding = 4; lastKnownFileType = sourcecode.c.objc; path = DBData.m; sourceTree = "<group>"; };
		B59AB7231D35450A0067C4B2 /* PrefixHeader.pch */ = {isa = PBXFileReference; lastKnownFileType = sourcecode.c.h; path = PrefixHeader.pch; sourceTree = "<group>"; };
		B59AB7241D3547E50067C4B2 /* UIpConfigDB.json */ = {isa = PBXFileReference; fileEncoding = 4; lastKnownFileType = text.json; path = UIpConfigDB.json; sourceTree = "<group>"; };
		B59D4FE41DE9EDC600CA3C5A /* TaskEditViewController.h */ = {isa = PBXFileReference; fileEncoding = 4; lastKnownFileType = sourcecode.c.h; path = TaskEditViewController.h; sourceTree = "<group>"; };
		B59D4FE51DE9EDC600CA3C5A /* TaskEditViewController.m */ = {isa = PBXFileReference; fileEncoding = 4; lastKnownFileType = sourcecode.c.objc; path = TaskEditViewController.m; sourceTree = "<group>"; };
		B5A26BD11D22140E00B1F629 /* MenuButton.h */ = {isa = PBXFileReference; fileEncoding = 4; lastKnownFileType = sourcecode.c.h; name = MenuButton.h; path = Source/MenuButton.h; sourceTree = "<group>"; };
		B5A26BD21D22140E00B1F629 /* MenuButton.m */ = {isa = PBXFileReference; fileEncoding = 4; lastKnownFileType = sourcecode.c.objc; name = MenuButton.m; path = Source/MenuButton.m; sourceTree = "<group>"; };
		B5A26BD41D22153F00B1F629 /* Images.xcassets */ = {isa = PBXFileReference; lastKnownFileType = folder.assetcatalog; path = Images.xcassets; sourceTree = "<group>"; };
		B5A6E8681DD0AB0B0062FF80 /* TaskCalendar.h */ = {isa = PBXFileReference; fileEncoding = 4; lastKnownFileType = sourcecode.c.h; path = TaskCalendar.h; sourceTree = "<group>"; };
		B5A6E8691DD0AB0B0062FF80 /* TaskCalendar.m */ = {isa = PBXFileReference; fileEncoding = 4; lastKnownFileType = sourcecode.c.objc; path = TaskCalendar.m; sourceTree = "<group>"; };
		B5AB6DDB1D658E3100938B7C /* CLDropDownMenu.h */ = {isa = PBXFileReference; fileEncoding = 4; lastKnownFileType = sourcecode.c.h; path = CLDropDownMenu.h; sourceTree = "<group>"; };
		B5AB6DDC1D658E3100938B7C /* CLDropDownMenu.m */ = {isa = PBXFileReference; fileEncoding = 4; lastKnownFileType = sourcecode.c.objc; path = CLDropDownMenu.m; sourceTree = "<group>"; };
		B5AB6DDD1D658E3100938B7C /* JSDropDownMenu.h */ = {isa = PBXFileReference; fileEncoding = 4; lastKnownFileType = sourcecode.c.h; path = JSDropDownMenu.h; sourceTree = "<group>"; };
		B5AB6DDE1D658E3100938B7C /* JSDropDownMenu.m */ = {isa = PBXFileReference; fileEncoding = 4; lastKnownFileType = sourcecode.c.objc; path = JSDropDownMenu.m; sourceTree = "<group>"; };
		B5AD77C61DD41C91000CC52D /* NSThread+Util.h */ = {isa = PBXFileReference; fileEncoding = 4; lastKnownFileType = sourcecode.c.h; path = "NSThread+Util.h"; sourceTree = "<group>"; };
		B5AD77C71DD41C91000CC52D /* NSThread+Util.m */ = {isa = PBXFileReference; fileEncoding = 4; lastKnownFileType = sourcecode.c.objc; path = "NSThread+Util.m"; sourceTree = "<group>"; };
		B5AD77CB1DD420D8000CC52D /* FrameLayout.h */ = {isa = PBXFileReference; fileEncoding = 4; lastKnownFileType = sourcecode.c.h; path = FrameLayout.h; sourceTree = "<group>"; };
		B5AD77CC1DD420D8000CC52D /* FrameLayout.m */ = {isa = PBXFileReference; fileEncoding = 4; lastKnownFileType = sourcecode.c.objc; path = FrameLayout.m; sourceTree = "<group>"; };
		B5B392AC1D407678001D30BF /* NotePCustmiseViewController.h */ = {isa = PBXFileReference; fileEncoding = 4; lastKnownFileType = sourcecode.c.h; name = NotePCustmiseViewController.h; path = Source/NotePCustmiseViewController.h; sourceTree = "<group>"; };
		B5B392AD1D407678001D30BF /* NotePCustmiseViewController.m */ = {isa = PBXFileReference; fileEncoding = 4; lastKnownFileType = sourcecode.c.objc; name = NotePCustmiseViewController.m; path = Source/NotePCustmiseViewController.m; sourceTree = "<group>"; };
		B5B392AF1D407968001D30BF /* NotePropertyView.h */ = {isa = PBXFileReference; fileEncoding = 4; lastKnownFileType = sourcecode.c.h; name = NotePropertyView.h; path = Source/NotePropertyView.h; sourceTree = "<group>"; };
		B5B392B01D407968001D30BF /* NotePropertyView.m */ = {isa = PBXFileReference; fileEncoding = 4; lastKnownFileType = sourcecode.c.objc; name = NotePropertyView.m; path = Source/NotePropertyView.m; sourceTree = "<group>"; };
		B5B797C51E213D0400AC7303 /* PictureCacheError.png */ = {isa = PBXFileReference; lastKnownFileType = image.png; name = PictureCacheError.png; path = Image/Download/PictureCacheError.png; sourceTree = "<group>"; };
		B5B797C71E213D0D00AC7303 /* PictureDownloadError.png */ = {isa = PBXFileReference; lastKnownFileType = image.png; name = PictureDownloadError.png; path = Image/Download/PictureDownloadError.png; sourceTree = "<group>"; };
		B5B9053D1D4FB0AC00DF1E24 /* AppConfig.h */ = {isa = PBXFileReference; fileEncoding = 4; lastKnownFileType = sourcecode.c.h; name = AppConfig.h; path = Source/AppConfig.h; sourceTree = "<group>"; };
		B5B9053E1D4FB0AC00DF1E24 /* AppConfig.m */ = {isa = PBXFileReference; fileEncoding = 4; lastKnownFileType = sourcecode.c.objc; name = AppConfig.m; path = Source/AppConfig.m; sourceTree = "<group>"; };
		B5B905401D4FC3E900DF1E24 /* db.json */ = {isa = PBXFileReference; fileEncoding = 4; lastKnownFileType = text.json; name = db.json; path = Source/db.json; sourceTree = "<group>"; };
		B5BF33E01DFBF3FD00624154 /* NoteArchiveViewController.h */ = {isa = PBXFileReference; fileEncoding = 4; lastKnownFileType = sourcecode.c.h; name = NoteArchiveViewController.h; path = Source/Note/NoteArchiveViewController.h; sourceTree = "<group>"; };
		B5BF33E11DFBF3FD00624154 /* NoteArchiveViewController.m */ = {isa = PBXFileReference; fileEncoding = 4; lastKnownFileType = sourcecode.c.objc; name = NoteArchiveViewController.m; path = Source/Note/NoteArchiveViewController.m; sourceTree = "<group>"; };
		B5BF33E31DFBF52B00624154 /* NoteParagraph.h */ = {isa = PBXFileReference; fileEncoding = 4; lastKnownFileType = sourcecode.c.h; name = NoteParagraph.h; path = Source/Note/NoteParagraph.h; sourceTree = "<group>"; };
		B5BF33E41DFBF52B00624154 /* NoteParagraph.m */ = {isa = PBXFileReference; fileEncoding = 4; lastKnownFileType = sourcecode.c.objc; name = NoteParagraph.m; path = Source/Note/NoteParagraph.m; sourceTree = "<group>"; };
		B5BF33E61DFC328C00624154 /* SettingNoteStyleViewController.h */ = {isa = PBXFileReference; fileEncoding = 4; lastKnownFileType = sourcecode.c.h; path = SettingNoteStyleViewController.h; sourceTree = "<group>"; };
		B5BF33E71DFC328C00624154 /* SettingNoteStyleViewController.m */ = {isa = PBXFileReference; fileEncoding = 4; lastKnownFileType = sourcecode.c.objc; path = SettingNoteStyleViewController.m; sourceTree = "<group>"; };
		B5BF33E91DFC329F00624154 /* SettingTaskModeViewController.h */ = {isa = PBXFileReference; fileEncoding = 4; lastKnownFileType = sourcecode.c.h; path = SettingTaskModeViewController.h; sourceTree = "<group>"; };
		B5BF33EA1DFC329F00624154 /* SettingTaskModeViewController.m */ = {isa = PBXFileReference; fileEncoding = 4; lastKnownFileType = sourcecode.c.objc; path = SettingTaskModeViewController.m; sourceTree = "<group>"; };
		B5BF33EC1DFC32B300624154 /* SettingAppDetailViewController.h */ = {isa = PBXFileReference; fileEncoding = 4; lastKnownFileType = sourcecode.c.h; path = SettingAppDetailViewController.h; sourceTree = "<group>"; };
		B5BF33ED1DFC32B300624154 /* SettingAppDetailViewController.m */ = {isa = PBXFileReference; fileEncoding = 4; lastKnownFileType = sourcecode.c.objc; path = SettingAppDetailViewController.m; sourceTree = "<group>"; };
		B5BF33EF1DFC33F000624154 /* NSString+Util.h */ = {isa = PBXFileReference; fileEncoding = 4; lastKnownFileType = sourcecode.c.h; path = "NSString+Util.h"; sourceTree = "<group>"; };
		B5BF33F01DFC33F000624154 /* NSString+Util.m */ = {isa = PBXFileReference; fileEncoding = 4; lastKnownFileType = sourcecode.c.objc; path = "NSString+Util.m"; sourceTree = "<group>"; };
		B5CAC3051DE2B59D0051039B /* TaskTickingViewController.h */ = {isa = PBXFileReference; fileEncoding = 4; lastKnownFileType = sourcecode.c.h; path = TaskTickingViewController.h; sourceTree = "<group>"; };
		B5CAC3061DE2B59D0051039B /* TaskTickingViewController.m */ = {isa = PBXFileReference; fileEncoding = 4; lastKnownFileType = sourcecode.c.objc; path = TaskTickingViewController.m; sourceTree = "<group>"; };
		B5CAC3091DE2EE980051039B /* GCD.h */ = {isa = PBXFileReference; fileEncoding = 4; lastKnownFileType = sourcecode.c.h; path = GCD.h; sourceTree = "<group>"; };
		B5CAC30A1DE2EE980051039B /* GCDGroup.h */ = {isa = PBXFileReference; fileEncoding = 4; lastKnownFileType = sourcecode.c.h; path = GCDGroup.h; sourceTree = "<group>"; };
		B5CAC30B1DE2EE980051039B /* GCDGroup.m */ = {isa = PBXFileReference; fileEncoding = 4; lastKnownFileType = sourcecode.c.objc; path = GCDGroup.m; sourceTree = "<group>"; };
		B5CAC30C1DE2EE980051039B /* GCDQueue.h */ = {isa = PBXFileReference; fileEncoding = 4; lastKnownFileType = sourcecode.c.h; path = GCDQueue.h; sourceTree = "<group>"; };
		B5CAC30D1DE2EE980051039B /* GCDQueue.m */ = {isa = PBXFileReference; fileEncoding = 4; lastKnownFileType = sourcecode.c.objc; path = GCDQueue.m; sourceTree = "<group>"; };
		B5CAC30E1DE2EE980051039B /* GCDSemaphore.h */ = {isa = PBXFileReference; fileEncoding = 4; lastKnownFileType = sourcecode.c.h; path = GCDSemaphore.h; sourceTree = "<group>"; };
		B5CAC30F1DE2EE980051039B /* GCDSemaphore.m */ = {isa = PBXFileReference; fileEncoding = 4; lastKnownFileType = sourcecode.c.objc; path = GCDSemaphore.m; sourceTree = "<group>"; };
		B5CAC3101DE2EE980051039B /* GCDTimer.h */ = {isa = PBXFileReference; fileEncoding = 4; lastKnownFileType = sourcecode.c.h; path = GCDTimer.h; sourceTree = "<group>"; };
		B5CAC3111DE2EE980051039B /* GCDTimer.m */ = {isa = PBXFileReference; fileEncoding = 4; lastKnownFileType = sourcecode.c.objc; path = GCDTimer.m; sourceTree = "<group>"; };
		B5CAC3161DE333FE0051039B /* SettingViewController.h */ = {isa = PBXFileReference; fileEncoding = 4; lastKnownFileType = sourcecode.c.h; path = SettingViewController.h; sourceTree = "<group>"; };
		B5CAC3171DE333FE0051039B /* SettingViewController.m */ = {isa = PBXFileReference; fileEncoding = 4; lastKnownFileType = sourcecode.c.objc; path = SettingViewController.m; sourceTree = "<group>"; };
		B5CC2B441D366B410013D236 /* color.json */ = {isa = PBXFileReference; fileEncoding = 4; lastKnownFileType = text.json; path = color.json; sourceTree = "<group>"; };
		B5D4923B1DB5C8DC00794A97 /* TaskCell.h */ = {isa = PBXFileReference; fileEncoding = 4; lastKnownFileType = sourcecode.c.h; path = TaskCell.h; sourceTree = "<group>"; };
		B5D4923C1DB5C8DC00794A97 /* TaskCell.m */ = {isa = PBXFileReference; fileEncoding = 4; lastKnownFileType = sourcecode.c.objc; path = TaskCell.m; sourceTree = "<group>"; };
		B5DC698A1E038A5300FFAC68 /* LineBackgroundView.h */ = {isa = PBXFileReference; fileEncoding = 4; lastKnownFileType = sourcecode.c.h; path = LineBackgroundView.h; sourceTree = "<group>"; };
		B5DC698B1E038A5300FFAC68 /* LineBackgroundView.m */ = {isa = PBXFileReference; fileEncoding = 4; lastKnownFileType = sourcecode.c.objc; path = LineBackgroundView.m; sourceTree = "<group>"; };
		B5DC864D1D4A57F600DCE8C8 /* TextButtonLine.h */ = {isa = PBXFileReference; fileEncoding = 4; lastKnownFileType = sourcecode.c.h; path = TextButtonLine.h; sourceTree = "<group>"; };
		B5DC864E1D4A57F600DCE8C8 /* TextButtonLine.m */ = {isa = PBXFileReference; fileEncoding = 4; lastKnownFileType = sourcecode.c.objc; path = TextButtonLine.m; sourceTree = "<group>"; };
		B5DFD8CA1E0B733100C6C720 /* LoadingPicture.png */ = {isa = PBXFileReference; lastKnownFileType = image.png; name = LoadingPicture.png; path = Image/Download/LoadingPicture.png; sourceTree = "<group>"; };
		B5E9D0A31D32815500395CF0 /* NoteCell.h */ = {isa = PBXFileReference; fileEncoding = 4; lastKnownFileType = sourcecode.c.h; name = NoteCell.h; path = Source/NoteCell.h; sourceTree = "<group>"; };
		B5E9D0A41D32815500395CF0 /* NoteCell.m */ = {isa = PBXFileReference; fileEncoding = 4; lastKnownFileType = sourcecode.c.objc; name = NoteCell.m; path = Source/NoteCell.m; sourceTree = "<group>"; };
		B5E9D0B01D33F28000395CF0 /* UIpConfig.h */ = {isa = PBXFileReference; fileEncoding = 4; lastKnownFileType = sourcecode.c.h; path = UIpConfig.h; sourceTree = "<group>"; };
		B5E9D0B11D33F28000395CF0 /* UIpConfig.m */ = {isa = PBXFileReference; fileEncoding = 4; lastKnownFileType = sourcecode.c.objc; path = UIpConfig.m; sourceTree = "<group>"; };
		B5E9D0B41D33F2FF00395CF0 /* NSLogn.h */ = {isa = PBXFileReference; fileEncoding = 4; lastKnownFileType = sourcecode.c.h; path = NSLogn.h; sourceTree = "<group>"; };
		B5E9D0B51D33F2FF00395CF0 /* NSLogn.m */ = {isa = PBXFileReference; fileEncoding = 4; lastKnownFileType = sourcecode.c.objc; path = NSLogn.m; sourceTree = "<group>"; };
		B5F24BC21C4A94370027DAB2 /* NoteTask.app */ = {isa = PBXFileReference; explicitFileType = wrapper.application; includeInIndex = 0; path = NoteTask.app; sourceTree = BUILT_PRODUCTS_DIR; };
		B5F24BC61C4A94370027DAB2 /* Info.plist */ = {isa = PBXFileReference; lastKnownFileType = text.plist.xml; path = Info.plist; sourceTree = "<group>"; };
		B5F24BC71C4A94370027DAB2 /* main.m */ = {isa = PBXFileReference; lastKnownFileType = sourcecode.c.objc; path = main.m; sourceTree = "<group>"; };
		B5F24BC91C4A94370027DAB2 /* AppDelegate.h */ = {isa = PBXFileReference; lastKnownFileType = sourcecode.c.h; path = AppDelegate.h; sourceTree = "<group>"; };
		B5F24BCA1C4A94370027DAB2 /* AppDelegate.m */ = {isa = PBXFileReference; lastKnownFileType = sourcecode.c.objc; path = AppDelegate.m; sourceTree = "<group>"; };
		B5F24BE11C4A94370027DAB2 /* NoteTask.xctest */ = {isa = PBXFileReference; explicitFileType = wrapper.cfbundle; includeInIndex = 0; path = NoteTask.xctest; sourceTree = BUILT_PRODUCTS_DIR; };
		B5F24BE61C4A94370027DAB2 /* Info.plist */ = {isa = PBXFileReference; lastKnownFileType = text.plist.xml; path = Info.plist; sourceTree = "<group>"; };
		B5F24BE71C4A94370027DAB2 /* NoteTask.m */ = {isa = PBXFileReference; lastKnownFileType = sourcecode.c.objc; path = NoteTask.m; sourceTree = "<group>"; };
		D0AD07579C14373FE62CF39A /* Pods-NoteTask.debug.xcconfig */ = {isa = PBXFileReference; includeInIndex = 1; lastKnownFileType = text.xcconfig; name = "Pods-NoteTask.debug.xcconfig"; path = "Pods/Target Support Files/Pods-NoteTask/Pods-NoteTask.debug.xcconfig"; sourceTree = "<group>"; };
		EFF321B046173F5FFC694801 /* Pods-NoteTask.release.xcconfig */ = {isa = PBXFileReference; includeInIndex = 1; lastKnownFileType = text.xcconfig; name = "Pods-NoteTask.release.xcconfig"; path = "Pods/Target Support Files/Pods-NoteTask/Pods-NoteTask.release.xcconfig"; sourceTree = "<group>"; };
/* End PBXFileReference section */

/* Begin PBXFrameworksBuildPhase section */
		B5F24BBF1C4A94370027DAB2 /* Frameworks */ = {
			isa = PBXFrameworksBuildPhase;
			buildActionMask = 2147483647;
			files = (
				06BCD40F01D9418D196B09D5 /* Pods_NoteTask.framework in Frameworks */,
			);
			runOnlyForDeploymentPostprocessing = 0;
		};
		B5F24BDE1C4A94370027DAB2 /* Frameworks */ = {
			isa = PBXFrameworksBuildPhase;
			buildActionMask = 2147483647;
			files = (
			);
			runOnlyForDeploymentPostprocessing = 0;
		};
/* End PBXFrameworksBuildPhase section */

/* Begin PBXGroup section */
		3D17B3F44C1E68A88D701E44 /* Frameworks */ = {
			isa = PBXGroup;
			children = (
				234CE8449ADEFB83A938A23D /* Pods_NoteTask.framework */,
			);
			name = Frameworks;
			sourceTree = "<group>";
		};
		5444ED3D369C9C9D3267467D /* Pods */ = {
			isa = PBXGroup;
			children = (
				D0AD07579C14373FE62CF39A /* Pods-NoteTask.debug.xcconfig */,
				EFF321B046173F5FFC694801 /* Pods-NoteTask.release.xcconfig */,
			);
			name = Pods;
			sourceTree = "<group>";
		};
		B53959291D28110400FB5408 /* Note */ = {
			isa = PBXGroup;
			children = (
				B53959241D27F55200FB5408 /* NoteViewController.h */,
				B53959251D27F55200FB5408 /* NoteViewController.m */,
				B5BF33E01DFBF3FD00624154 /* NoteArchiveViewController.h */,
				B5BF33E11DFBF3FD00624154 /* NoteArchiveViewController.m */,
				B55A83431D3DC80E00814DE3 /* NoteDetailViewController.h */,
				B55A83441D3DC80E00814DE3 /* NoteDetailViewController.m */,
				B5056A931DC8523700979758 /* NoteShareViewController.h */,
				B5056A941DC8523700979758 /* NoteShareViewController.m */,
				B5B392AC1D407678001D30BF /* NotePCustmiseViewController.h */,
				B5B392AD1D407678001D30BF /* NotePCustmiseViewController.m */,
				B5B392AF1D407968001D30BF /* NotePropertyView.h */,
				B5B392B01D407968001D30BF /* NotePropertyView.m */,
				B539592A1D28112F00FB5408 /* NoteModel.h */,
				B539592B1D28112F00FB5408 /* NoteModel.m */,
				B5BF33E31DFBF52B00624154 /* NoteParagraph.h */,
				B5BF33E41DFBF52B00624154 /* NoteParagraph.m */,
				B5E9D0A31D32815500395CF0 /* NoteCell.h */,
				B5E9D0A41D32815500395CF0 /* NoteCell.m */,
				B520931E1DC19E0E000349A5 /* NoteDetailCell.h */,
				B520931F1DC19E0E000349A5 /* NoteDetailCell.m */,
				B56632D81DAF3179006EE40A /* note.htm */,
				B5056A961DC85A9000979758 /* NoteTemplate.htm */,
				B58D5D701DF9030800133C60 /* NotePreset.json */,
			);
			name = Note;
			sourceTree = "<group>";
		};
		B5448EE31D658F3100F186BE /* YouXianMing-Animations */ = {
			isa = PBXGroup;
			children = (
				B5CAC3081DE2EE980051039B /* GCD */,
				B5448EE41D658F3100F186BE /* UI-Component */,
				B5448EFD1D658F3100F186BE /* View */,
			);
			name = "YouXianMing-Animations";
			path = "Vandor/YouXianMing-Animations";
			sourceTree = "<group>";
		};
		B5448EE41D658F3100F186BE /* UI-Component */ = {
			isa = PBXGroup;
			children = (
				B5448EE51D658F3100F186BE /* UIFont+Fonts.h */,
				B5448EE61D658F3100F186BE /* UIFont+Fonts.m */,
				B5448F0D1D65904C00F186BE /* AccessViewTagProtocol.h */,
				B5448EE71D658F3100F186BE /* UIView+AccessViewTag.h */,
				B5448EE81D658F3100F186BE /* UIView+AccessViewTag.m */,
				B5448EE91D658F3100F186BE /* UIView+AnimationPracticalMethod.h */,
				B5448EEA1D658F3100F186BE /* UIView+AnimationPracticalMethod.m */,
				B5448EEB1D658F3100F186BE /* UIView+AnimationProperty.h */,
				B5448EEC1D658F3100F186BE /* UIView+AnimationProperty.m */,
				B5448EED1D658F3100F186BE /* UIView+AnimationsListViewController.h */,
				B5448EEE1D658F3100F186BE /* UIView+AnimationsListViewController.m */,
				B5448EEF1D658F3100F186BE /* UIView+ConvenientMethod.h */,
				B5448EF01D658F3100F186BE /* UIView+ConvenientMethod.m */,
				B5448EF11D658F3100F186BE /* UIView+GlowView.h */,
				B5448EF21D658F3100F186BE /* UIView+GlowView.m */,
				B5448EF31D658F3100F186BE /* UIView+MotionEffect.h */,
				B5448EF41D658F3100F186BE /* UIView+MotionEffect.m */,
				B5448EF51D658F3100F186BE /* UIView+RotateAnimationProtocol.h */,
				B5448EF61D658F3100F186BE /* UIView+RotateAnimationProtocol.m */,
				B5448EF71D658F3100F186BE /* UIView+SetRect.h */,
				B5448EF81D658F3100F186BE /* UIView+SetRect.m */,
				B5448EF91D658F3100F186BE /* UIView+Shake.h */,
				B5448EFA1D658F3100F186BE /* UIView+Shake.m */,
				B5448EFB1D658F3100F186BE /* UIView+UserInteraction.h */,
				B5448EFC1D658F3100F186BE /* UIView+UserInteraction.m */,
				B5DC698A1E038A5300FFAC68 /* LineBackgroundView.h */,
				B5DC698B1E038A5300FFAC68 /* LineBackgroundView.m */,
			);
			path = "UI-Component";
			sourceTree = "<group>";
		};
		B5448EFD1D658F3100F186BE /* View */ = {
			isa = PBXGroup;
			children = (
				B5448EFE1D658F3100F186BE /* RangeValueView.h */,
				B5448EFF1D658F3100F186BE /* RangeValueView.m */,
			);
			path = View;
			sourceTree = "<group>";
		};
		B55A834A1D3DC83C00814DE3 /* Vandor */ = {
			isa = PBXGroup;
			children = (
				B5AB6DDA1D658E3100938B7C /* DropDownMenu */,
				B5448EE31D658F3100F186BE /* YouXianMing-Animations */,
				B562305D1DDAA747000BBB46 /* YYKit */,
			);
			name = Vandor;
			sourceTree = "<group>";
		};
		B562305D1DDAA747000BBB46 /* YYKit */ = {
			isa = PBXGroup;
			children = (
				B562305E1DDAA747000BBB46 /* YYFPSLabel.h */,
				B562305F1DDAA747000BBB46 /* YYFPSLabel.m */,
				B56230611DDAA8B2000BBB46 /* YYWeakProxy.h */,
				B56230621DDAA8B2000BBB46 /* YYWeakProxy.m */,
			);
			name = YYKit;
			path = Vandor/YYKit;
			sourceTree = "<group>";
		};
		B56428C21DAB401D00FBB1FE /* Task */ = {
			isa = PBXGroup;
			children = (
				B56428C31DAB403300FBB1FE /* TaskViewController.h */,
				B56428C41DAB403300FBB1FE /* TaskViewController.m */,
				B56428C61DAB404800FBB1FE /* TaskDetailViewController.h */,
				B56428C71DAB404800FBB1FE /* TaskDetailViewController.m */,
				B59D4FE41DE9EDC600CA3C5A /* TaskEditViewController.h */,
				B59D4FE51DE9EDC600CA3C5A /* TaskEditViewController.m */,
				B5CAC3051DE2B59D0051039B /* TaskTickingViewController.h */,
				B5CAC3061DE2B59D0051039B /* TaskTickingViewController.m */,
				B56E369A1DBE656800165050 /* TaskEditTitleViewController.h */,
				B56E369B1DBE656800165050 /* TaskEditTitleViewController.m */,
				B56E369D1DBE658700165050 /* TaskEditDurationViewController.h */,
				B56E369E1DBE658700165050 /* TaskEditDurationViewController.m */,
				B56E36A01DBE659800165050 /* TaskEditSubTaskViewController.h */,
				B56E36A11DBE659800165050 /* TaskEditSubTaskViewController.m */,
				B5056A901DC82ABC00979758 /* TaskRecordViewController.h */,
				B5056A911DC82ABC00979758 /* TaskRecordViewController.m */,
				B56428C91DAB405C00FBB1FE /* TaskModel.h */,
				B56428CA1DAB405C00FBB1FE /* TaskModel.m */,
				B5056A8A1DC82A8F00979758 /* TaskRecord.h */,
				B5056A8B1DC82A8F00979758 /* TaskRecord.m */,
				B5056A8D1DC82AA500979758 /* TaskInfoManager.h */,
				B5056A8E1DC82AA500979758 /* TaskInfoManager.m */,
				B5D4923B1DB5C8DC00794A97 /* TaskCell.h */,
				B5D4923C1DB5C8DC00794A97 /* TaskCell.m */,
				B5A6E8681DD0AB0B0062FF80 /* TaskCalendar.h */,
				B5A6E8691DD0AB0B0062FF80 /* TaskCalendar.m */,
			);
			name = Task;
			path = Source/Task;
			sourceTree = "<group>";
		};
		B564D0931C9110FD00E903B6 /* Reuse0 */ = {
			isa = PBXGroup;
			children = (
				B564D0941C9110FD00E903B6 /* Copy */,
				B564D0EB1C91681700E903B6 /* Extension */,
			);
			name = Reuse0;
			path = Reuse1;
			sourceTree = "<group>";
		};
		B564D0941C9110FD00E903B6 /* Copy */ = {
			isa = PBXGroup;
			children = (
			);
			path = Copy;
			sourceTree = "<group>";
		};
		B564D0E71C912FFA00E903B6 /* Resources */ = {
			isa = PBXGroup;
			children = (
				B564D0E81C912FFA00E903B6 /* json */,
				B56B626D1D212521005A2242 /* LaunchScreen.Storyboard */,
				B539592F1D29524700FB5408 /* NoteBackground1.png */,
				B5DFD8CA1E0B733100C6C720 /* LoadingPicture.png */,
				B5B797C51E213D0400AC7303 /* PictureCacheError.png */,
				B5B797C71E213D0D00AC7303 /* PictureDownloadError.png */,
			);
			path = Resources;
			sourceTree = "<group>";
		};
		B564D0E81C912FFA00E903B6 /* json */ = {
			isa = PBXGroup;
			children = (
				B564D0E91C912FFA00E903B6 /* note.json */,
				B5CC2B441D366B410013D236 /* color.json */,
			);
			path = json;
			sourceTree = "<group>";
		};
		B564D0EB1C91681700E903B6 /* Extension */ = {
			isa = PBXGroup;
			children = (
				B5AD77C61DD41C91000CC52D /* NSThread+Util.h */,
				B5AD77C71DD41C91000CC52D /* NSThread+Util.m */,
				B564D0EF1C91686700E903B6 /* NSObject+Util.h */,
				B564D0F01C91686700E903B6 /* NSObject+Util.m */,
				B5BF33EF1DFC33F000624154 /* NSString+Util.h */,
				B5BF33F01DFC33F000624154 /* NSString+Util.m */,
			);
			path = Extension;
			sourceTree = "<group>";
		};
		B595C25F1C7829EB0087744D /* ViewPublic */ = {
			isa = PBXGroup;
			children = (
			);
			name = ViewPublic;
			sourceTree = "<group>";
		};
		B59AB71F1D34A5A60067C4B2 /* DBData */ = {
			isa = PBXGroup;
			children = (
				B59AB7201D34A5B40067C4B2 /* DBData.h */,
				B59AB7211D34A5B40067C4B2 /* DBData.m */,
			);
			path = DBData;
			sourceTree = "<group>";
		};
		B5A6E86B1DD0DBB40062FF80 /* VSetting */ = {
			isa = PBXGroup;
			children = (
				B5CAC3161DE333FE0051039B /* SettingViewController.h */,
				B5CAC3171DE333FE0051039B /* SettingViewController.m */,
				B5BF33E61DFC328C00624154 /* SettingNoteStyleViewController.h */,
				B5BF33E71DFC328C00624154 /* SettingNoteStyleViewController.m */,
				B5BF33E91DFC329F00624154 /* SettingTaskModeViewController.h */,
				B5BF33EA1DFC329F00624154 /* SettingTaskModeViewController.m */,
				B5BF33EC1DFC32B300624154 /* SettingAppDetailViewController.h */,
				B5BF33ED1DFC32B300624154 /* SettingAppDetailViewController.m */,
			);
			name = VSetting;
			path = Source/VSetting;
			sourceTree = "<group>";
		};
		B5AB6DDA1D658E3100938B7C /* DropDownMenu */ = {
			isa = PBXGroup;
			children = (
				B5AB6DDB1D658E3100938B7C /* CLDropDownMenu.h */,
				B5AB6DDC1D658E3100938B7C /* CLDropDownMenu.m */,
				B5AB6DDD1D658E3100938B7C /* JSDropDownMenu.h */,
				B5AB6DDE1D658E3100938B7C /* JSDropDownMenu.m */,
			);
			name = DropDownMenu;
			path = Vandor/DropDownMenu;
			sourceTree = "<group>";
		};
		B5AD77CA1DD420D8000CC52D /* FrameLayout */ = {
			isa = PBXGroup;
			children = (
				B5AD77CB1DD420D8000CC52D /* FrameLayout.h */,
				B5AD77CC1DD420D8000CC52D /* FrameLayout.m */,
			);
			path = FrameLayout;
			sourceTree = "<group>";
		};
		B5B9053C1D4FB05800DF1E24 /* AppConfig */ = {
			isa = PBXGroup;
			children = (
				B5B9053D1D4FB0AC00DF1E24 /* AppConfig.h */,
				B5B9053E1D4FB0AC00DF1E24 /* AppConfig.m */,
				B5B905401D4FC3E900DF1E24 /* db.json */,
			);
			name = AppConfig;
			sourceTree = "<group>";
		};
		B5C20A3E1D20D20300CE52E4 /* Attent */ = {
			isa = PBXGroup;
			children = (
				B5B9053C1D4FB05800DF1E24 /* AppConfig */,
				B5E9D0A71D3288AD00395CF0 /* Root */,
				B53959291D28110400FB5408 /* Note */,
				B56428C21DAB401D00FBB1FE /* Task */,
				B5A6E86B1DD0DBB40062FF80 /* VSetting */,
			);
			name = Attent;
			sourceTree = "<group>";
		};
		B5CAC3081DE2EE980051039B /* GCD */ = {
			isa = PBXGroup;
			children = (
				B5CAC3091DE2EE980051039B /* GCD.h */,
				B5CAC30A1DE2EE980051039B /* GCDGroup.h */,
				B5CAC30B1DE2EE980051039B /* GCDGroup.m */,
				B5CAC30C1DE2EE980051039B /* GCDQueue.h */,
				B5CAC30D1DE2EE980051039B /* GCDQueue.m */,
				B5CAC30E1DE2EE980051039B /* GCDSemaphore.h */,
				B5CAC30F1DE2EE980051039B /* GCDSemaphore.m */,
				B5CAC3101DE2EE980051039B /* GCDTimer.h */,
				B5CAC3111DE2EE980051039B /* GCDTimer.m */,
			);
			path = GCD;
			sourceTree = "<group>";
		};
		B5DC864C1D4A57C800DCE8C8 /* View */ = {
			isa = PBXGroup;
			children = (
				B5DC864D1D4A57F600DCE8C8 /* TextButtonLine.h */,
				B5DC864E1D4A57F600DCE8C8 /* TextButtonLine.m */,
				B56632DA1DB08652006EE40A /* ButtonData.h */,
				B56632DB1DB08652006EE40A /* ButtonData.m */,
				B56632DD1DB0865E006EE40A /* PushButton.h */,
				B56632DE1DB0865E006EE40A /* PushButton.m */,
			);
			path = View;
			sourceTree = "<group>";
		};
		B5E9D0A71D3288AD00395CF0 /* Root */ = {
			isa = PBXGroup;
			children = (
				B56B62671D2124A4005A2242 /* RootViewController.h */,
				B56B62681D2124A4005A2242 /* RootViewController.m */,
				B56B62691D2124A4005A2242 /* SummaryInRoot.h */,
				B56B626A1D2124A4005A2242 /* SummaryInRoot.m */,
				B5A26BD11D22140E00B1F629 /* MenuButton.h */,
				B5A26BD21D22140E00B1F629 /* MenuButton.m */,
				B55DA66C1D67798900A2EC8B /* CustomViewController.h */,
				B55DA66D1D67798900A2EC8B /* CustomViewController.m */,
				B58DE9781D6AB302002B7697 /* ColorSelector.h */,
				B58DE9791D6AB302002B7697 /* ColorSelector.m */,
			);
			name = Root;
			sourceTree = "<group>";
		};
		B5E9D0AA1D33F09100395CF0 /* Reuse1 */ = {
			isa = PBXGroup;
			children = (
				B59AB71F1D34A5A60067C4B2 /* DBData */,
				B5E9D0B31D33F2F400395CF0 /* NSLogn */,
				B5AD77CA1DD420D8000CC52D /* FrameLayout */,
				B5E9D0AE1D33F09100395CF0 /* UIpConfig */,
				B5DC864C1D4A57C800DCE8C8 /* View */,
			);
			name = Reuse1;
			path = ../Reuse1;
			sourceTree = "<group>";
		};
		B5E9D0AE1D33F09100395CF0 /* UIpConfig */ = {
			isa = PBXGroup;
			children = (
				B5E9D0B01D33F28000395CF0 /* UIpConfig.h */,
				B5E9D0B11D33F28000395CF0 /* UIpConfig.m */,
				B59AB7241D3547E50067C4B2 /* UIpConfigDB.json */,
			);
			path = UIpConfig;
			sourceTree = "<group>";
		};
		B5E9D0B31D33F2F400395CF0 /* NSLogn */ = {
			isa = PBXGroup;
			children = (
				B5E9D0B41D33F2FF00395CF0 /* NSLogn.h */,
				B5E9D0B51D33F2FF00395CF0 /* NSLogn.m */,
			);
			path = NSLogn;
			sourceTree = "<group>";
		};
		B5F24BB91C4A94370027DAB2 = {
			isa = PBXGroup;
			children = (
				B5F24BC41C4A94370027DAB2 /* NoteTask */,
				B5E9D0AA1D33F09100395CF0 /* Reuse1 */,
				B5F24BE41C4A94370027DAB2 /* NoteTaskTests */,
				B5F24BC31C4A94370027DAB2 /* Products */,
				5444ED3D369C9C9D3267467D /* Pods */,
				3D17B3F44C1E68A88D701E44 /* Frameworks */,
			);
			sourceTree = "<group>";
		};
		B5F24BC31C4A94370027DAB2 /* Products */ = {
			isa = PBXGroup;
			children = (
				B5F24BC21C4A94370027DAB2 /* NoteTask.app */,
				B5F24BE11C4A94370027DAB2 /* NoteTask.xctest */,
			);
			name = Products;
			sourceTree = "<group>";
		};
		B5F24BC41C4A94370027DAB2 /* NoteTask */ = {
			isa = PBXGroup;
			children = (
				B564D0931C9110FD00E903B6 /* Reuse0 */,
				B595C25F1C7829EB0087744D /* ViewPublic */,
				B5C20A3E1D20D20300CE52E4 /* Attent */,
				B5F24BF41C4A9D940027DAB2 /* ViewController */,
				B5F24BC91C4A94370027DAB2 /* AppDelegate.h */,
				B5F24BCA1C4A94370027DAB2 /* AppDelegate.m */,
				B5F24BC51C4A94370027DAB2 /* Supporting Files */,
				B55A834A1D3DC83C00814DE3 /* Vandor */,
			);
			path = NoteTask;
			sourceTree = "<group>";
		};
		B5F24BC51C4A94370027DAB2 /* Supporting Files */ = {
			isa = PBXGroup;
			children = (
				B5A26BD41D22153F00B1F629 /* Images.xcassets */,
				B564D0E71C912FFA00E903B6 /* Resources */,
				B5F24BC61C4A94370027DAB2 /* Info.plist */,
				B59AB7231D35450A0067C4B2 /* PrefixHeader.pch */,
				B5F24BC71C4A94370027DAB2 /* main.m */,
			);
			name = "Supporting Files";
			sourceTree = "<group>";
		};
		B5F24BE41C4A94370027DAB2 /* NoteTaskTests */ = {
			isa = PBXGroup;
			children = (
				B5F24BE71C4A94370027DAB2 /* NoteTask.m */,
				B5F24BE51C4A94370027DAB2 /* Supporting Files */,
			);
			path = NoteTaskTests;
			sourceTree = "<group>";
		};
		B5F24BE51C4A94370027DAB2 /* Supporting Files */ = {
			isa = PBXGroup;
			children = (
				B5F24BE61C4A94370027DAB2 /* Info.plist */,
			);
			name = "Supporting Files";
			sourceTree = "<group>";
		};
		B5F24BF41C4A9D940027DAB2 /* ViewController */ = {
			isa = PBXGroup;
			children = (
			);
			name = ViewController;
			sourceTree = "<group>";
		};
/* End PBXGroup section */

/* Begin PBXNativeTarget section */
		B5F24BC11C4A94370027DAB2 /* NoteTask */ = {
			isa = PBXNativeTarget;
			buildConfigurationList = B5F24BEB1C4A94370027DAB2 /* Build configuration list for PBXNativeTarget "NoteTask" */;
			buildPhases = (
				C4A2019826A085E23D601BC8 /* 📦 Check Pods Manifest.lock */,
				B5F24BBE1C4A94370027DAB2 /* Sources */,
				B5F24BBF1C4A94370027DAB2 /* Frameworks */,
				B5F24BC01C4A94370027DAB2 /* Resources */,
				08E907240651B352124D5935 /* 📦 Embed Pods Frameworks */,
				721CDE768EEA6A52C5F8DCDD /* 📦 Copy Pods Resources */,
			);
			buildRules = (
			);
			dependencies = (
			);
			name = NoteTask;
			productName = TaskNote;
			productReference = B5F24BC21C4A94370027DAB2 /* NoteTask.app */;
			productType = "com.apple.product-type.application";
		};
		B5F24BE01C4A94370027DAB2 /* NoteTaskTests */ = {
			isa = PBXNativeTarget;
			buildConfigurationList = B5F24BEE1C4A94370027DAB2 /* Build configuration list for PBXNativeTarget "NoteTaskTests" */;
			buildPhases = (
				B5F24BDD1C4A94370027DAB2 /* Sources */,
				B5F24BDE1C4A94370027DAB2 /* Frameworks */,
				B5F24BDF1C4A94370027DAB2 /* Resources */,
			);
			buildRules = (
			);
			dependencies = (
				B5F24BE31C4A94370027DAB2 /* PBXTargetDependency */,
			);
			name = NoteTaskTests;
			productName = TaskNoteTests;
			productReference = B5F24BE11C4A94370027DAB2 /* NoteTask.xctest */;
			productType = "com.apple.product-type.bundle.unit-test";
		};
/* End PBXNativeTarget section */

/* Begin PBXProject section */
		B5F24BBA1C4A94370027DAB2 /* Project object */ = {
			isa = PBXProject;
			attributes = {
				LastUpgradeCheck = 0720;
				ORGANIZATIONNAME = Ben;
				TargetAttributes = {
					B5F24BC11C4A94370027DAB2 = {
						CreatedOnToolsVersion = 6.4;
						DevelopmentTeam = 4ELM59EN5N;
					};
					B5F24BE01C4A94370027DAB2 = {
						CreatedOnToolsVersion = 6.4;
						TestTargetID = B5F24BC11C4A94370027DAB2;
					};
				};
			};
			buildConfigurationList = B5F24BBD1C4A94370027DAB2 /* Build configuration list for PBXProject "NoteTask" */;
			compatibilityVersion = "Xcode 3.2";
			developmentRegion = English;
			hasScannedForEncodings = 0;
			knownRegions = (
				en,
				Base,
				de,
				es,
				fr,
				it,
				ja,
				ko,
				pl,
				ru,
				uk,
				"zh-Hans",
				"zh-Hant",
			);
			mainGroup = B5F24BB91C4A94370027DAB2;
			productRefGroup = B5F24BC31C4A94370027DAB2 /* Products */;
			projectDirPath = "";
			projectRoot = "";
			targets = (
				B5F24BC11C4A94370027DAB2 /* NoteTask */,
				B5F24BE01C4A94370027DAB2 /* NoteTaskTests */,
			);
		};
/* End PBXProject section */

/* Begin PBXResourcesBuildPhase section */
		B5F24BC01C4A94370027DAB2 /* Resources */ = {
			isa = PBXResourcesBuildPhase;
			buildActionMask = 2147483647;
			files = (
				B5DFD8CB1E0B733100C6C720 /* LoadingPicture.png in Resources */,
				B5A26BD51D22153F00B1F629 /* Images.xcassets in Resources */,
				B5056A971DC85A9000979758 /* NoteTemplate.htm in Resources */,
				B53959301D29524700FB5408 /* NoteBackground1.png in Resources */,
				B56B626E1D212521005A2242 /* LaunchScreen.Storyboard in Resources */,
				B5B797C81E213D0D00AC7303 /* PictureDownloadError.png in Resources */,
				B58D5D711DF9030800133C60 /* NotePreset.json in Resources */,
				B5B797C61E213D0400AC7303 /* PictureCacheError.png in Resources */,
				B59AB7251D3547E50067C4B2 /* UIpConfigDB.json in Resources */,
				B5B905411D4FC3E900DF1E24 /* db.json in Resources */,
				B564D0EA1C912FFA00E903B6 /* note.json in Resources */,
				B5CC2B451D366B410013D236 /* color.json in Resources */,
				B56632D91DAF3179006EE40A /* note.htm in Resources */,
			);
			runOnlyForDeploymentPostprocessing = 0;
		};
		B5F24BDF1C4A94370027DAB2 /* Resources */ = {
			isa = PBXResourcesBuildPhase;
			buildActionMask = 2147483647;
			files = (
			);
			runOnlyForDeploymentPostprocessing = 0;
		};
/* End PBXResourcesBuildPhase section */

/* Begin PBXShellScriptBuildPhase section */
		08E907240651B352124D5935 /* 📦 Embed Pods Frameworks */ = {
			isa = PBXShellScriptBuildPhase;
			buildActionMask = 2147483647;
			files = (
			);
			inputPaths = (
			);
			name = "📦 Embed Pods Frameworks";
			outputPaths = (
			);
			runOnlyForDeploymentPostprocessing = 0;
			shellPath = /bin/sh;
			shellScript = "\"${SRCROOT}/Pods/Target Support Files/Pods-NoteTask/Pods-NoteTask-frameworks.sh\"\n";
			showEnvVarsInLog = 0;
		};
		721CDE768EEA6A52C5F8DCDD /* 📦 Copy Pods Resources */ = {
			isa = PBXShellScriptBuildPhase;
			buildActionMask = 2147483647;
			files = (
			);
			inputPaths = (
			);
			name = "📦 Copy Pods Resources";
			outputPaths = (
			);
			runOnlyForDeploymentPostprocessing = 0;
			shellPath = /bin/sh;
			shellScript = "\"${SRCROOT}/Pods/Target Support Files/Pods-NoteTask/Pods-NoteTask-resources.sh\"\n";
			showEnvVarsInLog = 0;
		};
		C4A2019826A085E23D601BC8 /* 📦 Check Pods Manifest.lock */ = {
			isa = PBXShellScriptBuildPhase;
			buildActionMask = 2147483647;
			files = (
			);
			inputPaths = (
			);
			name = "📦 Check Pods Manifest.lock";
			outputPaths = (
			);
			runOnlyForDeploymentPostprocessing = 0;
			shellPath = /bin/sh;
			shellScript = "diff \"${PODS_ROOT}/../Podfile.lock\" \"${PODS_ROOT}/Manifest.lock\" > /dev/null\nif [[ $? != 0 ]] ; then\n    cat << EOM\nerror: The sandbox is not in sync with the Podfile.lock. Run 'pod install' or update your CocoaPods installation.\nEOM\n    exit 1\nfi\n";
			showEnvVarsInLog = 0;
		};
/* End PBXShellScriptBuildPhase section */

/* Begin PBXSourcesBuildPhase section */
		B5F24BBE1C4A94370027DAB2 /* Sources */ = {
			isa = PBXSourcesBuildPhase;
			buildActionMask = 2147483647;
			files = (
				B5056A8C1DC82A8F00979758 /* TaskRecord.m in Sources */,
				B5AB6DDF1D658E3100938B7C /* CLDropDownMenu.m in Sources */,
				B5DC698C1E038A5300FFAC68 /* LineBackgroundView.m in Sources */,
				B5448F0A1D658F3100F186BE /* UIView+Shake.m in Sources */,
				B56230631DDAA8B2000BBB46 /* YYWeakProxy.m in Sources */,
				B5BF33E21DFBF3FD00624154 /* NoteArchiveViewController.m in Sources */,
				B5B392B11D407968001D30BF /* NotePropertyView.m in Sources */,
				B5BF33E81DFC328C00624154 /* SettingNoteStyleViewController.m in Sources */,
				B5448F081D658F3100F186BE /* UIView+RotateAnimationProtocol.m in Sources */,
				B5056A8F1DC82AA500979758 /* TaskInfoManager.m in Sources */,
				B5AD77CD1DD420D8000CC52D /* FrameLayout.m in Sources */,
				B5448F051D658F3100F186BE /* UIView+ConvenientMethod.m in Sources */,
				B5B392AE1D407678001D30BF /* NotePCustmiseViewController.m in Sources */,
				B5BF33F11DFC33F000624154 /* NSString+Util.m in Sources */,
				B5056A951DC8523700979758 /* NoteShareViewController.m in Sources */,
				B52093201DC19E0E000349A5 /* NoteDetailCell.m in Sources */,
				B5448F091D658F3100F186BE /* UIView+SetRect.m in Sources */,
				B5CAC3181DE333FE0051039B /* SettingViewController.m in Sources */,
				B56428C51DAB403300FBB1FE /* TaskViewController.m in Sources */,
				B5B9053F1D4FB0AC00DF1E24 /* AppConfig.m in Sources */,
				B5448F001D658F3100F186BE /* UIFont+Fonts.m in Sources */,
				B5A6E86A1DD0AB0B0062FF80 /* TaskCalendar.m in Sources */,
				B59AB7221D34A5B40067C4B2 /* DBData.m in Sources */,
				B5CAC3131DE2EE980051039B /* GCDQueue.m in Sources */,
				B539592C1D28112F00FB5408 /* NoteModel.m in Sources */,
				B5AB6DE01D658E3100938B7C /* JSDropDownMenu.m in Sources */,
				B55DA66E1D67798900A2EC8B /* CustomViewController.m in Sources */,
				B56E369F1DBE658700165050 /* TaskEditDurationViewController.m in Sources */,
				B5CAC3121DE2EE980051039B /* GCDGroup.m in Sources */,
				B5E9D0B21D33F28000395CF0 /* UIpConfig.m in Sources */,
				B5CAC3141DE2EE980051039B /* GCDSemaphore.m in Sources */,
				B53959261D27F55200FB5408 /* NoteViewController.m in Sources */,
				B5CAC3071DE2B59D0051039B /* TaskTickingViewController.m in Sources */,
				B56428C81DAB404800FBB1FE /* TaskDetailViewController.m in Sources */,
				B56E36A21DBE659800165050 /* TaskEditSubTaskViewController.m in Sources */,
				B5BF33E51DFBF52B00624154 /* NoteParagraph.m in Sources */,
				B56B626C1D2124A4005A2242 /* SummaryInRoot.m in Sources */,
				B56632DC1DB08652006EE40A /* ButtonData.m in Sources */,
				B56230601DDAA747000BBB46 /* YYFPSLabel.m in Sources */,
				B5448F031D658F3100F186BE /* UIView+AnimationProperty.m in Sources */,
				B5056A921DC82ABC00979758 /* TaskRecordViewController.m in Sources */,
				B55A83451D3DC80E00814DE3 /* NoteDetailViewController.m in Sources */,
				B5A26BD31D22140E00B1F629 /* MenuButton.m in Sources */,
				B5F24BCB1C4A94370027DAB2 /* AppDelegate.m in Sources */,
				B56632DF1DB0865E006EE40A /* PushButton.m in Sources */,
				B56428CB1DAB405C00FBB1FE /* TaskModel.m in Sources */,
				B5448F061D658F3100F186BE /* UIView+GlowView.m in Sources */,
				B5D4923D1DB5C8DC00794A97 /* TaskCell.m in Sources */,
				B56E369C1DBE656800165050 /* TaskEditTitleViewController.m in Sources */,
				B5F24BC81C4A94370027DAB2 /* main.m in Sources */,
				B5448F0C1D658F3100F186BE /* RangeValueView.m in Sources */,
				B5BF33EE1DFC32B300624154 /* SettingAppDetailViewController.m in Sources */,
				B5448F041D658F3100F186BE /* UIView+AnimationsListViewController.m in Sources */,
				B5DC864F1D4A57F600DCE8C8 /* TextButtonLine.m in Sources */,
				B5BF33EB1DFC329F00624154 /* SettingTaskModeViewController.m in Sources */,
				B59D4FE61DE9EDC600CA3C5A /* TaskEditViewController.m in Sources */,
				B5E9D0B61D33F2FF00395CF0 /* NSLogn.m in Sources */,
				B5CAC3151DE2EE980051039B /* GCDTimer.m in Sources */,
				B5448F011D658F3100F186BE /* UIView+AccessViewTag.m in Sources */,
				B564D0F11C91686700E903B6 /* NSObject+Util.m in Sources */,
				B5448F021D658F3100F186BE /* UIView+AnimationPracticalMethod.m in Sources */,
				B5E9D0A51D32815500395CF0 /* NoteCell.m in Sources */,
				B5448F071D658F3100F186BE /* UIView+MotionEffect.m in Sources */,
				B56B626B1D2124A4005A2242 /* RootViewController.m in Sources */,
				B5AD77C91DD41C91000CC52D /* NSThread+Util.m in Sources */,
				B5448F0B1D658F3100F186BE /* UIView+UserInteraction.m in Sources */,
				B58DE97A1D6AB302002B7697 /* ColorSelector.m in Sources */,
			);
			runOnlyForDeploymentPostprocessing = 0;
		};
		B5F24BDD1C4A94370027DAB2 /* Sources */ = {
			isa = PBXSourcesBuildPhase;
			buildActionMask = 2147483647;
			files = (
				B5F24BE81C4A94370027DAB2 /* NoteTask.m in Sources */,
			);
			runOnlyForDeploymentPostprocessing = 0;
		};
/* End PBXSourcesBuildPhase section */

/* Begin PBXTargetDependency section */
		B5F24BE31C4A94370027DAB2 /* PBXTargetDependency */ = {
			isa = PBXTargetDependency;
			target = B5F24BC11C4A94370027DAB2 /* NoteTask */;
			targetProxy = B5F24BE21C4A94370027DAB2 /* PBXContainerItemProxy */;
		};
/* End PBXTargetDependency section */

/* Begin XCBuildConfiguration section */
		B5F24BE91C4A94370027DAB2 /* Debug */ = {
			isa = XCBuildConfiguration;
			buildSettings = {
				ALWAYS_SEARCH_USER_PATHS = NO;
				CLANG_CXX_LANGUAGE_STANDARD = "gnu++0x";
				CLANG_CXX_LIBRARY = "libc++";
				CLANG_ENABLE_MODULES = YES;
				CLANG_ENABLE_OBJC_ARC = YES;
				CLANG_WARN_BOOL_CONVERSION = YES;
				CLANG_WARN_CONSTANT_CONVERSION = YES;
				CLANG_WARN_DIRECT_OBJC_ISA_USAGE = YES_ERROR;
				CLANG_WARN_EMPTY_BODY = YES;
				CLANG_WARN_ENUM_CONVERSION = YES;
				CLANG_WARN_INT_CONVERSION = YES;
				CLANG_WARN_OBJC_ROOT_CLASS = YES_ERROR;
				CLANG_WARN_UNREACHABLE_CODE = YES;
				CLANG_WARN__DUPLICATE_METHOD_MATCH = YES;
				"CODE_SIGN_IDENTITY[sdk=iphoneos*]" = "iPhone Developer";
				COPY_PHASE_STRIP = NO;
				DEBUG_INFORMATION_FORMAT = "dwarf-with-dsym";
				ENABLE_STRICT_OBJC_MSGSEND = YES;
				ENABLE_TESTABILITY = YES;
				GCC_C_LANGUAGE_STANDARD = gnu99;
				GCC_DYNAMIC_NO_PIC = NO;
				GCC_NO_COMMON_BLOCKS = YES;
				GCC_OPTIMIZATION_LEVEL = 0;
				GCC_PREPROCESSOR_DEFINITIONS = (
					"DEBUG=1",
					"$(inherited)",
				);
				GCC_SYMBOLS_PRIVATE_EXTERN = NO;
				GCC_WARN_64_TO_32_BIT_CONVERSION = YES;
				GCC_WARN_ABOUT_RETURN_TYPE = YES_ERROR;
				GCC_WARN_UNDECLARED_SELECTOR = YES;
				GCC_WARN_UNINITIALIZED_AUTOS = YES_AGGRESSIVE;
				GCC_WARN_UNUSED_FUNCTION = YES;
				GCC_WARN_UNUSED_VARIABLE = YES;
				IPHONEOS_DEPLOYMENT_TARGET = 9.0;
				MTL_ENABLE_DEBUG_INFO = YES;
				ONLY_ACTIVE_ARCH = YES;
				SDKROOT = iphoneos;
			};
			name = Debug;
		};
		B5F24BEA1C4A94370027DAB2 /* Release */ = {
			isa = XCBuildConfiguration;
			buildSettings = {
				ALWAYS_SEARCH_USER_PATHS = NO;
				CLANG_CXX_LANGUAGE_STANDARD = "gnu++0x";
				CLANG_CXX_LIBRARY = "libc++";
				CLANG_ENABLE_MODULES = YES;
				CLANG_ENABLE_OBJC_ARC = YES;
				CLANG_WARN_BOOL_CONVERSION = YES;
				CLANG_WARN_CONSTANT_CONVERSION = YES;
				CLANG_WARN_DIRECT_OBJC_ISA_USAGE = YES_ERROR;
				CLANG_WARN_EMPTY_BODY = YES;
				CLANG_WARN_ENUM_CONVERSION = YES;
				CLANG_WARN_INT_CONVERSION = YES;
				CLANG_WARN_OBJC_ROOT_CLASS = YES_ERROR;
				CLANG_WARN_UNREACHABLE_CODE = YES;
				CLANG_WARN__DUPLICATE_METHOD_MATCH = YES;
				"CODE_SIGN_IDENTITY[sdk=iphoneos*]" = "iPhone Developer";
				COPY_PHASE_STRIP = NO;
				DEBUG_INFORMATION_FORMAT = "dwarf-with-dsym";
				ENABLE_NS_ASSERTIONS = NO;
				ENABLE_STRICT_OBJC_MSGSEND = YES;
				GCC_C_LANGUAGE_STANDARD = gnu99;
				GCC_NO_COMMON_BLOCKS = YES;
				GCC_WARN_64_TO_32_BIT_CONVERSION = YES;
				GCC_WARN_ABOUT_RETURN_TYPE = YES_ERROR;
				GCC_WARN_UNDECLARED_SELECTOR = YES;
				GCC_WARN_UNINITIALIZED_AUTOS = YES_AGGRESSIVE;
				GCC_WARN_UNUSED_FUNCTION = YES;
				GCC_WARN_UNUSED_VARIABLE = YES;
				IPHONEOS_DEPLOYMENT_TARGET = 9.0;
				MTL_ENABLE_DEBUG_INFO = NO;
				SDKROOT = iphoneos;
				VALIDATE_PRODUCT = YES;
			};
			name = Release;
		};
		B5F24BEC1C4A94370027DAB2 /* Debug */ = {
			isa = XCBuildConfiguration;
			baseConfigurationReference = D0AD07579C14373FE62CF39A /* Pods-NoteTask.debug.xcconfig */;
			buildSettings = {
				ASSETCATALOG_COMPILER_APPICON_NAME = AppIcon;
				CODE_SIGN_IDENTITY = "iPhone Developer";
				"CODE_SIGN_IDENTITY[sdk=iphoneos*]" = "iPhone Developer";
				COPY_HEADERS_RUN_UNIFDEF = NO;
				FRAMEWORK_SEARCH_PATHS = "$(inherited)";
				GCC_PREFIX_HEADER = NoteTask/PrefixHeader.pch;
				INFOPLIST_FILE = NoteTask/Info.plist;
				LD_RUNPATH_SEARCH_PATHS = "$(inherited) @executable_path/Frameworks";
				PRODUCT_BUNDLE_IDENTIFIER = "com.ben.$(PRODUCT_NAME:rfc1034identifier)";
				PRODUCT_NAME = NoteTask;
				PROVISIONING_PROFILE = "";
			};
			name = Debug;
		};
		B5F24BED1C4A94370027DAB2 /* Release */ = {
			isa = XCBuildConfiguration;
			baseConfigurationReference = EFF321B046173F5FFC694801 /* Pods-NoteTask.release.xcconfig */;
			buildSettings = {
				ASSETCATALOG_COMPILER_APPICON_NAME = AppIcon;
				CODE_SIGN_IDENTITY = "iPhone Developer";
				"CODE_SIGN_IDENTITY[sdk=iphoneos*]" = "iPhone Developer";
				COPY_HEADERS_RUN_UNIFDEF = NO;
				FRAMEWORK_SEARCH_PATHS = "$(inherited)";
				GCC_PREFIX_HEADER = NoteTask/PrefixHeader.pch;
				INFOPLIST_FILE = NoteTask/Info.plist;
				LD_RUNPATH_SEARCH_PATHS = "$(inherited) @executable_path/Frameworks";
				PRODUCT_BUNDLE_IDENTIFIER = "com.ben.$(PRODUCT_NAME:rfc1034identifier)";
				PRODUCT_NAME = NoteTask;
				PROVISIONING_PROFILE = "";
			};
			name = Release;
		};
		B5F24BEF1C4A94370027DAB2 /* Debug */ = {
			isa = XCBuildConfiguration;
			buildSettings = {
				BUNDLE_LOADER = "$(TEST_HOST)";
				FRAMEWORK_SEARCH_PATHS = (
					"$(SDKROOT)/Developer/Library/Frameworks",
					"$(inherited)",
				);
				GCC_PREPROCESSOR_DEFINITIONS = (
					"DEBUG=1",
					"$(inherited)",
				);
				INFOPLIST_FILE = NoteTaskTests/Info.plist;
				LD_RUNPATH_SEARCH_PATHS = "$(inherited) @executable_path/Frameworks @loader_path/Frameworks";
				PRODUCT_BUNDLE_IDENTIFIER = "com.ben.$(PRODUCT_NAME:rfc1034identifier)";
				PRODUCT_NAME = NoteTask;
				TEST_HOST = "$(BUILT_PRODUCTS_DIR)/NoteTask.app/NoteTask";
			};
			name = Debug;
		};
		B5F24BF01C4A94370027DAB2 /* Release */ = {
			isa = XCBuildConfiguration;
			buildSettings = {
				BUNDLE_LOADER = "$(TEST_HOST)";
				FRAMEWORK_SEARCH_PATHS = (
					"$(SDKROOT)/Developer/Library/Frameworks",
					"$(inherited)",
				);
				INFOPLIST_FILE = NoteTaskTests/Info.plist;
				LD_RUNPATH_SEARCH_PATHS = "$(inherited) @executable_path/Frameworks @loader_path/Frameworks";
				PRODUCT_BUNDLE_IDENTIFIER = "com.ben.$(PRODUCT_NAME:rfc1034identifier)";
				PRODUCT_NAME = NoteTask;
				TEST_HOST = "$(BUILT_PRODUCTS_DIR)/NoteTask.app/NoteTask";
			};
			name = Release;
		};
/* End XCBuildConfiguration section */

/* Begin XCConfigurationList section */
		B5F24BBD1C4A94370027DAB2 /* Build configuration list for PBXProject "NoteTask" */ = {
			isa = XCConfigurationList;
			buildConfigurations = (
				B5F24BE91C4A94370027DAB2 /* Debug */,
				B5F24BEA1C4A94370027DAB2 /* Release */,
			);
			defaultConfigurationIsVisible = 0;
			defaultConfigurationName = Release;
		};
		B5F24BEB1C4A94370027DAB2 /* Build configuration list for PBXNativeTarget "NoteTask" */ = {
			isa = XCConfigurationList;
			buildConfigurations = (
				B5F24BEC1C4A94370027DAB2 /* Debug */,
				B5F24BED1C4A94370027DAB2 /* Release */,
			);
			defaultConfigurationIsVisible = 0;
			defaultConfigurationName = Release;
		};
		B5F24BEE1C4A94370027DAB2 /* Build configuration list for PBXNativeTarget "NoteTaskTests" */ = {
			isa = XCConfigurationList;
			buildConfigurations = (
				B5F24BEF1C4A94370027DAB2 /* Debug */,
				B5F24BF01C4A94370027DAB2 /* Release */,
			);
			defaultConfigurationIsVisible = 0;
			defaultConfigurationName = Release;
		};
/* End XCConfigurationList section */
	};
	rootObject = B5F24BBA1C4A94370027DAB2 /* Project object */;
}
